// !$*UTF8*$!
{
	archiveVersion = 1;
	classes = {
	};
	objectVersion = 46;
	objects = {

/* Begin PBXBuildFile section */
		021A0A3222BFF49900479AFC /* ReservedCoupon.swift in Sources */ = {isa = PBXBuildFile; fileRef = 021A0A3122BFF49900479AFC /* ReservedCoupon.swift */; };
		021A0A3422BFF73D00479AFC /* UsedCoupon.swift in Sources */ = {isa = PBXBuildFile; fileRef = 021A0A3322BFF73D00479AFC /* UsedCoupon.swift */; };
		021A0A3622C00C0100479AFC /* ReservedViewCell.swift in Sources */ = {isa = PBXBuildFile; fileRef = 021A0A3522C00C0100479AFC /* ReservedViewCell.swift */; };
		021A0A3822C00D1700479AFC /* UsedViewCell.swift in Sources */ = {isa = PBXBuildFile; fileRef = 021A0A3722C00D1700479AFC /* UsedViewCell.swift */; };
		021A0A3A22C0119E00479AFC /* UsedViewCell.xib in Resources */ = {isa = PBXBuildFile; fileRef = 021A0A3922C0119E00479AFC /* UsedViewCell.xib */; };
		021A0A3C22C011D200479AFC /* ReservedViewCell.xib in Resources */ = {isa = PBXBuildFile; fileRef = 021A0A3B22C011D200479AFC /* ReservedViewCell.xib */; };
		21110BC7228843DF00D982E5 /* CopounsRecieved.storyboard in Resources */ = {isa = PBXBuildFile; fileRef = 21110BC6228843DF00D982E5 /* CopounsRecieved.storyboard */; };
		21110BCB2288444500D982E5 /* CouponsDonated.storyboard in Resources */ = {isa = PBXBuildFile; fileRef = 21110BCA2288444500D982E5 /* CouponsDonated.storyboard */; };
		211378A72284F16A0056E5C7 /* AllCouponTableViewCell.swift in Sources */ = {isa = PBXBuildFile; fileRef = 211378A62284F16A0056E5C7 /* AllCouponTableViewCell.swift */; };
		211644A9228C49E5009AA2BB /* UserDao.swift in Sources */ = {isa = PBXBuildFile; fileRef = 211644A8228C49E5009AA2BB /* UserDao.swift */; };
		211644AB228C4A6C009AA2BB /* Et3amAPI.swift in Sources */ = {isa = PBXBuildFile; fileRef = 211644AA228C4A6C009AA2BB /* Et3amAPI.swift */; };
		2117FBDF229CC03F0099DE05 /* UserHelper.swift in Sources */ = {isa = PBXBuildFile; fileRef = 2117FBDE229CC03F0099DE05 /* UserHelper.swift */; };
		2117FBE2229D49000099DE05 /* UIViewController.swift in Sources */ = {isa = PBXBuildFile; fileRef = 2117FBE1229D49000099DE05 /* UIViewController.swift */; };
		2117FBE4229D5D150099DE05 /* UIView.swift in Sources */ = {isa = PBXBuildFile; fileRef = 2117FBE3229D5D150099DE05 /* UIView.swift */; };
		2160DCF722BF9CA20079CF55 /* ResetPassword.storyboard in Resources */ = {isa = PBXBuildFile; fileRef = 2160DCF622BF9CA20079CF55 /* ResetPassword.storyboard */; };
		2160DCF922BFB21A0079CF55 /* RegisterandLoginViewController.swift in Sources */ = {isa = PBXBuildFile; fileRef = 2160DCF822BFB2190079CF55 /* RegisterandLoginViewController.swift */; };
		2160DCFB22BFB2240079CF55 /* RegisterAndLogin.storyboard in Resources */ = {isa = PBXBuildFile; fileRef = 2160DCFA22BFB2240079CF55 /* RegisterAndLogin.storyboard */; };
		21725FB122BE76D4005FB4AB /* ResetPasswordViewController.swift in Sources */ = {isa = PBXBuildFile; fileRef = 21725FB022BE76D4005FB4AB /* ResetPasswordViewController.swift */; };
		2189265822A0028300BD7404 /* DonateViewController.swift in Sources */ = {isa = PBXBuildFile; fileRef = 2189265722A0028300BD7404 /* DonateViewController.swift */; };
		2189265C22A00FCA00BD7404 /* CuoponsTabBarController.swift in Sources */ = {isa = PBXBuildFile; fileRef = 2189265B22A00FCA00BD7404 /* CuoponsTabBarController.swift */; };
		21B6E8F6229C1D350067C5F4 /* CouponDao.swift in Sources */ = {isa = PBXBuildFile; fileRef = 21B6E8F5229C1D350067C5F4 /* CouponDao.swift */; };
		21DC260B22BFEC5800D55C62 /* GenerationNewPasswordViewController.swift in Sources */ = {isa = PBXBuildFile; fileRef = 21DC260A22BFEC5800D55C62 /* GenerationNewPasswordViewController.swift */; };
		21E8F21822A3ED960070F223 /* RecievedViewController.swift in Sources */ = {isa = PBXBuildFile; fileRef = 21E8F21722A3ED960070F223 /* RecievedViewController.swift */; };
		21E8F21F22A3F2020070F223 /* CouponCollectionViewCell.swift in Sources */ = {isa = PBXBuildFile; fileRef = 21E8F21D22A3F2020070F223 /* CouponCollectionViewCell.swift */; };
		21E8F22022A3F2020070F223 /* CouponCollectionViewCell.xib in Resources */ = {isa = PBXBuildFile; fileRef = 21E8F21E22A3F2020070F223 /* CouponCollectionViewCell.xib */; };
		830BE78722BA4CEA00F50699 /* RestaurantInfo.storyboard in Resources */ = {isa = PBXBuildFile; fileRef = 830BE78622BA4CEA00F50699 /* RestaurantInfo.storyboard */; };
		830BE78C22BA4D2000F50699 /* GetCouponViewController.swift in Sources */ = {isa = PBXBuildFile; fileRef = 830BE78822BA4D2000F50699 /* GetCouponViewController.swift */; };
		830BE78D22BA4D2000F50699 /* MealCell.swift in Sources */ = {isa = PBXBuildFile; fileRef = 830BE78922BA4D2000F50699 /* MealCell.swift */; };
		830BE78E22BA4D2000F50699 /* RestaurantDetailsCell.swift in Sources */ = {isa = PBXBuildFile; fileRef = 830BE78A22BA4D2000F50699 /* RestaurantDetailsCell.swift */; };
		830BE78F22BA4D2000F50699 /* RestaurantDetailsViewController.swift in Sources */ = {isa = PBXBuildFile; fileRef = 830BE78B22BA4D2000F50699 /* RestaurantDetailsViewController.swift */; };
		8F97F34A28B2889B14749CDF /* Pods_Et3amTests.framework in Frameworks */ = {isa = PBXBuildFile; fileRef = 5B2B04E14B268BE19AA18B5F /* Pods_Et3amTests.framework */; };
		B7D38E57E8811864E2E01BFA /* Pods_Et3amUITests.framework in Frameworks */ = {isa = PBXBuildFile; fileRef = 03C870E401F2CB162131A79B /* Pods_Et3amUITests.framework */; };
		C7EE519B2AC1E41C3A64F79D /* Pods_Et3am.framework in Frameworks */ = {isa = PBXBuildFile; fileRef = 693E598950506D287CF64D8D /* Pods_Et3am.framework */; };
		CC06D76B229553E30072D3C8 /* RestaurantDao.swift in Sources */ = {isa = PBXBuildFile; fileRef = CC06D76A229553E30072D3C8 /* RestaurantDao.swift */; };
		E2029CE822836B6D007BA6A1 /* AppDelegate.swift in Sources */ = {isa = PBXBuildFile; fileRef = E2029CE722836B6D007BA6A1 /* AppDelegate.swift */; };
		E2029CED22836B6D007BA6A1 /* RestaurantsList.storyboard in Resources */ = {isa = PBXBuildFile; fileRef = E2029CEB22836B6D007BA6A1 /* RestaurantsList.storyboard */; };
		E2029CF022836B6D007BA6A1 /* Et3am.xcdatamodeld in Sources */ = {isa = PBXBuildFile; fileRef = E2029CEE22836B6D007BA6A1 /* Et3am.xcdatamodeld */; };
		E2029CF222836B6D007BA6A1 /* Assets.xcassets in Resources */ = {isa = PBXBuildFile; fileRef = E2029CF122836B6D007BA6A1 /* Assets.xcassets */; };
		E2029CF522836B6D007BA6A1 /* LaunchScreen.storyboard in Resources */ = {isa = PBXBuildFile; fileRef = E2029CF322836B6D007BA6A1 /* LaunchScreen.storyboard */; };
		E2029D0022836B6E007BA6A1 /* Et3amTests.swift in Sources */ = {isa = PBXBuildFile; fileRef = E2029CFF22836B6E007BA6A1 /* Et3amTests.swift */; };
		E2029D0B22836B6E007BA6A1 /* Et3amUITests.swift in Sources */ = {isa = PBXBuildFile; fileRef = E2029D0A22836B6E007BA6A1 /* Et3amUITests.swift */; };
		E207D8CF22BB9F320014ECC6 /* UILabel.swift in Sources */ = {isa = PBXBuildFile; fileRef = E207D8CE22BB9F320014ECC6 /* UILabel.swift */; };
		E20D2192229D49DF00110D5D /* ChangePasswordViewController.swift in Sources */ = {isa = PBXBuildFile; fileRef = E20D2191229D49DF00110D5D /* ChangePasswordViewController.swift */; };
		E20E07262299DEA300FEC852 /* UserProfileViewController.swift in Sources */ = {isa = PBXBuildFile; fileRef = E20E07252299DEA300FEC852 /* UserProfileViewController.swift */; };
		E210689622BEBD6D00A9AD4F /* RoundedImageView.swift in Sources */ = {isa = PBXBuildFile; fileRef = E210689522BEBD6D00A9AD4F /* RoundedImageView.swift */; };
		E210689922BEC67000A9AD4F /* LandingViewController.swift in Sources */ = {isa = PBXBuildFile; fileRef = E210689822BEC67000A9AD4F /* LandingViewController.swift */; };
		E210689B22BEC6AD00A9AD4F /* Landing.storyboard in Resources */ = {isa = PBXBuildFile; fileRef = E210689A22BEC6AD00A9AD4F /* Landing.storyboard */; };
		E21A104022BA8B6500824B50 /* VerificationViewController.swift in Sources */ = {isa = PBXBuildFile; fileRef = E21A103F22BA8B6500824B50 /* VerificationViewController.swift */; };
		E2512CC62285DAD900D8E0F7 /* UserProfile.storyboard in Resources */ = {isa = PBXBuildFile; fileRef = E2512CC32285DAD900D8E0F7 /* UserProfile.storyboard */; };
		E25C3FBE22CB6405004DB1E0 /* UIColor.swift in Sources */ = {isa = PBXBuildFile; fileRef = E25C3FBD22CB6404004DB1E0 /* UIColor.swift */; };
		E2603FF422D0D7AC00CC9E08 /* InquiryLayer.swift in Sources */ = {isa = PBXBuildFile; fileRef = E2603FF322D0D7AC00CC9E08 /* InquiryLayer.swift */; };
		E280CC4C22B81C7D00E32CE1 /* SignInView.swift in Sources */ = {isa = PBXBuildFile; fileRef = E280CC4822B81C7D00E32CE1 /* SignInView.swift */; };
		E280CC4D22B81C7D00E32CE1 /* SignUpView.swift in Sources */ = {isa = PBXBuildFile; fileRef = E280CC4922B81C7D00E32CE1 /* SignUpView.swift */; };
		E280CC4F22B8215600E32CE1 /* Donate.storyboard in Resources */ = {isa = PBXBuildFile; fileRef = E280CC4E22B8215600E32CE1 /* Donate.storyboard */; };
		E280CC5122B83FC600E32CE1 /* ImageAPI.swift in Sources */ = {isa = PBXBuildFile; fileRef = E280CC5022B83FC600E32CE1 /* ImageAPI.swift */; };
		E286CF0B22CCEFD300C2C024 /* SendFeedbackVC.swift in Sources */ = {isa = PBXBuildFile; fileRef = E286CF0A22CCEFD300C2C024 /* SendFeedbackVC.swift */; };
		E28FFCAA22D00A1600DD9C96 /* FeedbackSuccess.xib in Resources */ = {isa = PBXBuildFile; fileRef = E28FFCA922D00A1500DD9C96 /* FeedbackSuccess.xib */; };
		E28FFCAC22D0101D00DD9C96 /* FeedbackSuccessView.swift in Sources */ = {isa = PBXBuildFile; fileRef = E28FFCAB22D0101D00DD9C96 /* FeedbackSuccessView.swift */; };
		E2D6DE0622BD1B330042AD22 /* RoundedButton.swift in Sources */ = {isa = PBXBuildFile; fileRef = E2D6DE0522BD1B330042AD22 /* RoundedButton.swift */; };
		E2D9A7EC22BFAE5500132C09 /* UserSummary.swift in Sources */ = {isa = PBXBuildFile; fileRef = E2D9A7EB22BFAE5500132C09 /* UserSummary.swift */; };
		E2F11B9D2288D49D0031ABCC /* Admin.swift in Sources */ = {isa = PBXBuildFile; fileRef = E2F11B972288D49C0031ABCC /* Admin.swift */; };
		E2F11B9E2288D49D0031ABCC /* Coupon.swift in Sources */ = {isa = PBXBuildFile; fileRef = E2F11B982288D49C0031ABCC /* Coupon.swift */; };
		E2F11BA02288D49D0031ABCC /* Meal.swift in Sources */ = {isa = PBXBuildFile; fileRef = E2F11B9A2288D49C0031ABCC /* Meal.swift */; };
		E2F11BA12288D49D0031ABCC /* Restaurant.swift in Sources */ = {isa = PBXBuildFile; fileRef = E2F11B9B2288D49C0031ABCC /* Restaurant.swift */; };
		E2F11BA22288D49D0031ABCC /* User.swift in Sources */ = {isa = PBXBuildFile; fileRef = E2F11B9C2288D49D0031ABCC /* User.swift */; };
		F11A6EE922C029D6008FE559 /* UITableView.swift in Sources */ = {isa = PBXBuildFile; fileRef = F11A6EE822C029D6008FE559 /* UITableView.swift */; };
		F1261FC4229EA607005CB7AD /* ExtensionRestaurantListVC.swift in Sources */ = {isa = PBXBuildFile; fileRef = F1261FC3229EA607005CB7AD /* ExtensionRestaurantListVC.swift */; };
		F13F051322B68DCB000F090A /* PublishCouponViewCell.swift in Sources */ = {isa = PBXBuildFile; fileRef = F13F051122B68DCB000F090A /* PublishCouponViewCell.swift */; };
		F13F051422B68DCB000F090A /* PublishCouponViewCell.xib in Resources */ = {isa = PBXBuildFile; fileRef = F13F051222B68DCB000F090A /* PublishCouponViewCell.xib */; };
		F17C3FD1229D3850005A449E /* CoreLocation.framework in Frameworks */ = {isa = PBXBuildFile; fileRef = F17C3FD0229D3850005A449E /* CoreLocation.framework */; };
		F17C3FD3229D44CD005A449E /* RestaurantsListVC.swift in Sources */ = {isa = PBXBuildFile; fileRef = F17C3FD2229D44CD005A449E /* RestaurantsListVC.swift */; };
		F17C3FD5229D45CE005A449E /* RestaurantCell.swift in Sources */ = {isa = PBXBuildFile; fileRef = F17C3FD4229D45CE005A449E /* RestaurantCell.swift */; };
		F1A7CE4422BE477400491C58 /* ATableViewController.swift in Sources */ = {isa = PBXBuildFile; fileRef = F1A7CE4322BE477400491C58 /* ATableViewController.swift */; };
		F1A7CE4922BE47E100491C58 /* ATableViewCell.swift in Sources */ = {isa = PBXBuildFile; fileRef = F1A7CE4722BE47E100491C58 /* ATableViewCell.swift */; };
		F1A7CE4A22BE47E100491C58 /* ATableViewCell.xib in Resources */ = {isa = PBXBuildFile; fileRef = F1A7CE4822BE47E100491C58 /* ATableViewCell.xib */; };
/* End PBXBuildFile section */

/* Begin PBXContainerItemProxy section */
		E2029CFC22836B6E007BA6A1 /* PBXContainerItemProxy */ = {
			isa = PBXContainerItemProxy;
			containerPortal = E2029CDC22836B6C007BA6A1 /* Project object */;
			proxyType = 1;
			remoteGlobalIDString = E2029CE322836B6C007BA6A1;
			remoteInfo = Et3am;
		};
		E2029D0722836B6E007BA6A1 /* PBXContainerItemProxy */ = {
			isa = PBXContainerItemProxy;
			containerPortal = E2029CDC22836B6C007BA6A1 /* Project object */;
			proxyType = 1;
			remoteGlobalIDString = E2029CE322836B6C007BA6A1;
			remoteInfo = Et3am;
		};
/* End PBXContainerItemProxy section */

/* Begin PBXFileReference section */
		021A0A3122BFF49900479AFC /* ReservedCoupon.swift */ = {isa = PBXFileReference; fileEncoding = 4; lastKnownFileType = sourcecode.swift; name = ReservedCoupon.swift; path = model/ReservedCoupon.swift; sourceTree = "<group>"; };
		021A0A3322BFF73D00479AFC /* UsedCoupon.swift */ = {isa = PBXFileReference; fileEncoding = 4; lastKnownFileType = sourcecode.swift; name = UsedCoupon.swift; path = model/UsedCoupon.swift; sourceTree = "<group>"; };
		021A0A3522C00C0100479AFC /* ReservedViewCell.swift */ = {isa = PBXFileReference; fileEncoding = 4; lastKnownFileType = sourcecode.swift; name = ReservedViewCell.swift; path = controller/ReservedViewCell.swift; sourceTree = "<group>"; };
		021A0A3722C00D1700479AFC /* UsedViewCell.swift */ = {isa = PBXFileReference; fileEncoding = 4; lastKnownFileType = sourcecode.swift; name = UsedViewCell.swift; path = controller/UsedViewCell.swift; sourceTree = "<group>"; };
		021A0A3922C0119E00479AFC /* UsedViewCell.xib */ = {isa = PBXFileReference; fileEncoding = 4; lastKnownFileType = file.xib; name = UsedViewCell.xib; path = controller/UsedViewCell.xib; sourceTree = "<group>"; };
		021A0A3B22C011D200479AFC /* ReservedViewCell.xib */ = {isa = PBXFileReference; fileEncoding = 4; lastKnownFileType = file.xib; name = ReservedViewCell.xib; path = controller/ReservedViewCell.xib; sourceTree = "<group>"; };
		03C870E401F2CB162131A79B /* Pods_Et3amUITests.framework */ = {isa = PBXFileReference; explicitFileType = wrapper.framework; includeInIndex = 0; path = Pods_Et3amUITests.framework; sourceTree = BUILT_PRODUCTS_DIR; };
		21110BC6228843DF00D982E5 /* CopounsRecieved.storyboard */ = {isa = PBXFileReference; fileEncoding = 4; lastKnownFileType = file.storyboard; name = CopounsRecieved.storyboard; path = view/CopounsRecieved.storyboard; sourceTree = "<group>"; };
		21110BCA2288444500D982E5 /* CouponsDonated.storyboard */ = {isa = PBXFileReference; fileEncoding = 4; lastKnownFileType = file.storyboard; name = CouponsDonated.storyboard; path = view/CouponsDonated.storyboard; sourceTree = "<group>"; };
		211378A62284F16A0056E5C7 /* AllCouponTableViewCell.swift */ = {isa = PBXFileReference; fileEncoding = 4; lastKnownFileType = sourcecode.swift; name = AllCouponTableViewCell.swift; path = controller/AllCouponTableViewCell.swift; sourceTree = "<group>"; };
		211644A8228C49E5009AA2BB /* UserDao.swift */ = {isa = PBXFileReference; fileEncoding = 4; lastKnownFileType = sourcecode.swift; path = UserDao.swift; sourceTree = "<group>"; };
		211644AA228C4A6C009AA2BB /* Et3amAPI.swift */ = {isa = PBXFileReference; fileEncoding = 4; lastKnownFileType = sourcecode.swift; path = Et3amAPI.swift; sourceTree = "<group>"; };
		2117FBDE229CC03F0099DE05 /* UserHelper.swift */ = {isa = PBXFileReference; fileEncoding = 4; lastKnownFileType = sourcecode.swift; path = UserHelper.swift; sourceTree = "<group>"; };
		2117FBE1229D49000099DE05 /* UIViewController.swift */ = {isa = PBXFileReference; fileEncoding = 4; lastKnownFileType = sourcecode.swift; path = UIViewController.swift; sourceTree = "<group>"; };
		2117FBE3229D5D150099DE05 /* UIView.swift */ = {isa = PBXFileReference; fileEncoding = 4; lastKnownFileType = sourcecode.swift; path = UIView.swift; sourceTree = "<group>"; };
		2160DCF622BF9CA20079CF55 /* ResetPassword.storyboard */ = {isa = PBXFileReference; fileEncoding = 4; lastKnownFileType = file.storyboard; path = ResetPassword.storyboard; sourceTree = "<group>"; };
		2160DCF822BFB2190079CF55 /* RegisterandLoginViewController.swift */ = {isa = PBXFileReference; fileEncoding = 4; lastKnownFileType = sourcecode.swift; path = RegisterandLoginViewController.swift; sourceTree = "<group>"; };
		2160DCFA22BFB2240079CF55 /* RegisterAndLogin.storyboard */ = {isa = PBXFileReference; fileEncoding = 4; lastKnownFileType = file.storyboard; path = RegisterAndLogin.storyboard; sourceTree = "<group>"; };
		21725FB022BE76D4005FB4AB /* ResetPasswordViewController.swift */ = {isa = PBXFileReference; fileEncoding = 4; lastKnownFileType = sourcecode.swift; path = ResetPasswordViewController.swift; sourceTree = "<group>"; };
		2189265722A0028300BD7404 /* DonateViewController.swift */ = {isa = PBXFileReference; fileEncoding = 4; lastKnownFileType = sourcecode.swift; name = DonateViewController.swift; path = controller/DonateViewController.swift; sourceTree = "<group>"; };
		2189265B22A00FCA00BD7404 /* CuoponsTabBarController.swift */ = {isa = PBXFileReference; fileEncoding = 4; lastKnownFileType = sourcecode.swift; path = CuoponsTabBarController.swift; sourceTree = "<group>"; };
		21B6E8F5229C1D350067C5F4 /* CouponDao.swift */ = {isa = PBXFileReference; fileEncoding = 4; lastKnownFileType = sourcecode.swift; path = CouponDao.swift; sourceTree = "<group>"; };
		21DC260A22BFEC5800D55C62 /* GenerationNewPasswordViewController.swift */ = {isa = PBXFileReference; fileEncoding = 4; lastKnownFileType = sourcecode.swift; path = GenerationNewPasswordViewController.swift; sourceTree = "<group>"; };
		21E8F21722A3ED960070F223 /* RecievedViewController.swift */ = {isa = PBXFileReference; fileEncoding = 4; lastKnownFileType = sourcecode.swift; path = RecievedViewController.swift; sourceTree = "<group>"; };
		21E8F21D22A3F2020070F223 /* CouponCollectionViewCell.swift */ = {isa = PBXFileReference; fileEncoding = 4; lastKnownFileType = sourcecode.swift; path = CouponCollectionViewCell.swift; sourceTree = "<group>"; };
		21E8F21E22A3F2020070F223 /* CouponCollectionViewCell.xib */ = {isa = PBXFileReference; fileEncoding = 4; lastKnownFileType = file.xib; path = CouponCollectionViewCell.xib; sourceTree = "<group>"; };
		2964356AE08F41DE5941CC48 /* Pods-Et3amUITests.debug.xcconfig */ = {isa = PBXFileReference; includeInIndex = 1; lastKnownFileType = text.xcconfig; name = "Pods-Et3amUITests.debug.xcconfig"; path = "Target Support Files/Pods-Et3amUITests/Pods-Et3amUITests.debug.xcconfig"; sourceTree = "<group>"; };
		594CCC07588F84D16ABEFC13 /* Pods-Et3am.release.xcconfig */ = {isa = PBXFileReference; includeInIndex = 1; lastKnownFileType = text.xcconfig; name = "Pods-Et3am.release.xcconfig"; path = "Target Support Files/Pods-Et3am/Pods-Et3am.release.xcconfig"; sourceTree = "<group>"; };
		5B2B04E14B268BE19AA18B5F /* Pods_Et3amTests.framework */ = {isa = PBXFileReference; explicitFileType = wrapper.framework; includeInIndex = 0; path = Pods_Et3amTests.framework; sourceTree = BUILT_PRODUCTS_DIR; };
		693E598950506D287CF64D8D /* Pods_Et3am.framework */ = {isa = PBXFileReference; explicitFileType = wrapper.framework; includeInIndex = 0; path = Pods_Et3am.framework; sourceTree = BUILT_PRODUCTS_DIR; };
		830BE78622BA4CEA00F50699 /* RestaurantInfo.storyboard */ = {isa = PBXFileReference; fileEncoding = 4; lastKnownFileType = file.storyboard; path = RestaurantInfo.storyboard; sourceTree = "<group>"; };
		830BE78822BA4D2000F50699 /* GetCouponViewController.swift */ = {isa = PBXFileReference; fileEncoding = 4; lastKnownFileType = sourcecode.swift; path = GetCouponViewController.swift; sourceTree = "<group>"; };
		830BE78922BA4D2000F50699 /* MealCell.swift */ = {isa = PBXFileReference; fileEncoding = 4; lastKnownFileType = sourcecode.swift; path = MealCell.swift; sourceTree = "<group>"; };
		830BE78A22BA4D2000F50699 /* RestaurantDetailsCell.swift */ = {isa = PBXFileReference; fileEncoding = 4; lastKnownFileType = sourcecode.swift; path = RestaurantDetailsCell.swift; sourceTree = "<group>"; };
		830BE78B22BA4D2000F50699 /* RestaurantDetailsViewController.swift */ = {isa = PBXFileReference; fileEncoding = 4; lastKnownFileType = sourcecode.swift; path = RestaurantDetailsViewController.swift; sourceTree = "<group>"; };
		9BE64D471C0E7CBFCB70569C /* Pods-Et3amTests.debug.xcconfig */ = {isa = PBXFileReference; includeInIndex = 1; lastKnownFileType = text.xcconfig; name = "Pods-Et3amTests.debug.xcconfig"; path = "Target Support Files/Pods-Et3amTests/Pods-Et3amTests.debug.xcconfig"; sourceTree = "<group>"; };
		C96F7DDC362390058818DD45 /* Pods-Et3amUITests.release.xcconfig */ = {isa = PBXFileReference; includeInIndex = 1; lastKnownFileType = text.xcconfig; name = "Pods-Et3amUITests.release.xcconfig"; path = "Target Support Files/Pods-Et3amUITests/Pods-Et3amUITests.release.xcconfig"; sourceTree = "<group>"; };
		CA559F458049617FA7D4534A /* Pods-Et3amTests.release.xcconfig */ = {isa = PBXFileReference; includeInIndex = 1; lastKnownFileType = text.xcconfig; name = "Pods-Et3amTests.release.xcconfig"; path = "Target Support Files/Pods-Et3amTests/Pods-Et3amTests.release.xcconfig"; sourceTree = "<group>"; };
		CC06D76A229553E30072D3C8 /* RestaurantDao.swift */ = {isa = PBXFileReference; fileEncoding = 4; lastKnownFileType = sourcecode.swift; path = RestaurantDao.swift; sourceTree = "<group>"; };
		D0408BBCF587B0F4830C0B02 /* Pods-Et3am.debug.xcconfig */ = {isa = PBXFileReference; includeInIndex = 1; lastKnownFileType = text.xcconfig; name = "Pods-Et3am.debug.xcconfig"; path = "Target Support Files/Pods-Et3am/Pods-Et3am.debug.xcconfig"; sourceTree = "<group>"; };
		E2029CE422836B6D007BA6A1 /* Et3am.app */ = {isa = PBXFileReference; explicitFileType = wrapper.application; includeInIndex = 0; path = Et3am.app; sourceTree = BUILT_PRODUCTS_DIR; };
		E2029CE722836B6D007BA6A1 /* AppDelegate.swift */ = {isa = PBXFileReference; lastKnownFileType = sourcecode.swift; path = AppDelegate.swift; sourceTree = "<group>"; };
		E2029CEC22836B6D007BA6A1 /* Base */ = {isa = PBXFileReference; lastKnownFileType = file.storyboard; name = Base; path = Base.lproj/RestaurantsList.storyboard; sourceTree = "<group>"; };
		E2029CEF22836B6D007BA6A1 /* Et3am.xcdatamodel */ = {isa = PBXFileReference; lastKnownFileType = wrapper.xcdatamodel; path = Et3am.xcdatamodel; sourceTree = "<group>"; };
		E2029CF122836B6D007BA6A1 /* Assets.xcassets */ = {isa = PBXFileReference; lastKnownFileType = folder.assetcatalog; path = Assets.xcassets; sourceTree = "<group>"; };
		E2029CF422836B6D007BA6A1 /* Base */ = {isa = PBXFileReference; lastKnownFileType = file.storyboard; name = Base; path = Base.lproj/LaunchScreen.storyboard; sourceTree = "<group>"; };
		E2029CF622836B6D007BA6A1 /* Info.plist */ = {isa = PBXFileReference; lastKnownFileType = text.plist.xml; path = Info.plist; sourceTree = "<group>"; };
		E2029CFB22836B6E007BA6A1 /* Et3amTests.xctest */ = {isa = PBXFileReference; explicitFileType = wrapper.cfbundle; includeInIndex = 0; path = Et3amTests.xctest; sourceTree = BUILT_PRODUCTS_DIR; };
		E2029CFF22836B6E007BA6A1 /* Et3amTests.swift */ = {isa = PBXFileReference; lastKnownFileType = sourcecode.swift; path = Et3amTests.swift; sourceTree = "<group>"; };
		E2029D0122836B6E007BA6A1 /* Info.plist */ = {isa = PBXFileReference; lastKnownFileType = text.plist.xml; path = Info.plist; sourceTree = "<group>"; };
		E2029D0622836B6E007BA6A1 /* Et3amUITests.xctest */ = {isa = PBXFileReference; explicitFileType = wrapper.cfbundle; includeInIndex = 0; path = Et3amUITests.xctest; sourceTree = BUILT_PRODUCTS_DIR; };
		E2029D0A22836B6E007BA6A1 /* Et3amUITests.swift */ = {isa = PBXFileReference; lastKnownFileType = sourcecode.swift; path = Et3amUITests.swift; sourceTree = "<group>"; };
		E2029D0C22836B6E007BA6A1 /* Info.plist */ = {isa = PBXFileReference; lastKnownFileType = text.plist.xml; path = Info.plist; sourceTree = "<group>"; };
		E207D8CE22BB9F320014ECC6 /* UILabel.swift */ = {isa = PBXFileReference; fileEncoding = 4; lastKnownFileType = sourcecode.swift; path = UILabel.swift; sourceTree = "<group>"; };
		E20D2191229D49DF00110D5D /* ChangePasswordViewController.swift */ = {isa = PBXFileReference; fileEncoding = 4; lastKnownFileType = sourcecode.swift; name = ChangePasswordViewController.swift; path = controller/ChangePasswordViewController.swift; sourceTree = "<group>"; };
		E20E07252299DEA300FEC852 /* UserProfileViewController.swift */ = {isa = PBXFileReference; fileEncoding = 4; lastKnownFileType = sourcecode.swift; name = UserProfileViewController.swift; path = controller/UserProfileViewController.swift; sourceTree = "<group>"; };
		E210689522BEBD6D00A9AD4F /* RoundedImageView.swift */ = {isa = PBXFileReference; fileEncoding = 4; lastKnownFileType = sourcecode.swift; name = RoundedImageView.swift; path = view/RoundedImageView.swift; sourceTree = "<group>"; };
		E210689822BEC67000A9AD4F /* LandingViewController.swift */ = {isa = PBXFileReference; fileEncoding = 4; lastKnownFileType = sourcecode.swift; name = LandingViewController.swift; path = controller/LandingViewController.swift; sourceTree = "<group>"; };
		E210689A22BEC6AD00A9AD4F /* Landing.storyboard */ = {isa = PBXFileReference; fileEncoding = 4; lastKnownFileType = file.storyboard; name = Landing.storyboard; path = view/Landing.storyboard; sourceTree = "<group>"; };
		E21A103F22BA8B6500824B50 /* VerificationViewController.swift */ = {isa = PBXFileReference; fileEncoding = 4; lastKnownFileType = sourcecode.swift; name = VerificationViewController.swift; path = controller/VerificationViewController.swift; sourceTree = "<group>"; };
		E2512CC32285DAD900D8E0F7 /* UserProfile.storyboard */ = {isa = PBXFileReference; fileEncoding = 4; lastKnownFileType = file.storyboard; name = UserProfile.storyboard; path = view/UserProfile.storyboard; sourceTree = "<group>"; };
		E25C3FBD22CB6404004DB1E0 /* UIColor.swift */ = {isa = PBXFileReference; fileEncoding = 4; lastKnownFileType = sourcecode.swift; name = UIColor.swift; path = Extension/UIColor.swift; sourceTree = "<group>"; };
		E2603FF322D0D7AC00CC9E08 /* InquiryLayer.swift */ = {isa = PBXFileReference; fileEncoding = 4; lastKnownFileType = sourcecode.swift; path = InquiryLayer.swift; sourceTree = "<group>"; };
		E280CC4822B81C7D00E32CE1 /* SignInView.swift */ = {isa = PBXFileReference; fileEncoding = 4; lastKnownFileType = sourcecode.swift; path = SignInView.swift; sourceTree = "<group>"; };
		E280CC4922B81C7D00E32CE1 /* SignUpView.swift */ = {isa = PBXFileReference; fileEncoding = 4; lastKnownFileType = sourcecode.swift; path = SignUpView.swift; sourceTree = "<group>"; };
		E280CC4E22B8215600E32CE1 /* Donate.storyboard */ = {isa = PBXFileReference; fileEncoding = 4; lastKnownFileType = file.storyboard; path = Donate.storyboard; sourceTree = "<group>"; };
		E280CC5022B83FC600E32CE1 /* ImageAPI.swift */ = {isa = PBXFileReference; fileEncoding = 4; lastKnownFileType = sourcecode.swift; name = ImageAPI.swift; path = model/ImageAPI.swift; sourceTree = "<group>"; };
		E286CF0A22CCEFD300C2C024 /* SendFeedbackVC.swift */ = {isa = PBXFileReference; fileEncoding = 4; lastKnownFileType = sourcecode.swift; name = SendFeedbackVC.swift; path = controller/SendFeedbackVC.swift; sourceTree = "<group>"; };
		E28FFCA922D00A1500DD9C96 /* FeedbackSuccess.xib */ = {isa = PBXFileReference; fileEncoding = 4; lastKnownFileType = file.xib; name = FeedbackSuccess.xib; path = view/FeedbackSuccess.xib; sourceTree = "<group>"; };
		E28FFCAB22D0101D00DD9C96 /* FeedbackSuccessView.swift */ = {isa = PBXFileReference; fileEncoding = 4; lastKnownFileType = sourcecode.swift; name = FeedbackSuccessView.swift; path = view/FeedbackSuccessView.swift; sourceTree = "<group>"; };
		E2D6DE0522BD1B330042AD22 /* RoundedButton.swift */ = {isa = PBXFileReference; fileEncoding = 4; lastKnownFileType = sourcecode.swift; path = RoundedButton.swift; sourceTree = "<group>"; };
		E2D9A7EB22BFAE5500132C09 /* UserSummary.swift */ = {isa = PBXFileReference; fileEncoding = 4; lastKnownFileType = sourcecode.swift; name = UserSummary.swift; path = model/UserSummary.swift; sourceTree = "<group>"; };
		E2F11B972288D49C0031ABCC /* Admin.swift */ = {isa = PBXFileReference; fileEncoding = 4; lastKnownFileType = sourcecode.swift; name = Admin.swift; path = model/Admin.swift; sourceTree = "<group>"; };
		E2F11B982288D49C0031ABCC /* Coupon.swift */ = {isa = PBXFileReference; fileEncoding = 4; lastKnownFileType = sourcecode.swift; name = Coupon.swift; path = model/Coupon.swift; sourceTree = "<group>"; };
		E2F11B992288D49C0031ABCC /* Fakka.swift */ = {isa = PBXFileReference; fileEncoding = 4; lastKnownFileType = sourcecode.swift; name = Fakka.swift; path = model/Fakka.swift; sourceTree = "<group>"; };
		E2F11B9A2288D49C0031ABCC /* Meal.swift */ = {isa = PBXFileReference; fileEncoding = 4; lastKnownFileType = sourcecode.swift; name = Meal.swift; path = model/Meal.swift; sourceTree = "<group>"; };
		E2F11B9B2288D49C0031ABCC /* Restaurant.swift */ = {isa = PBXFileReference; fileEncoding = 4; lastKnownFileType = sourcecode.swift; name = Restaurant.swift; path = model/Restaurant.swift; sourceTree = "<group>"; };
		E2F11B9C2288D49D0031ABCC /* User.swift */ = {isa = PBXFileReference; fileEncoding = 4; lastKnownFileType = sourcecode.swift; name = User.swift; path = model/User.swift; sourceTree = "<group>"; };
		F11A6EE822C029D6008FE559 /* UITableView.swift */ = {isa = PBXFileReference; fileEncoding = 4; lastKnownFileType = sourcecode.swift; path = UITableView.swift; sourceTree = "<group>"; };
		F1261FC3229EA607005CB7AD /* ExtensionRestaurantListVC.swift */ = {isa = PBXFileReference; fileEncoding = 4; lastKnownFileType = sourcecode.swift; name = ExtensionRestaurantListVC.swift; path = controller/ExtensionRestaurantListVC.swift; sourceTree = "<group>"; };
		F13F051122B68DCB000F090A /* PublishCouponViewCell.swift */ = {isa = PBXFileReference; fileEncoding = 4; lastKnownFileType = sourcecode.swift; name = PublishCouponViewCell.swift; path = view/PublishCouponViewCell.swift; sourceTree = "<group>"; };
		F13F051222B68DCB000F090A /* PublishCouponViewCell.xib */ = {isa = PBXFileReference; fileEncoding = 4; lastKnownFileType = file.xib; name = PublishCouponViewCell.xib; path = view/PublishCouponViewCell.xib; sourceTree = "<group>"; };
		F17C3FD0229D3850005A449E /* CoreLocation.framework */ = {isa = PBXFileReference; lastKnownFileType = wrapper.framework; name = CoreLocation.framework; path = System/Library/Frameworks/CoreLocation.framework; sourceTree = SDKROOT; };
		F17C3FD2229D44CD005A449E /* RestaurantsListVC.swift */ = {isa = PBXFileReference; fileEncoding = 4; lastKnownFileType = sourcecode.swift; name = RestaurantsListVC.swift; path = controller/RestaurantsListVC.swift; sourceTree = "<group>"; };
		F17C3FD4229D45CE005A449E /* RestaurantCell.swift */ = {isa = PBXFileReference; fileEncoding = 4; lastKnownFileType = sourcecode.swift; name = RestaurantCell.swift; path = controller/RestaurantCell.swift; sourceTree = "<group>"; };
		F1A7CE4322BE477400491C58 /* ATableViewController.swift */ = {isa = PBXFileReference; fileEncoding = 4; lastKnownFileType = sourcecode.swift; path = ATableViewController.swift; sourceTree = "<group>"; };
		F1A7CE4722BE47E100491C58 /* ATableViewCell.swift */ = {isa = PBXFileReference; fileEncoding = 4; lastKnownFileType = sourcecode.swift; path = ATableViewCell.swift; sourceTree = "<group>"; };
		F1A7CE4822BE47E100491C58 /* ATableViewCell.xib */ = {isa = PBXFileReference; fileEncoding = 4; lastKnownFileType = file.xib; path = ATableViewCell.xib; sourceTree = "<group>"; };
		F1D35E2D22B7BAEE007CD846 /* DesignableFile.swift */ = {isa = PBXFileReference; fileEncoding = 4; lastKnownFileType = sourcecode.swift; name = DesignableFile.swift; path = view/DesignableFile.swift; sourceTree = "<group>"; };
/* End PBXFileReference section */

/* Begin PBXFrameworksBuildPhase section */
		E2029CE122836B6C007BA6A1 /* Frameworks */ = {
			isa = PBXFrameworksBuildPhase;
			buildActionMask = 2147483647;
			files = (
				F17C3FD1229D3850005A449E /* CoreLocation.framework in Frameworks */,
				C7EE519B2AC1E41C3A64F79D /* Pods_Et3am.framework in Frameworks */,
			);
			runOnlyForDeploymentPostprocessing = 0;
		};
		E2029CF822836B6E007BA6A1 /* Frameworks */ = {
			isa = PBXFrameworksBuildPhase;
			buildActionMask = 2147483647;
			files = (
				8F97F34A28B2889B14749CDF /* Pods_Et3amTests.framework in Frameworks */,
			);
			runOnlyForDeploymentPostprocessing = 0;
		};
		E2029D0322836B6E007BA6A1 /* Frameworks */ = {
			isa = PBXFrameworksBuildPhase;
			buildActionMask = 2147483647;
			files = (
				B7D38E57E8811864E2E01BFA /* Pods_Et3amUITests.framework in Frameworks */,
			);
			runOnlyForDeploymentPostprocessing = 0;
		};
/* End PBXFrameworksBuildPhase section */

/* Begin PBXGroup section */
		211644A7228C490C009AA2BB /* Network Layer */ = {
			isa = PBXGroup;
			children = (
				211644AA228C4A6C009AA2BB /* Et3amAPI.swift */,
				211644A8228C49E5009AA2BB /* UserDao.swift */,
				CC06D76A229553E30072D3C8 /* RestaurantDao.swift */,
				21B6E8F5229C1D350067C5F4 /* CouponDao.swift */,
				2117FBDE229CC03F0099DE05 /* UserHelper.swift */,
				E280CC5022B83FC600E32CE1 /* ImageAPI.swift */,
				E2603FF322D0D7AC00CC9E08 /* InquiryLayer.swift */,
			);
			name = "Network Layer";
			sourceTree = "<group>";
		};
		2117FBE0229D48B80099DE05 /* Extension */ = {
			isa = PBXGroup;
			children = (
				F1D35E2D22B7BAEE007CD846 /* DesignableFile.swift */,
				2117FBE1229D49000099DE05 /* UIViewController.swift */,
				2117FBE3229D5D150099DE05 /* UIView.swift */,
				E207D8CE22BB9F320014ECC6 /* UILabel.swift */,
				E2D6DE0522BD1B330042AD22 /* RoundedButton.swift */,
				E210689522BEBD6D00A9AD4F /* RoundedImageView.swift */,
				F11A6EE822C029D6008FE559 /* UITableView.swift */,
				E25C3FBD22CB6404004DB1E0 /* UIColor.swift */,
			);
			name = Extension;
			sourceTree = "<group>";
		};
		44B6F25BBA14F8E184940AFD /* Pods */ = {
			isa = PBXGroup;
			children = (
				D0408BBCF587B0F4830C0B02 /* Pods-Et3am.debug.xcconfig */,
				594CCC07588F84D16ABEFC13 /* Pods-Et3am.release.xcconfig */,
				9BE64D471C0E7CBFCB70569C /* Pods-Et3amTests.debug.xcconfig */,
				CA559F458049617FA7D4534A /* Pods-Et3amTests.release.xcconfig */,
				2964356AE08F41DE5941CC48 /* Pods-Et3amUITests.debug.xcconfig */,
				C96F7DDC362390058818DD45 /* Pods-Et3amUITests.release.xcconfig */,
			);
			path = Pods;
			sourceTree = "<group>";
		};
		72E0C1BC5518452B36546A4B /* Frameworks */ = {
			isa = PBXGroup;
			children = (
				F17C3FD0229D3850005A449E /* CoreLocation.framework */,
				693E598950506D287CF64D8D /* Pods_Et3am.framework */,
				5B2B04E14B268BE19AA18B5F /* Pods_Et3amTests.framework */,
				03C870E401F2CB162131A79B /* Pods_Et3amUITests.framework */,
			);
			name = Frameworks;
			sourceTree = "<group>";
		};
		A24FE2AB2287691B00E7C03A /* DTO */ = {
			isa = PBXGroup;
			children = (
				E2F11B972288D49C0031ABCC /* Admin.swift */,
				E2F11B982288D49C0031ABCC /* Coupon.swift */,
				E2F11B992288D49C0031ABCC /* Fakka.swift */,
				E2F11B9A2288D49C0031ABCC /* Meal.swift */,
				E2F11B9B2288D49C0031ABCC /* Restaurant.swift */,
				E2F11B9C2288D49D0031ABCC /* User.swift */,
				E2D9A7EB22BFAE5500132C09 /* UserSummary.swift */,
				021A0A3122BFF49900479AFC /* ReservedCoupon.swift */,
				021A0A3322BFF73D00479AFC /* UsedCoupon.swift */,
			);
			name = DTO;
			sourceTree = "<group>";
		};
		E2029CDB22836B6C007BA6A1 = {
			isa = PBXGroup;
			children = (
				E2029CE622836B6D007BA6A1 /* Et3am */,
				E2029CFE22836B6E007BA6A1 /* Et3amTests */,
				E2029D0922836B6E007BA6A1 /* Et3amUITests */,
				E2029CE522836B6D007BA6A1 /* Products */,
				44B6F25BBA14F8E184940AFD /* Pods */,
				72E0C1BC5518452B36546A4B /* Frameworks */,
			);
			sourceTree = "<group>";
		};
		E2029CE522836B6D007BA6A1 /* Products */ = {
			isa = PBXGroup;
			children = (
				E2029CE422836B6D007BA6A1 /* Et3am.app */,
				E2029CFB22836B6E007BA6A1 /* Et3amTests.xctest */,
				E2029D0622836B6E007BA6A1 /* Et3amUITests.xctest */,
			);
			name = Products;
			sourceTree = "<group>";
		};
		E2029CE622836B6D007BA6A1 /* Et3am */ = {
			isa = PBXGroup;
			children = (
				E2029D192283750C007BA6A1 /* Model */,
				E2029D1822837503007BA6A1 /* Controller */,
				E27E3B42228C877200BF5DC2 /* SupportingFiles */,
			);
			path = Et3am;
			sourceTree = "<group>";
		};
		E2029CFE22836B6E007BA6A1 /* Et3amTests */ = {
			isa = PBXGroup;
			children = (
				E2029CFF22836B6E007BA6A1 /* Et3amTests.swift */,
				E2029D0122836B6E007BA6A1 /* Info.plist */,
			);
			path = Et3amTests;
			sourceTree = "<group>";
		};
		E2029D0922836B6E007BA6A1 /* Et3amUITests */ = {
			isa = PBXGroup;
			children = (
				E2029D0A22836B6E007BA6A1 /* Et3amUITests.swift */,
				E2029D0C22836B6E007BA6A1 /* Info.plist */,
			);
			path = Et3amUITests;
			sourceTree = "<group>";
		};
		E2029D1822837503007BA6A1 /* Controller */ = {
			isa = PBXGroup;
			children = (
				2117FBE0229D48B80099DE05 /* Extension */,
				E210689722BEC64400A9AD4F /* Landing */,
				E21DAF9F229BEBFE00129F7D /* LaunchScreen */,
				E21DAF9E229BEA1000129F7D /* RestaurantList */,
				E2680028229AB8A2003EF0CC /* RegisterLoginScreen */,
				E20E07272299DEB300FEC852 /* UserProfile */,
				E268002A229AB939003EF0CC /* Donate */,
				E2680029229AB8FC003EF0CC /* CouponsReceived */,
				E20EF90B229B410D0093970D /* CouponsDonated */,
				E20EF90A229B40F50093970D /* RestaurantDetails */,
			);
			name = Controller;
			sourceTree = "<group>";
		};
		E2029D192283750C007BA6A1 /* Model */ = {
			isa = PBXGroup;
			children = (
				E22585D52298BD27006D7A08 /* Data Layer */,
				211644A7228C490C009AA2BB /* Network Layer */,
				A24FE2AB2287691B00E7C03A /* DTO */,
			);
			name = Model;
			sourceTree = "<group>";
		};
		E20E07272299DEB300FEC852 /* UserProfile */ = {
			isa = PBXGroup;
			children = (
				E20E07252299DEA300FEC852 /* UserProfileViewController.swift */,
				E2512CC32285DAD900D8E0F7 /* UserProfile.storyboard */,
				E20D2191229D49DF00110D5D /* ChangePasswordViewController.swift */,
				E21A103F22BA8B6500824B50 /* VerificationViewController.swift */,
			);
			name = UserProfile;
			sourceTree = "<group>";
		};
		E20EF90A229B40F50093970D /* RestaurantDetails */ = {
			isa = PBXGroup;
			children = (
				830BE78922BA4D2000F50699 /* MealCell.swift */,
				830BE78822BA4D2000F50699 /* GetCouponViewController.swift */,
				830BE78A22BA4D2000F50699 /* RestaurantDetailsCell.swift */,
				830BE78B22BA4D2000F50699 /* RestaurantDetailsViewController.swift */,
				830BE78622BA4CEA00F50699 /* RestaurantInfo.storyboard */,
			);
			name = RestaurantDetails;
			sourceTree = "<group>";
		};
		E20EF90B229B410D0093970D /* CouponsDonated */ = {
			isa = PBXGroup;
			children = (
				2189265B22A00FCA00BD7404 /* CuoponsTabBarController.swift */,
				F13F051122B68DCB000F090A /* PublishCouponViewCell.swift */,
				211378A62284F16A0056E5C7 /* AllCouponTableViewCell.swift */,
				F1A7CE4322BE477400491C58 /* ATableViewController.swift */,
				F1A7CE4722BE47E100491C58 /* ATableViewCell.swift */,
				021A0A3522C00C0100479AFC /* ReservedViewCell.swift */,
				021A0A3722C00D1700479AFC /* UsedViewCell.swift */,
				21110BCA2288444500D982E5 /* CouponsDonated.storyboard */,
				F13F051222B68DCB000F090A /* PublishCouponViewCell.xib */,
				F1A7CE4822BE47E100491C58 /* ATableViewCell.xib */,
				021A0A3922C0119E00479AFC /* UsedViewCell.xib */,
				021A0A3B22C011D200479AFC /* ReservedViewCell.xib */,
			);
			name = CouponsDonated;
			sourceTree = "<group>";
		};
		E210689722BEC64400A9AD4F /* Landing */ = {
			isa = PBXGroup;
			children = (
				E210689822BEC67000A9AD4F /* LandingViewController.swift */,
				E210689A22BEC6AD00A9AD4F /* Landing.storyboard */,
				E286CF0A22CCEFD300C2C024 /* SendFeedbackVC.swift */,
				E28FFCA922D00A1500DD9C96 /* FeedbackSuccess.xib */,
				E28FFCAB22D0101D00DD9C96 /* FeedbackSuccessView.swift */,
			);
			name = Landing;
			sourceTree = "<group>";
		};
		E21DAF9E229BEA1000129F7D /* RestaurantList */ = {
			isa = PBXGroup;
			children = (
				E2029CEB22836B6D007BA6A1 /* RestaurantsList.storyboard */,
				F17C3FD2229D44CD005A449E /* RestaurantsListVC.swift */,
				F17C3FD4229D45CE005A449E /* RestaurantCell.swift */,
				F1261FC3229EA607005CB7AD /* ExtensionRestaurantListVC.swift */,
			);
			name = RestaurantList;
			sourceTree = "<group>";
		};
		E21DAF9F229BEBFE00129F7D /* LaunchScreen */ = {
			isa = PBXGroup;
			children = (
				E2029CF322836B6D007BA6A1 /* LaunchScreen.storyboard */,
			);
			name = LaunchScreen;
			sourceTree = "<group>";
		};
		E22585D52298BD27006D7A08 /* Data Layer */ = {
			isa = PBXGroup;
			children = (
			);
			name = "Data Layer";
			sourceTree = "<group>";
		};
		E2680028229AB8A2003EF0CC /* RegisterLoginScreen */ = {
			isa = PBXGroup;
			children = (
				2160DCF822BFB2190079CF55 /* RegisterandLoginViewController.swift */,
				2160DCFA22BFB2240079CF55 /* RegisterAndLogin.storyboard */,
				E280CC4822B81C7D00E32CE1 /* SignInView.swift */,
				E280CC4922B81C7D00E32CE1 /* SignUpView.swift */,
				21725FB022BE76D4005FB4AB /* ResetPasswordViewController.swift */,
				2160DCF622BF9CA20079CF55 /* ResetPassword.storyboard */,
				21DC260A22BFEC5800D55C62 /* GenerationNewPasswordViewController.swift */,
			);
			name = RegisterLoginScreen;
			sourceTree = "<group>";
		};
		E2680029229AB8FC003EF0CC /* CouponsReceived */ = {
			isa = PBXGroup;
			children = (
				21110BC6228843DF00D982E5 /* CopounsRecieved.storyboard */,
				21E8F21722A3ED960070F223 /* RecievedViewController.swift */,
				21E8F21D22A3F2020070F223 /* CouponCollectionViewCell.swift */,
				21E8F21E22A3F2020070F223 /* CouponCollectionViewCell.xib */,
			);
			name = CouponsReceived;
			sourceTree = "<group>";
		};
		E268002A229AB939003EF0CC /* Donate */ = {
			isa = PBXGroup;
			children = (
				E280CC4E22B8215600E32CE1 /* Donate.storyboard */,
				2189265722A0028300BD7404 /* DonateViewController.swift */,
			);
			name = Donate;
			sourceTree = "<group>";
		};
		E27E3B42228C877200BF5DC2 /* SupportingFiles */ = {
			isa = PBXGroup;
			children = (
				E2029CE722836B6D007BA6A1 /* AppDelegate.swift */,
				E2029CF122836B6D007BA6A1 /* Assets.xcassets */,
				E2029CEE22836B6D007BA6A1 /* Et3am.xcdatamodeld */,
				E2029CF622836B6D007BA6A1 /* Info.plist */,
			);
			name = SupportingFiles;
			sourceTree = "<group>";
		};
/* End PBXGroup section */

/* Begin PBXNativeTarget section */
		E2029CE322836B6C007BA6A1 /* Et3am */ = {
			isa = PBXNativeTarget;
			buildConfigurationList = E2029D0F22836B6E007BA6A1 /* Build configuration list for PBXNativeTarget "Et3am" */;
			buildPhases = (
				CCD4544D7EB00341533FF775 /* [CP] Check Pods Manifest.lock */,
				E2029CE022836B6C007BA6A1 /* Sources */,
				E2029CE122836B6C007BA6A1 /* Frameworks */,
				E2029CE222836B6C007BA6A1 /* Resources */,
				4E5DA03AD8B9AA5376169EFD /* [CP] Embed Pods Frameworks */,
			);
			buildRules = (
			);
			dependencies = (
			);
			name = Et3am;
			productName = Et3am;
			productReference = E2029CE422836B6D007BA6A1 /* Et3am.app */;
			productType = "com.apple.product-type.application";
		};
		E2029CFA22836B6E007BA6A1 /* Et3amTests */ = {
			isa = PBXNativeTarget;
			buildConfigurationList = E2029D1222836B6E007BA6A1 /* Build configuration list for PBXNativeTarget "Et3amTests" */;
			buildPhases = (
				08EFEECFDC2C3A719387B4E6 /* [CP] Check Pods Manifest.lock */,
				E2029CF722836B6E007BA6A1 /* Sources */,
				E2029CF822836B6E007BA6A1 /* Frameworks */,
				E2029CF922836B6E007BA6A1 /* Resources */,
			);
			buildRules = (
			);
			dependencies = (
				E2029CFD22836B6E007BA6A1 /* PBXTargetDependency */,
			);
			name = Et3amTests;
			productName = Et3amTests;
			productReference = E2029CFB22836B6E007BA6A1 /* Et3amTests.xctest */;
			productType = "com.apple.product-type.bundle.unit-test";
		};
		E2029D0522836B6E007BA6A1 /* Et3amUITests */ = {
			isa = PBXNativeTarget;
			buildConfigurationList = E2029D1522836B6E007BA6A1 /* Build configuration list for PBXNativeTarget "Et3amUITests" */;
			buildPhases = (
				D24F746CF0FC37C63CF4AF03 /* [CP] Check Pods Manifest.lock */,
				E2029D0222836B6E007BA6A1 /* Sources */,
				E2029D0322836B6E007BA6A1 /* Frameworks */,
				E2029D0422836B6E007BA6A1 /* Resources */,
			);
			buildRules = (
			);
			dependencies = (
				E2029D0822836B6E007BA6A1 /* PBXTargetDependency */,
			);
			name = Et3amUITests;
			productName = Et3amUITests;
			productReference = E2029D0622836B6E007BA6A1 /* Et3amUITests.xctest */;
			productType = "com.apple.product-type.bundle.ui-testing";
		};
/* End PBXNativeTarget section */

/* Begin PBXProject section */
		E2029CDC22836B6C007BA6A1 /* Project object */ = {
			isa = PBXProject;
			attributes = {
				LastSwiftUpdateCheck = 0820;
				LastUpgradeCheck = 0820;
				ORGANIZATIONNAME = "Ahmed M. Hassan";
				TargetAttributes = {
					E2029CE322836B6C007BA6A1 = {
						CreatedOnToolsVersion = 8.2.1;
						DevelopmentTeam = JUUZV79G5F;
						ProvisioningStyle = Automatic;
					};
					E2029CFA22836B6E007BA6A1 = {
						CreatedOnToolsVersion = 8.2.1;
						ProvisioningStyle = Automatic;
						TestTargetID = E2029CE322836B6C007BA6A1;
					};
					E2029D0522836B6E007BA6A1 = {
						CreatedOnToolsVersion = 8.2.1;
						ProvisioningStyle = Automatic;
						TestTargetID = E2029CE322836B6C007BA6A1;
					};
				};
			};
			buildConfigurationList = E2029CDF22836B6C007BA6A1 /* Build configuration list for PBXProject "Et3am" */;
			compatibilityVersion = "Xcode 3.2";
			developmentRegion = English;
			hasScannedForEncodings = 0;
			knownRegions = (
				en,
				Base,
			);
			mainGroup = E2029CDB22836B6C007BA6A1;
			productRefGroup = E2029CE522836B6D007BA6A1 /* Products */;
			projectDirPath = "";
			projectRoot = "";
			targets = (
				E2029CE322836B6C007BA6A1 /* Et3am */,
				E2029CFA22836B6E007BA6A1 /* Et3amTests */,
				E2029D0522836B6E007BA6A1 /* Et3amUITests */,
			);
		};
/* End PBXProject section */

/* Begin PBXResourcesBuildPhase section */
		E2029CE222836B6C007BA6A1 /* Resources */ = {
			isa = PBXResourcesBuildPhase;
			buildActionMask = 2147483647;
			files = (
				E2029CF522836B6D007BA6A1 /* LaunchScreen.storyboard in Resources */,
				E28FFCAA22D00A1600DD9C96 /* FeedbackSuccess.xib in Resources */,
				E2029CF222836B6D007BA6A1 /* Assets.xcassets in Resources */,
				2160DCF722BF9CA20079CF55 /* ResetPassword.storyboard in Resources */,
				21110BCB2288444500D982E5 /* CouponsDonated.storyboard in Resources */,
				E210689B22BEC6AD00A9AD4F /* Landing.storyboard in Resources */,
				E2029CED22836B6D007BA6A1 /* RestaurantsList.storyboard in Resources */,
				830BE78722BA4CEA00F50699 /* RestaurantInfo.storyboard in Resources */,
				F13F051422B68DCB000F090A /* PublishCouponViewCell.xib in Resources */,
				21E8F22022A3F2020070F223 /* CouponCollectionViewCell.xib in Resources */,
				021A0A3A22C0119E00479AFC /* UsedViewCell.xib in Resources */,
				021A0A3C22C011D200479AFC /* ReservedViewCell.xib in Resources */,
				E280CC4F22B8215600E32CE1 /* Donate.storyboard in Resources */,
				F1A7CE4A22BE47E100491C58 /* ATableViewCell.xib in Resources */,
				2160DCFB22BFB2240079CF55 /* RegisterAndLogin.storyboard in Resources */,
				E2512CC62285DAD900D8E0F7 /* UserProfile.storyboard in Resources */,
				21110BC7228843DF00D982E5 /* CopounsRecieved.storyboard in Resources */,
			);
			runOnlyForDeploymentPostprocessing = 0;
		};
		E2029CF922836B6E007BA6A1 /* Resources */ = {
			isa = PBXResourcesBuildPhase;
			buildActionMask = 2147483647;
			files = (
			);
			runOnlyForDeploymentPostprocessing = 0;
		};
		E2029D0422836B6E007BA6A1 /* Resources */ = {
			isa = PBXResourcesBuildPhase;
			buildActionMask = 2147483647;
			files = (
			);
			runOnlyForDeploymentPostprocessing = 0;
		};
/* End PBXResourcesBuildPhase section */

/* Begin PBXShellScriptBuildPhase section */
		08EFEECFDC2C3A719387B4E6 /* [CP] Check Pods Manifest.lock */ = {
			isa = PBXShellScriptBuildPhase;
			buildActionMask = 2147483647;
			files = (
			);
			inputPaths = (
				"${PODS_PODFILE_DIR_PATH}/Podfile.lock",
				"${PODS_ROOT}/Manifest.lock",
			);
			name = "[CP] Check Pods Manifest.lock";
			outputPaths = (
				"$(DERIVED_FILE_DIR)/Pods-Et3amTests-checkManifestLockResult.txt",
			);
			runOnlyForDeploymentPostprocessing = 0;
			shellPath = /bin/sh;
			shellScript = "diff \"${PODS_PODFILE_DIR_PATH}/Podfile.lock\" \"${PODS_ROOT}/Manifest.lock\" > /dev/null\nif [ $? != 0 ] ; then\n    # print error to STDERR\n    echo \"error: The sandbox is not in sync with the Podfile.lock. Run 'pod install' or update your CocoaPods installation.\" >&2\n    exit 1\nfi\n# This output is used by Xcode 'outputs' to avoid re-running this script phase.\necho \"SUCCESS\" > \"${SCRIPT_OUTPUT_FILE_0}\"\n";
			showEnvVarsInLog = 0;
		};
		4E5DA03AD8B9AA5376169EFD /* [CP] Embed Pods Frameworks */ = {
			isa = PBXShellScriptBuildPhase;
			buildActionMask = 2147483647;
			files = (
			);
			inputFileListPaths = (
			);
			inputPaths = (
				"${PODS_ROOT}/Target Support Files/Pods-Et3am/Pods-Et3am-frameworks.sh",
				"${BUILT_PRODUCTS_DIR}/Alamofire/Alamofire.framework",
				"${BUILT_PRODUCTS_DIR}/ChameleonFramework/ChameleonFramework.framework",
				"${BUILT_PRODUCTS_DIR}/PullToRefreshKit/PullToRefreshKit.framework",
				"${BUILT_PRODUCTS_DIR}/SDWebImage/SDWebImage.framework",
				"${BUILT_PRODUCTS_DIR}/SVProgressHUD/SVProgressHUD.framework",
				"${BUILT_PRODUCTS_DIR}/SwiftyJSON/SwiftyJSON.framework",
			);
			name = "[CP] Embed Pods Frameworks";
			outputFileListPaths = (
			);
			outputPaths = (
				"${TARGET_BUILD_DIR}/${FRAMEWORKS_FOLDER_PATH}/Alamofire.framework",
				"${TARGET_BUILD_DIR}/${FRAMEWORKS_FOLDER_PATH}/ChameleonFramework.framework",
				"${TARGET_BUILD_DIR}/${FRAMEWORKS_FOLDER_PATH}/PullToRefreshKit.framework",
				"${TARGET_BUILD_DIR}/${FRAMEWORKS_FOLDER_PATH}/SDWebImage.framework",
				"${TARGET_BUILD_DIR}/${FRAMEWORKS_FOLDER_PATH}/SVProgressHUD.framework",
				"${TARGET_BUILD_DIR}/${FRAMEWORKS_FOLDER_PATH}/SwiftyJSON.framework",
			);
			runOnlyForDeploymentPostprocessing = 0;
			shellPath = /bin/sh;
			shellScript = "\"${PODS_ROOT}/Target Support Files/Pods-Et3am/Pods-Et3am-frameworks.sh\"\n";
			showEnvVarsInLog = 0;
		};
		CCD4544D7EB00341533FF775 /* [CP] Check Pods Manifest.lock */ = {
			isa = PBXShellScriptBuildPhase;
			buildActionMask = 2147483647;
			files = (
			);
			inputPaths = (
				"${PODS_PODFILE_DIR_PATH}/Podfile.lock",
				"${PODS_ROOT}/Manifest.lock",
			);
			name = "[CP] Check Pods Manifest.lock";
			outputPaths = (
				"$(DERIVED_FILE_DIR)/Pods-Et3am-checkManifestLockResult.txt",
			);
			runOnlyForDeploymentPostprocessing = 0;
			shellPath = /bin/sh;
			shellScript = "diff \"${PODS_PODFILE_DIR_PATH}/Podfile.lock\" \"${PODS_ROOT}/Manifest.lock\" > /dev/null\nif [ $? != 0 ] ; then\n    # print error to STDERR\n    echo \"error: The sandbox is not in sync with the Podfile.lock. Run 'pod install' or update your CocoaPods installation.\" >&2\n    exit 1\nfi\n# This output is used by Xcode 'outputs' to avoid re-running this script phase.\necho \"SUCCESS\" > \"${SCRIPT_OUTPUT_FILE_0}\"\n";
			showEnvVarsInLog = 0;
		};
		D24F746CF0FC37C63CF4AF03 /* [CP] Check Pods Manifest.lock */ = {
			isa = PBXShellScriptBuildPhase;
			buildActionMask = 2147483647;
			files = (
			);
			inputPaths = (
				"${PODS_PODFILE_DIR_PATH}/Podfile.lock",
				"${PODS_ROOT}/Manifest.lock",
			);
			name = "[CP] Check Pods Manifest.lock";
			outputPaths = (
				"$(DERIVED_FILE_DIR)/Pods-Et3amUITests-checkManifestLockResult.txt",
			);
			runOnlyForDeploymentPostprocessing = 0;
			shellPath = /bin/sh;
			shellScript = "diff \"${PODS_PODFILE_DIR_PATH}/Podfile.lock\" \"${PODS_ROOT}/Manifest.lock\" > /dev/null\nif [ $? != 0 ] ; then\n    # print error to STDERR\n    echo \"error: The sandbox is not in sync with the Podfile.lock. Run 'pod install' or update your CocoaPods installation.\" >&2\n    exit 1\nfi\n# This output is used by Xcode 'outputs' to avoid re-running this script phase.\necho \"SUCCESS\" > \"${SCRIPT_OUTPUT_FILE_0}\"\n";
			showEnvVarsInLog = 0;
		};
/* End PBXShellScriptBuildPhase section */

/* Begin PBXSourcesBuildPhase section */
		E2029CE022836B6C007BA6A1 /* Sources */ = {
			isa = PBXSourcesBuildPhase;
			buildActionMask = 2147483647;
			files = (
				2117FBE2229D49000099DE05 /* UIViewController.swift in Sources */,
				2189265822A0028300BD7404 /* DonateViewController.swift in Sources */,
				021A0A3822C00D1700479AFC /* UsedViewCell.swift in Sources */,
				21E8F21F22A3F2020070F223 /* CouponCollectionViewCell.swift in Sources */,
				E20E07262299DEA300FEC852 /* UserProfileViewController.swift in Sources */,
				E2F11BA22288D49D0031ABCC /* User.swift in Sources */,
				21725FB122BE76D4005FB4AB /* ResetPasswordViewController.swift in Sources */,
				211644A9228C49E5009AA2BB /* UserDao.swift in Sources */,
				830BE78C22BA4D2000F50699 /* GetCouponViewController.swift in Sources */,
				F1A7CE4422BE477400491C58 /* ATableViewController.swift in Sources */,
				E2F11B9E2288D49D0031ABCC /* Coupon.swift in Sources */,
				021A0A3222BFF49900479AFC /* ReservedCoupon.swift in Sources */,
				830BE78D22BA4D2000F50699 /* MealCell.swift in Sources */,
				E2D6DE0622BD1B330042AD22 /* RoundedButton.swift in Sources */,
				2117FBE4229D5D150099DE05 /* UIView.swift in Sources */,
				E2603FF422D0D7AC00CC9E08 /* InquiryLayer.swift in Sources */,
				E25C3FBE22CB6405004DB1E0 /* UIColor.swift in Sources */,
				E21A104022BA8B6500824B50 /* VerificationViewController.swift in Sources */,
				E210689922BEC67000A9AD4F /* LandingViewController.swift in Sources */,
				211644AB228C4A6C009AA2BB /* Et3amAPI.swift in Sources */,
				E2F11BA02288D49D0031ABCC /* Meal.swift in Sources */,
				2160DCF922BFB21A0079CF55 /* RegisterandLoginViewController.swift in Sources */,
				E20D2192229D49DF00110D5D /* ChangePasswordViewController.swift in Sources */,
				E2029CF022836B6D007BA6A1 /* Et3am.xcdatamodeld in Sources */,
				21DC260B22BFEC5800D55C62 /* GenerationNewPasswordViewController.swift in Sources */,
				E280CC4D22B81C7D00E32CE1 /* SignUpView.swift in Sources */,
				E286CF0B22CCEFD300C2C024 /* SendFeedbackVC.swift in Sources */,
				E207D8CF22BB9F320014ECC6 /* UILabel.swift in Sources */,
				F17C3FD3229D44CD005A449E /* RestaurantsListVC.swift in Sources */,
				211378A72284F16A0056E5C7 /* AllCouponTableViewCell.swift in Sources */,
				F13F051322B68DCB000F090A /* PublishCouponViewCell.swift in Sources */,
				E2F11BA12288D49D0031ABCC /* Restaurant.swift in Sources */,
				F11A6EE922C029D6008FE559 /* UITableView.swift in Sources */,
				2189265C22A00FCA00BD7404 /* CuoponsTabBarController.swift in Sources */,
				E2029CE822836B6D007BA6A1 /* AppDelegate.swift in Sources */,
				F17C3FD5229D45CE005A449E /* RestaurantCell.swift in Sources */,
				830BE78F22BA4D2000F50699 /* RestaurantDetailsViewController.swift in Sources */,
				21B6E8F6229C1D350067C5F4 /* CouponDao.swift in Sources */,
				F1A7CE4922BE47E100491C58 /* ATableViewCell.swift in Sources */,
				E28FFCAC22D0101D00DD9C96 /* FeedbackSuccessView.swift in Sources */,
				E280CC5122B83FC600E32CE1 /* ImageAPI.swift in Sources */,
				E280CC4C22B81C7D00E32CE1 /* SignInView.swift in Sources */,
				021A0A3422BFF73D00479AFC /* UsedCoupon.swift in Sources */,
				2117FBDF229CC03F0099DE05 /* UserHelper.swift in Sources */,
				021A0A3622C00C0100479AFC /* ReservedViewCell.swift in Sources */,
				E2D9A7EC22BFAE5500132C09 /* UserSummary.swift in Sources */,
				E210689622BEBD6D00A9AD4F /* RoundedImageView.swift in Sources */,
				F1261FC4229EA607005CB7AD /* ExtensionRestaurantListVC.swift in Sources */,
				21E8F21822A3ED960070F223 /* RecievedViewController.swift in Sources */,
				830BE78E22BA4D2000F50699 /* RestaurantDetailsCell.swift in Sources */,
				E2F11B9D2288D49D0031ABCC /* Admin.swift in Sources */,
				CC06D76B229553E30072D3C8 /* RestaurantDao.swift in Sources */,
			);
			runOnlyForDeploymentPostprocessing = 0;
		};
		E2029CF722836B6E007BA6A1 /* Sources */ = {
			isa = PBXSourcesBuildPhase;
			buildActionMask = 2147483647;
			files = (
				E2029D0022836B6E007BA6A1 /* Et3amTests.swift in Sources */,
			);
			runOnlyForDeploymentPostprocessing = 0;
		};
		E2029D0222836B6E007BA6A1 /* Sources */ = {
			isa = PBXSourcesBuildPhase;
			buildActionMask = 2147483647;
			files = (
				E2029D0B22836B6E007BA6A1 /* Et3amUITests.swift in Sources */,
			);
			runOnlyForDeploymentPostprocessing = 0;
		};
/* End PBXSourcesBuildPhase section */

/* Begin PBXTargetDependency section */
		E2029CFD22836B6E007BA6A1 /* PBXTargetDependency */ = {
			isa = PBXTargetDependency;
			target = E2029CE322836B6C007BA6A1 /* Et3am */;
			targetProxy = E2029CFC22836B6E007BA6A1 /* PBXContainerItemProxy */;
		};
		E2029D0822836B6E007BA6A1 /* PBXTargetDependency */ = {
			isa = PBXTargetDependency;
			target = E2029CE322836B6C007BA6A1 /* Et3am */;
			targetProxy = E2029D0722836B6E007BA6A1 /* PBXContainerItemProxy */;
		};
/* End PBXTargetDependency section */

/* Begin PBXVariantGroup section */
		E2029CEB22836B6D007BA6A1 /* RestaurantsList.storyboard */ = {
			isa = PBXVariantGroup;
			children = (
				E2029CEC22836B6D007BA6A1 /* Base */,
			);
			name = RestaurantsList.storyboard;
			sourceTree = "<group>";
		};
		E2029CF322836B6D007BA6A1 /* LaunchScreen.storyboard */ = {
			isa = PBXVariantGroup;
			children = (
				E2029CF422836B6D007BA6A1 /* Base */,
			);
			name = LaunchScreen.storyboard;
			sourceTree = "<group>";
		};
/* End PBXVariantGroup section */

/* Begin XCBuildConfiguration section */
		E2029D0D22836B6E007BA6A1 /* Debug */ = {
			isa = XCBuildConfiguration;
			buildSettings = {
				ALWAYS_SEARCH_USER_PATHS = NO;
				CLANG_ANALYZER_NONNULL = YES;
				CLANG_CXX_LANGUAGE_STANDARD = "gnu++0x";
				CLANG_CXX_LIBRARY = "libc++";
				CLANG_ENABLE_MODULES = YES;
				CLANG_ENABLE_OBJC_ARC = YES;
				CLANG_WARN_BOOL_CONVERSION = YES;
				CLANG_WARN_CONSTANT_CONVERSION = YES;
				CLANG_WARN_DIRECT_OBJC_ISA_USAGE = YES_ERROR;
				CLANG_WARN_DOCUMENTATION_COMMENTS = YES;
				CLANG_WARN_EMPTY_BODY = YES;
				CLANG_WARN_ENUM_CONVERSION = YES;
				CLANG_WARN_INFINITE_RECURSION = YES;
				CLANG_WARN_INT_CONVERSION = YES;
				CLANG_WARN_OBJC_ROOT_CLASS = YES_ERROR;
				CLANG_WARN_SUSPICIOUS_MOVE = YES;
				CLANG_WARN_UNREACHABLE_CODE = YES;
				CLANG_WARN__DUPLICATE_METHOD_MATCH = YES;
				"CODE_SIGN_IDENTITY[sdk=iphoneos*]" = "iPhone Developer";
				COPY_PHASE_STRIP = NO;
				DEBUG_INFORMATION_FORMAT = dwarf;
				ENABLE_STRICT_OBJC_MSGSEND = YES;
				ENABLE_TESTABILITY = YES;
				GCC_C_LANGUAGE_STANDARD = gnu99;
				GCC_DYNAMIC_NO_PIC = NO;
				GCC_NO_COMMON_BLOCKS = YES;
				GCC_OPTIMIZATION_LEVEL = 0;
				GCC_PREPROCESSOR_DEFINITIONS = (
					"DEBUG=1",
					"$(inherited)",
				);
				GCC_WARN_64_TO_32_BIT_CONVERSION = YES;
				GCC_WARN_ABOUT_RETURN_TYPE = YES_ERROR;
				GCC_WARN_UNDECLARED_SELECTOR = YES;
				GCC_WARN_UNINITIALIZED_AUTOS = YES_AGGRESSIVE;
				GCC_WARN_UNUSED_FUNCTION = YES;
				GCC_WARN_UNUSED_VARIABLE = YES;
				IPHONEOS_DEPLOYMENT_TARGET = 10.2;
				MTL_ENABLE_DEBUG_INFO = YES;
				ONLY_ACTIVE_ARCH = YES;
				SDKROOT = iphoneos;
				SWIFT_ACTIVE_COMPILATION_CONDITIONS = DEBUG;
				SWIFT_OPTIMIZATION_LEVEL = "-Onone";
				TARGETED_DEVICE_FAMILY = "1,2";
			};
			name = Debug;
		};
		E2029D0E22836B6E007BA6A1 /* Release */ = {
			isa = XCBuildConfiguration;
			buildSettings = {
				ALWAYS_SEARCH_USER_PATHS = NO;
				CLANG_ANALYZER_NONNULL = YES;
				CLANG_CXX_LANGUAGE_STANDARD = "gnu++0x";
				CLANG_CXX_LIBRARY = "libc++";
				CLANG_ENABLE_MODULES = YES;
				CLANG_ENABLE_OBJC_ARC = YES;
				CLANG_WARN_BOOL_CONVERSION = YES;
				CLANG_WARN_CONSTANT_CONVERSION = YES;
				CLANG_WARN_DIRECT_OBJC_ISA_USAGE = YES_ERROR;
				CLANG_WARN_DOCUMENTATION_COMMENTS = YES;
				CLANG_WARN_EMPTY_BODY = YES;
				CLANG_WARN_ENUM_CONVERSION = YES;
				CLANG_WARN_INFINITE_RECURSION = YES;
				CLANG_WARN_INT_CONVERSION = YES;
				CLANG_WARN_OBJC_ROOT_CLASS = YES_ERROR;
				CLANG_WARN_SUSPICIOUS_MOVE = YES;
				CLANG_WARN_UNREACHABLE_CODE = YES;
				CLANG_WARN__DUPLICATE_METHOD_MATCH = YES;
				"CODE_SIGN_IDENTITY[sdk=iphoneos*]" = "iPhone Developer";
				COPY_PHASE_STRIP = NO;
				DEBUG_INFORMATION_FORMAT = "dwarf-with-dsym";
				ENABLE_NS_ASSERTIONS = NO;
				ENABLE_STRICT_OBJC_MSGSEND = YES;
				GCC_C_LANGUAGE_STANDARD = gnu99;
				GCC_NO_COMMON_BLOCKS = YES;
				GCC_WARN_64_TO_32_BIT_CONVERSION = YES;
				GCC_WARN_ABOUT_RETURN_TYPE = YES_ERROR;
				GCC_WARN_UNDECLARED_SELECTOR = YES;
				GCC_WARN_UNINITIALIZED_AUTOS = YES_AGGRESSIVE;
				GCC_WARN_UNUSED_FUNCTION = YES;
				GCC_WARN_UNUSED_VARIABLE = YES;
				IPHONEOS_DEPLOYMENT_TARGET = 10.2;
				MTL_ENABLE_DEBUG_INFO = NO;
				SDKROOT = iphoneos;
				SWIFT_OPTIMIZATION_LEVEL = "-Owholemodule";
				TARGETED_DEVICE_FAMILY = "1,2";
				VALIDATE_PRODUCT = YES;
			};
			name = Release;
		};
		E2029D1022836B6E007BA6A1 /* Debug */ = {
			isa = XCBuildConfiguration;
			baseConfigurationReference = D0408BBCF587B0F4830C0B02 /* Pods-Et3am.debug.xcconfig */;
			buildSettings = {
				ASSETCATALOG_COMPILER_APPICON_NAME = AppIcon;
				DEVELOPMENT_TEAM = JUUZV79G5F;
				FRAMEWORK_SEARCH_PATHS = (
					"$(inherited)",
					"$(PROJECT_DIR)",
				);
				INFOPLIST_FILE = Et3am/Info.plist;
				LD_RUNPATH_SEARCH_PATHS = "$(inherited) @executable_path/Frameworks";
				PRODUCT_BUNDLE_IDENTIFIER = eg.com.iti.Et3am;
				PRODUCT_NAME = "$(TARGET_NAME)";
				SWIFT_VERSION = 3.0;
				TARGETED_DEVICE_FAMILY = 1;
			};
			name = Debug;
		};
		E2029D1122836B6E007BA6A1 /* Release */ = {
			isa = XCBuildConfiguration;
			baseConfigurationReference = 594CCC07588F84D16ABEFC13 /* Pods-Et3am.release.xcconfig */;
			buildSettings = {
				ASSETCATALOG_COMPILER_APPICON_NAME = AppIcon;
				DEVELOPMENT_TEAM = JUUZV79G5F;
				FRAMEWORK_SEARCH_PATHS = (
					"$(inherited)",
					"$(PROJECT_DIR)",
				);
				INFOPLIST_FILE = Et3am/Info.plist;
				LD_RUNPATH_SEARCH_PATHS = "$(inherited) @executable_path/Frameworks";
				PRODUCT_BUNDLE_IDENTIFIER = eg.com.iti.Et3am;
				PRODUCT_NAME = "$(TARGET_NAME)";
				SWIFT_VERSION = 3.0;
				TARGETED_DEVICE_FAMILY = 1;
			};
			name = Release;
		};
		E2029D1322836B6E007BA6A1 /* Debug */ = {
			isa = XCBuildConfiguration;
			baseConfigurationReference = 9BE64D471C0E7CBFCB70569C /* Pods-Et3amTests.debug.xcconfig */;
			buildSettings = {
				ALWAYS_EMBED_SWIFT_STANDARD_LIBRARIES = YES;
				BUNDLE_LOADER = "$(TEST_HOST)";
				INFOPLIST_FILE = Et3amTests/Info.plist;
				LD_RUNPATH_SEARCH_PATHS = "$(inherited) @executable_path/Frameworks @loader_path/Frameworks";
				PRODUCT_BUNDLE_IDENTIFIER = eg.com.iti.Et3amTests;
				PRODUCT_NAME = "$(TARGET_NAME)";
				SWIFT_VERSION = 3.0;
				TEST_HOST = "$(BUILT_PRODUCTS_DIR)/Et3am.app/Et3am";
			};
			name = Debug;
		};
		E2029D1422836B6E007BA6A1 /* Release */ = {
			isa = XCBuildConfiguration;
			baseConfigurationReference = CA559F458049617FA7D4534A /* Pods-Et3amTests.release.xcconfig */;
			buildSettings = {
				ALWAYS_EMBED_SWIFT_STANDARD_LIBRARIES = YES;
				BUNDLE_LOADER = "$(TEST_HOST)";
				INFOPLIST_FILE = Et3amTests/Info.plist;
				LD_RUNPATH_SEARCH_PATHS = "$(inherited) @executable_path/Frameworks @loader_path/Frameworks";
				PRODUCT_BUNDLE_IDENTIFIER = eg.com.iti.Et3amTests;
				PRODUCT_NAME = "$(TARGET_NAME)";
				SWIFT_VERSION = 3.0;
				TEST_HOST = "$(BUILT_PRODUCTS_DIR)/Et3am.app/Et3am";
			};
			name = Release;
		};
		E2029D1622836B6E007BA6A1 /* Debug */ = {
			isa = XCBuildConfiguration;
			baseConfigurationReference = 2964356AE08F41DE5941CC48 /* Pods-Et3amUITests.debug.xcconfig */;
			buildSettings = {
				ALWAYS_EMBED_SWIFT_STANDARD_LIBRARIES = YES;
				INFOPLIST_FILE = Et3amUITests/Info.plist;
				LD_RUNPATH_SEARCH_PATHS = "$(inherited) @executable_path/Frameworks @loader_path/Frameworks";
				PRODUCT_BUNDLE_IDENTIFIER = eg.com.iti.Et3amUITests;
				PRODUCT_NAME = "$(TARGET_NAME)";
				SWIFT_VERSION = 3.0;
				TEST_TARGET_NAME = Et3am;
			};
			name = Debug;
		};
		E2029D1722836B6E007BA6A1 /* Release */ = {
			isa = XCBuildConfiguration;
			baseConfigurationReference = C96F7DDC362390058818DD45 /* Pods-Et3amUITests.release.xcconfig */;
			buildSettings = {
				ALWAYS_EMBED_SWIFT_STANDARD_LIBRARIES = YES;
				INFOPLIST_FILE = Et3amUITests/Info.plist;
				LD_RUNPATH_SEARCH_PATHS = "$(inherited) @executable_path/Frameworks @loader_path/Frameworks";
				PRODUCT_BUNDLE_IDENTIFIER = eg.com.iti.Et3amUITests;
				PRODUCT_NAME = "$(TARGET_NAME)";
				SWIFT_VERSION = 3.0;
				TEST_TARGET_NAME = Et3am;
			};
			name = Release;
		};
/* End XCBuildConfiguration section */

/* Begin XCConfigurationList section */
		E2029CDF22836B6C007BA6A1 /* Build configuration list for PBXProject "Et3am" */ = {
			isa = XCConfigurationList;
			buildConfigurations = (
				E2029D0D22836B6E007BA6A1 /* Debug */,
				E2029D0E22836B6E007BA6A1 /* Release */,
			);
			defaultConfigurationIsVisible = 0;
			defaultConfigurationName = Release;
		};
		E2029D0F22836B6E007BA6A1 /* Build configuration list for PBXNativeTarget "Et3am" */ = {
			isa = XCConfigurationList;
			buildConfigurations = (
				E2029D1022836B6E007BA6A1 /* Debug */,
				E2029D1122836B6E007BA6A1 /* Release */,
			);
			defaultConfigurationIsVisible = 0;
			defaultConfigurationName = Release;
		};
		E2029D1222836B6E007BA6A1 /* Build configuration list for PBXNativeTarget "Et3amTests" */ = {
			isa = XCConfigurationList;
			buildConfigurations = (
				E2029D1322836B6E007BA6A1 /* Debug */,
				E2029D1422836B6E007BA6A1 /* Release */,
			);
			defaultConfigurationIsVisible = 0;
			defaultConfigurationName = Release;
		};
		E2029D1522836B6E007BA6A1 /* Build configuration list for PBXNativeTarget "Et3amUITests" */ = {
			isa = XCConfigurationList;
			buildConfigurations = (
				E2029D1622836B6E007BA6A1 /* Debug */,
				E2029D1722836B6E007BA6A1 /* Release */,
			);
			defaultConfigurationIsVisible = 0;
			defaultConfigurationName = Release;
		};
/* End XCConfigurationList section */

/* Begin XCVersionGroup section */
		E2029CEE22836B6D007BA6A1 /* Et3am.xcdatamodeld */ = {
			isa = XCVersionGroup;
			children = (
				E2029CEF22836B6D007BA6A1 /* Et3am.xcdatamodel */,
			);
			currentVersion = E2029CEF22836B6D007BA6A1 /* Et3am.xcdatamodel */;
			path = Et3am.xcdatamodeld;
			sourceTree = "<group>";
			versionGroupType = wrapper.xcdatamodel;
		};
/* End XCVersionGroup section */
	};
	rootObject = E2029CDC22836B6C007BA6A1 /* Project object */;
}
