// !$*UTF8*$!
{
	archiveVersion = 1;
	classes = {
	};
	objectVersion = 46;
	objects = {

/* Begin PBXBuildFile section */
		8F97F34A28B2889B14749CDF /* Pods_Et3amTests.framework in Frameworks */ = {isa = PBXBuildFile; fileRef = 5B2B04E14B268BE19AA18B5F /* Pods_Et3amTests.framework */; };
		B7D38E57E8811864E2E01BFA /* Pods_Et3amUITests.framework in Frameworks */ = {isa = PBXBuildFile; fileRef = 03C870E401F2CB162131A79B /* Pods_Et3amUITests.framework */; };
		C7EE519B2AC1E41C3A64F79D /* Pods_Et3am.framework in Frameworks */ = {isa = PBXBuildFile; fileRef = 693E598950506D287CF64D8D /* Pods_Et3am.framework */; };
		E2029CF522836B6D007BA6A1 /* LaunchScreen.storyboard in Resources */ = {isa = PBXBuildFile; fileRef = E2029CF322836B6D007BA6A1 /* LaunchScreen.storyboard */; };
		E2029D0022836B6E007BA6A1 /* Et3amTests.swift in Sources */ = {isa = PBXBuildFile; fileRef = E2029CFF22836B6E007BA6A1 /* Et3amTests.swift */; };
		E2029D0B22836B6E007BA6A1 /* Et3amUITests.swift in Sources */ = {isa = PBXBuildFile; fileRef = E2029D0A22836B6E007BA6A1 /* Et3amUITests.swift */; };
		E25C3FBE22CB6405004DB1E0 /* UIColor.swift in Sources */ = {isa = PBXBuildFile; fileRef = E25C3FBD22CB6404004DB1E0 /* UIColor.swift */; };
		F176199D22DCF0E0008B6759 /* Helper.swift in Sources */ = {isa = PBXBuildFile; fileRef = F176199C22DCF0E0008B6759 /* Helper.swift */; };
		F176199F22DCF62B008B6759 /* AppDelegate.swift in Sources */ = {isa = PBXBuildFile; fileRef = F176199E22DCF62B008B6759 /* AppDelegate.swift */; };
		F17619A322DCF657008B6759 /* Info.plist in Resources */ = {isa = PBXBuildFile; fileRef = F17619A222DCF657008B6759 /* Info.plist */; };
		F17619A722DCF673008B6759 /* Assets.xcassets in Resources */ = {isa = PBXBuildFile; fileRef = F17619A422DCF673008B6759 /* Assets.xcassets */; };
		F17619A822DCF673008B6759 /* Et3am.xcdatamodeld in Sources */ = {isa = PBXBuildFile; fileRef = F17619A522DCF673008B6759 /* Et3am.xcdatamodeld */; };
		F17619B222DD0F5F008B6759 /* Admin.swift in Sources */ = {isa = PBXBuildFile; fileRef = F17619A922DD0F5F008B6759 /* Admin.swift */; };
		F17619B322DD0F5F008B6759 /* Coupon.swift in Sources */ = {isa = PBXBuildFile; fileRef = F17619AA22DD0F5F008B6759 /* Coupon.swift */; };
		F17619B422DD0F5F008B6759 /* Fakka.swift in Sources */ = {isa = PBXBuildFile; fileRef = F17619AB22DD0F5F008B6759 /* Fakka.swift */; };
		F17619B522DD0F5F008B6759 /* Meal.swift in Sources */ = {isa = PBXBuildFile; fileRef = F17619AC22DD0F5F008B6759 /* Meal.swift */; };
		F17619B622DD0F5F008B6759 /* ReservedCoupon.swift in Sources */ = {isa = PBXBuildFile; fileRef = F17619AD22DD0F5F008B6759 /* ReservedCoupon.swift */; };
		F17619B722DD0F5F008B6759 /* Restaurant.swift in Sources */ = {isa = PBXBuildFile; fileRef = F17619AE22DD0F5F008B6759 /* Restaurant.swift */; };
		F17619B822DD0F5F008B6759 /* UsedCoupon.swift in Sources */ = {isa = PBXBuildFile; fileRef = F17619AF22DD0F5F008B6759 /* UsedCoupon.swift */; };
		F17619B922DD0F5F008B6759 /* User.swift in Sources */ = {isa = PBXBuildFile; fileRef = F17619B022DD0F5F008B6759 /* User.swift */; };
		F17619BA22DD0F5F008B6759 /* UserSummary.swift in Sources */ = {isa = PBXBuildFile; fileRef = F17619B122DD0F5F008B6759 /* UserSummary.swift */; };
		F17619BC22DD0F77008B6759 /* ImageAPI.swift in Sources */ = {isa = PBXBuildFile; fileRef = F17619BB22DD0F77008B6759 /* ImageAPI.swift */; };
		F17619C322DD107F008B6759 /* CouponDao.swift in Sources */ = {isa = PBXBuildFile; fileRef = F17619BD22DD107F008B6759 /* CouponDao.swift */; };
		F17619C422DD107F008B6759 /* Et3amAPI.swift in Sources */ = {isa = PBXBuildFile; fileRef = F17619BE22DD107F008B6759 /* Et3amAPI.swift */; };
		F17619C522DD107F008B6759 /* InquiryLayer.swift in Sources */ = {isa = PBXBuildFile; fileRef = F17619BF22DD107F008B6759 /* InquiryLayer.swift */; };
		F17619C622DD107F008B6759 /* RestaurantDao.swift in Sources */ = {isa = PBXBuildFile; fileRef = F17619C022DD107F008B6759 /* RestaurantDao.swift */; };
		F17619C722DD107F008B6759 /* UserDao.swift in Sources */ = {isa = PBXBuildFile; fileRef = F17619C122DD107F008B6759 /* UserDao.swift */; };
		F17619C822DD107F008B6759 /* UserHelper.swift in Sources */ = {isa = PBXBuildFile; fileRef = F17619C222DD107F008B6759 /* UserHelper.swift */; };
		F17619CC22DD10B6008B6759 /* UILabel.swift in Sources */ = {isa = PBXBuildFile; fileRef = F17619C922DD10B6008B6759 /* UILabel.swift */; };
		F17619CD22DD10B6008B6759 /* UIView.swift in Sources */ = {isa = PBXBuildFile; fileRef = F17619CA22DD10B6008B6759 /* UIView.swift */; };
		F17619CE22DD10B6008B6759 /* UIViewController.swift in Sources */ = {isa = PBXBuildFile; fileRef = F17619CB22DD10B6008B6759 /* UIViewController.swift */; };
		F17619D122DD1126008B6759 /* ExtensionRestaurantListVC.swift in Sources */ = {isa = PBXBuildFile; fileRef = F17619CF22DD1126008B6759 /* ExtensionRestaurantListVC.swift */; };
		F17619D222DD1126008B6759 /* RestaurantsListVC.swift in Sources */ = {isa = PBXBuildFile; fileRef = F17619D022DD1126008B6759 /* RestaurantsListVC.swift */; };
		F17619D522DD1145008B6759 /* LandingViewController.swift in Sources */ = {isa = PBXBuildFile; fileRef = F17619D322DD1145008B6759 /* LandingViewController.swift */; };
		F17619D622DD1145008B6759 /* SendFeedbackVC.swift in Sources */ = {isa = PBXBuildFile; fileRef = F17619D422DD1145008B6759 /* SendFeedbackVC.swift */; };
		F17619DA22DD1201008B6759 /* ChangePasswordViewController.swift in Sources */ = {isa = PBXBuildFile; fileRef = F17619D722DD1201008B6759 /* ChangePasswordViewController.swift */; };
		F17619DB22DD1201008B6759 /* UserProfileViewController.swift in Sources */ = {isa = PBXBuildFile; fileRef = F17619D822DD1201008B6759 /* UserProfileViewController.swift */; };
		F17619DC22DD1201008B6759 /* VerificationViewController.swift in Sources */ = {isa = PBXBuildFile; fileRef = F17619D922DD1201008B6759 /* VerificationViewController.swift */; };
		F17619DE22DD122D008B6759 /* DonateViewController.swift in Sources */ = {isa = PBXBuildFile; fileRef = F17619DD22DD122D008B6759 /* DonateViewController.swift */; };
		F17619E022DD1391008B6759 /* GetCouponViewController.swift in Sources */ = {isa = PBXBuildFile; fileRef = F17619DF22DD1391008B6759 /* GetCouponViewController.swift */; };
		F17619E222DD13B3008B6759 /* RestaurantDetailsViewController.swift in Sources */ = {isa = PBXBuildFile; fileRef = F17619E122DD13B3008B6759 /* RestaurantDetailsViewController.swift */; };
		F17619E522DD1411008B6759 /* RoundedButton.swift in Sources */ = {isa = PBXBuildFile; fileRef = F17619E322DD1411008B6759 /* RoundedButton.swift */; };
		F17619E622DD1411008B6759 /* RoundedImageView.swift in Sources */ = {isa = PBXBuildFile; fileRef = F17619E422DD1411008B6759 /* RoundedImageView.swift */; };
		F17619E822DD14AB008B6759 /* RecievedViewController.swift in Sources */ = {isa = PBXBuildFile; fileRef = F17619E722DD14AB008B6759 /* RecievedViewController.swift */; };
		F17619EA22DD14BC008B6759 /* CouponsDonatedVC.swift in Sources */ = {isa = PBXBuildFile; fileRef = F17619E922DD14BC008B6759 /* CouponsDonatedVC.swift */; };
		F17619EE22DD14E3008B6759 /* GenerationNewPasswordViewController.swift in Sources */ = {isa = PBXBuildFile; fileRef = F17619EB22DD14E3008B6759 /* GenerationNewPasswordViewController.swift */; };
		F17619EF22DD14E3008B6759 /* RegisterandLoginViewController.swift in Sources */ = {isa = PBXBuildFile; fileRef = F17619EC22DD14E3008B6759 /* RegisterandLoginViewController.swift */; };
		F17619F022DD14E3008B6759 /* ResetPasswordViewController.swift in Sources */ = {isa = PBXBuildFile; fileRef = F17619ED22DD14E3008B6759 /* ResetPasswordViewController.swift */; };
		F17619F422DD1568008B6759 /* FeedbackSuccess.xib in Resources */ = {isa = PBXBuildFile; fileRef = F17619F122DD1568008B6759 /* FeedbackSuccess.xib */; };
		F17619F522DD1568008B6759 /* FeedbackSuccessView.swift in Sources */ = {isa = PBXBuildFile; fileRef = F17619F222DD1568008B6759 /* FeedbackSuccessView.swift */; };
		F17619F622DD1568008B6759 /* Landing.storyboard in Resources */ = {isa = PBXBuildFile; fileRef = F17619F322DD1568008B6759 /* Landing.storyboard */; };
		F17619F822DD169B008B6759 /* RestaurantCell.swift in Sources */ = {isa = PBXBuildFile; fileRef = F17619F722DD169B008B6759 /* RestaurantCell.swift */; };
		F17619FD22DD1754008B6759 /* RegisterAndLogin.storyboard in Resources */ = {isa = PBXBuildFile; fileRef = F17619F922DD1754008B6759 /* RegisterAndLogin.storyboard */; };
		F17619FE22DD1754008B6759 /* ResetPassword.storyboard in Resources */ = {isa = PBXBuildFile; fileRef = F17619FA22DD1754008B6759 /* ResetPassword.storyboard */; };
		F17619FF22DD1754008B6759 /* SignInView.swift in Sources */ = {isa = PBXBuildFile; fileRef = F17619FB22DD1754008B6759 /* SignInView.swift */; };
		F1761A0022DD1754008B6759 /* SignUpView.swift in Sources */ = {isa = PBXBuildFile; fileRef = F17619FC22DD1754008B6759 /* SignUpView.swift */; };
		F1761A0222DD17B5008B6759 /* UserProfile.storyboard in Resources */ = {isa = PBXBuildFile; fileRef = F1761A0122DD17B5008B6759 /* UserProfile.storyboard */; };
		F1761A0522DD17E0008B6759 /* Donate.storyboard in Resources */ = {isa = PBXBuildFile; fileRef = F1761A0322DD17E0008B6759 /* Donate.storyboard */; };
		F1761A0E22DD18DF008B6759 /* ATableViewCell.swift in Sources */ = {isa = PBXBuildFile; fileRef = F1761A0722DD18DF008B6759 /* ATableViewCell.swift */; };
		F1761A0F22DD18DF008B6759 /* ATableViewCell.xib in Resources */ = {isa = PBXBuildFile; fileRef = F1761A0822DD18DF008B6759 /* ATableViewCell.xib */; };
		F1761A1022DD18DF008B6759 /* CouponsDonated.storyboard in Resources */ = {isa = PBXBuildFile; fileRef = F1761A0922DD18DF008B6759 /* CouponsDonated.storyboard */; };
		F1761A1122DD18DF008B6759 /* ReservedViewCell.swift in Sources */ = {isa = PBXBuildFile; fileRef = F1761A0A22DD18DF008B6759 /* ReservedViewCell.swift */; };
		F1761A1222DD18DF008B6759 /* ReservedViewCell.xib in Resources */ = {isa = PBXBuildFile; fileRef = F1761A0B22DD18DF008B6759 /* ReservedViewCell.xib */; };
		F1761A1322DD18DF008B6759 /* UsedViewCell.swift in Sources */ = {isa = PBXBuildFile; fileRef = F1761A0C22DD18DF008B6759 /* UsedViewCell.swift */; };
		F1761A1422DD18DF008B6759 /* UsedViewCell.xib in Resources */ = {isa = PBXBuildFile; fileRef = F1761A0D22DD18DF008B6759 /* UsedViewCell.xib */; };
		F1761A1822DD1933008B6759 /* MealCell.swift in Sources */ = {isa = PBXBuildFile; fileRef = F1761A1522DD1933008B6759 /* MealCell.swift */; };
		F1761A1922DD1933008B6759 /* RestaurantDetailsCell.swift in Sources */ = {isa = PBXBuildFile; fileRef = F1761A1622DD1933008B6759 /* RestaurantDetailsCell.swift */; };
		F1761A1A22DD1933008B6759 /* RestaurantInfo.storyboard in Resources */ = {isa = PBXBuildFile; fileRef = F1761A1722DD1933008B6759 /* RestaurantInfo.storyboard */; };
		F1761A1C22DD19C9008B6759 /* DesignableFile.swift in Sources */ = {isa = PBXBuildFile; fileRef = F1761A1B22DD19C9008B6759 /* DesignableFile.swift */; };
		F1761A2222DD19EA008B6759 /* CopounsRecieved.storyboard in Resources */ = {isa = PBXBuildFile; fileRef = F1761A1D22DD19EA008B6759 /* CopounsRecieved.storyboard */; };
		F1761A2322DD19EA008B6759 /* CouponCollectionViewCell.swift in Sources */ = {isa = PBXBuildFile; fileRef = F1761A1E22DD19EA008B6759 /* CouponCollectionViewCell.swift */; };
		F1761A2422DD19EA008B6759 /* CouponCollectionViewCell.xib in Resources */ = {isa = PBXBuildFile; fileRef = F1761A1F22DD19EA008B6759 /* CouponCollectionViewCell.xib */; };
		F1761A2822DD1B12008B6759 /* RestaurantsList.storyboard in Resources */ = {isa = PBXBuildFile; fileRef = F1761A2722DD1B12008B6759 /* RestaurantsList.storyboard */; };
		F17C3FD1229D3850005A449E /* CoreLocation.framework in Frameworks */ = {isa = PBXBuildFile; fileRef = F17C3FD0229D3850005A449E /* CoreLocation.framework */; };
/* End PBXBuildFile section */

/* Begin PBXContainerItemProxy section */
		E2029CFC22836B6E007BA6A1 /* PBXContainerItemProxy */ = {
			isa = PBXContainerItemProxy;
			containerPortal = E2029CDC22836B6C007BA6A1 /* Project object */;
			proxyType = 1;
			remoteGlobalIDString = E2029CE322836B6C007BA6A1;
			remoteInfo = Et3am;
		};
		E2029D0722836B6E007BA6A1 /* PBXContainerItemProxy */ = {
			isa = PBXContainerItemProxy;
			containerPortal = E2029CDC22836B6C007BA6A1 /* Project object */;
			proxyType = 1;
			remoteGlobalIDString = E2029CE322836B6C007BA6A1;
			remoteInfo = Et3am;
		};
/* End PBXContainerItemProxy section */

/* Begin PBXFileReference section */
		03C870E401F2CB162131A79B /* Pods_Et3amUITests.framework */ = {isa = PBXFileReference; explicitFileType = wrapper.framework; includeInIndex = 0; path = Pods_Et3amUITests.framework; sourceTree = BUILT_PRODUCTS_DIR; };
		2964356AE08F41DE5941CC48 /* Pods-Et3amUITests.debug.xcconfig */ = {isa = PBXFileReference; includeInIndex = 1; lastKnownFileType = text.xcconfig; name = "Pods-Et3amUITests.debug.xcconfig"; path = "Target Support Files/Pods-Et3amUITests/Pods-Et3amUITests.debug.xcconfig"; sourceTree = "<group>"; };
		594CCC07588F84D16ABEFC13 /* Pods-Et3am.release.xcconfig */ = {isa = PBXFileReference; includeInIndex = 1; lastKnownFileType = text.xcconfig; name = "Pods-Et3am.release.xcconfig"; path = "Target Support Files/Pods-Et3am/Pods-Et3am.release.xcconfig"; sourceTree = "<group>"; };
		5B2B04E14B268BE19AA18B5F /* Pods_Et3amTests.framework */ = {isa = PBXFileReference; explicitFileType = wrapper.framework; includeInIndex = 0; path = Pods_Et3amTests.framework; sourceTree = BUILT_PRODUCTS_DIR; };
		693E598950506D287CF64D8D /* Pods_Et3am.framework */ = {isa = PBXFileReference; explicitFileType = wrapper.framework; includeInIndex = 0; path = Pods_Et3am.framework; sourceTree = BUILT_PRODUCTS_DIR; };
		9BE64D471C0E7CBFCB70569C /* Pods-Et3amTests.debug.xcconfig */ = {isa = PBXFileReference; includeInIndex = 1; lastKnownFileType = text.xcconfig; name = "Pods-Et3amTests.debug.xcconfig"; path = "Target Support Files/Pods-Et3amTests/Pods-Et3amTests.debug.xcconfig"; sourceTree = "<group>"; };
		C96F7DDC362390058818DD45 /* Pods-Et3amUITests.release.xcconfig */ = {isa = PBXFileReference; includeInIndex = 1; lastKnownFileType = text.xcconfig; name = "Pods-Et3amUITests.release.xcconfig"; path = "Target Support Files/Pods-Et3amUITests/Pods-Et3amUITests.release.xcconfig"; sourceTree = "<group>"; };
		CA559F458049617FA7D4534A /* Pods-Et3amTests.release.xcconfig */ = {isa = PBXFileReference; includeInIndex = 1; lastKnownFileType = text.xcconfig; name = "Pods-Et3amTests.release.xcconfig"; path = "Target Support Files/Pods-Et3amTests/Pods-Et3amTests.release.xcconfig"; sourceTree = "<group>"; };
		D0408BBCF587B0F4830C0B02 /* Pods-Et3am.debug.xcconfig */ = {isa = PBXFileReference; includeInIndex = 1; lastKnownFileType = text.xcconfig; name = "Pods-Et3am.debug.xcconfig"; path = "Target Support Files/Pods-Et3am/Pods-Et3am.debug.xcconfig"; sourceTree = "<group>"; };
		E2029CE422836B6D007BA6A1 /* Et3am.app */ = {isa = PBXFileReference; explicitFileType = wrapper.application; includeInIndex = 0; path = Et3am.app; sourceTree = BUILT_PRODUCTS_DIR; };
		E2029CF422836B6D007BA6A1 /* Base */ = {isa = PBXFileReference; lastKnownFileType = file.storyboard; name = Base; path = Base.lproj/LaunchScreen.storyboard; sourceTree = "<group>"; };
		E2029CFB22836B6E007BA6A1 /* Et3amTests.xctest */ = {isa = PBXFileReference; explicitFileType = wrapper.cfbundle; includeInIndex = 0; path = Et3amTests.xctest; sourceTree = BUILT_PRODUCTS_DIR; };
		E2029CFF22836B6E007BA6A1 /* Et3amTests.swift */ = {isa = PBXFileReference; lastKnownFileType = sourcecode.swift; path = Et3amTests.swift; sourceTree = "<group>"; };
		E2029D0122836B6E007BA6A1 /* Info.plist */ = {isa = PBXFileReference; lastKnownFileType = text.plist.xml; path = Info.plist; sourceTree = "<group>"; };
		E2029D0622836B6E007BA6A1 /* Et3amUITests.xctest */ = {isa = PBXFileReference; explicitFileType = wrapper.cfbundle; includeInIndex = 0; path = Et3amUITests.xctest; sourceTree = BUILT_PRODUCTS_DIR; };
		E2029D0A22836B6E007BA6A1 /* Et3amUITests.swift */ = {isa = PBXFileReference; lastKnownFileType = sourcecode.swift; path = Et3amUITests.swift; sourceTree = "<group>"; };
		E2029D0C22836B6E007BA6A1 /* Info.plist */ = {isa = PBXFileReference; lastKnownFileType = text.plist.xml; path = Info.plist; sourceTree = "<group>"; };
		E25C3FBD22CB6404004DB1E0 /* UIColor.swift */ = {isa = PBXFileReference; fileEncoding = 4; lastKnownFileType = sourcecode.swift; name = UIColor.swift; path = Extension/UIColor.swift; sourceTree = "<group>"; };
		F176199C22DCF0E0008B6759 /* Helper.swift */ = {isa = PBXFileReference; fileEncoding = 4; lastKnownFileType = sourcecode.swift; name = Helper.swift; path = SupportingFiles/Helper.swift; sourceTree = "<group>"; };
		F176199E22DCF62B008B6759 /* AppDelegate.swift */ = {isa = PBXFileReference; fileEncoding = 4; lastKnownFileType = sourcecode.swift; name = AppDelegate.swift; path = SupportingFiles/AppDelegate.swift; sourceTree = "<group>"; };
		F17619A222DCF657008B6759 /* Info.plist */ = {isa = PBXFileReference; fileEncoding = 4; lastKnownFileType = text.plist.xml; name = Info.plist; path = SupportingFiles/Info.plist; sourceTree = "<group>"; };
		F17619A422DCF673008B6759 /* Assets.xcassets */ = {isa = PBXFileReference; lastKnownFileType = folder.assetcatalog; name = Assets.xcassets; path = SupportingFiles/Assets.xcassets; sourceTree = "<group>"; };
		F17619A622DCF673008B6759 /* Et3am.xcdatamodel */ = {isa = PBXFileReference; lastKnownFileType = wrapper.xcdatamodel; path = Et3am.xcdatamodel; sourceTree = "<group>"; };
		F17619A922DD0F5F008B6759 /* Admin.swift */ = {isa = PBXFileReference; fileEncoding = 4; lastKnownFileType = sourcecode.swift; name = Admin.swift; path = model/Pojo/Admin.swift; sourceTree = "<group>"; };
		F17619AA22DD0F5F008B6759 /* Coupon.swift */ = {isa = PBXFileReference; fileEncoding = 4; lastKnownFileType = sourcecode.swift; name = Coupon.swift; path = model/Pojo/Coupon.swift; sourceTree = "<group>"; };
		F17619AB22DD0F5F008B6759 /* Fakka.swift */ = {isa = PBXFileReference; fileEncoding = 4; lastKnownFileType = sourcecode.swift; name = Fakka.swift; path = model/Pojo/Fakka.swift; sourceTree = "<group>"; };
		F17619AC22DD0F5F008B6759 /* Meal.swift */ = {isa = PBXFileReference; fileEncoding = 4; lastKnownFileType = sourcecode.swift; name = Meal.swift; path = model/Pojo/Meal.swift; sourceTree = "<group>"; };
		F17619AD22DD0F5F008B6759 /* ReservedCoupon.swift */ = {isa = PBXFileReference; fileEncoding = 4; lastKnownFileType = sourcecode.swift; name = ReservedCoupon.swift; path = model/Pojo/ReservedCoupon.swift; sourceTree = "<group>"; };
		F17619AE22DD0F5F008B6759 /* Restaurant.swift */ = {isa = PBXFileReference; fileEncoding = 4; lastKnownFileType = sourcecode.swift; name = Restaurant.swift; path = model/Pojo/Restaurant.swift; sourceTree = "<group>"; };
		F17619AF22DD0F5F008B6759 /* UsedCoupon.swift */ = {isa = PBXFileReference; fileEncoding = 4; lastKnownFileType = sourcecode.swift; name = UsedCoupon.swift; path = model/Pojo/UsedCoupon.swift; sourceTree = "<group>"; };
		F17619B022DD0F5F008B6759 /* User.swift */ = {isa = PBXFileReference; fileEncoding = 4; lastKnownFileType = sourcecode.swift; name = User.swift; path = model/Pojo/User.swift; sourceTree = "<group>"; };
		F17619B122DD0F5F008B6759 /* UserSummary.swift */ = {isa = PBXFileReference; fileEncoding = 4; lastKnownFileType = sourcecode.swift; name = UserSummary.swift; path = model/Pojo/UserSummary.swift; sourceTree = "<group>"; };
		F17619BB22DD0F77008B6759 /* ImageAPI.swift */ = {isa = PBXFileReference; fileEncoding = 4; lastKnownFileType = sourcecode.swift; name = ImageAPI.swift; path = model/NetworkLayer/ImageAPI.swift; sourceTree = "<group>"; };
		F17619BD22DD107F008B6759 /* CouponDao.swift */ = {isa = PBXFileReference; fileEncoding = 4; lastKnownFileType = sourcecode.swift; name = CouponDao.swift; path = model/NetworkLayer/CouponDao.swift; sourceTree = "<group>"; };
		F17619BE22DD107F008B6759 /* Et3amAPI.swift */ = {isa = PBXFileReference; fileEncoding = 4; lastKnownFileType = sourcecode.swift; name = Et3amAPI.swift; path = model/NetworkLayer/Et3amAPI.swift; sourceTree = "<group>"; };
		F17619BF22DD107F008B6759 /* InquiryLayer.swift */ = {isa = PBXFileReference; fileEncoding = 4; lastKnownFileType = sourcecode.swift; name = InquiryLayer.swift; path = model/NetworkLayer/InquiryLayer.swift; sourceTree = "<group>"; };
		F17619C022DD107F008B6759 /* RestaurantDao.swift */ = {isa = PBXFileReference; fileEncoding = 4; lastKnownFileType = sourcecode.swift; name = RestaurantDao.swift; path = model/NetworkLayer/RestaurantDao.swift; sourceTree = "<group>"; };
		F17619C122DD107F008B6759 /* UserDao.swift */ = {isa = PBXFileReference; fileEncoding = 4; lastKnownFileType = sourcecode.swift; name = UserDao.swift; path = model/NetworkLayer/UserDao.swift; sourceTree = "<group>"; };
		F17619C222DD107F008B6759 /* UserHelper.swift */ = {isa = PBXFileReference; fileEncoding = 4; lastKnownFileType = sourcecode.swift; name = UserHelper.swift; path = model/NetworkLayer/UserHelper.swift; sourceTree = "<group>"; };
		F17619C922DD10B6008B6759 /* UILabel.swift */ = {isa = PBXFileReference; fileEncoding = 4; lastKnownFileType = sourcecode.swift; name = UILabel.swift; path = Extension/UILabel.swift; sourceTree = "<group>"; };
		F17619CA22DD10B6008B6759 /* UIView.swift */ = {isa = PBXFileReference; fileEncoding = 4; lastKnownFileType = sourcecode.swift; name = UIView.swift; path = Extension/UIView.swift; sourceTree = "<group>"; };
		F17619CB22DD10B6008B6759 /* UIViewController.swift */ = {isa = PBXFileReference; fileEncoding = 4; lastKnownFileType = sourcecode.swift; name = UIViewController.swift; path = Extension/UIViewController.swift; sourceTree = "<group>"; };
		F17619CF22DD1126008B6759 /* ExtensionRestaurantListVC.swift */ = {isa = PBXFileReference; fileEncoding = 4; lastKnownFileType = sourcecode.swift; name = ExtensionRestaurantListVC.swift; path = controller/RestaurantList/ExtensionRestaurantListVC.swift; sourceTree = "<group>"; };
		F17619D022DD1126008B6759 /* RestaurantsListVC.swift */ = {isa = PBXFileReference; fileEncoding = 4; lastKnownFileType = sourcecode.swift; name = RestaurantsListVC.swift; path = controller/RestaurantList/RestaurantsListVC.swift; sourceTree = "<group>"; };
		F17619D322DD1145008B6759 /* LandingViewController.swift */ = {isa = PBXFileReference; fileEncoding = 4; lastKnownFileType = sourcecode.swift; name = LandingViewController.swift; path = controller/Landing/LandingViewController.swift; sourceTree = "<group>"; };
		F17619D422DD1145008B6759 /* SendFeedbackVC.swift */ = {isa = PBXFileReference; fileEncoding = 4; lastKnownFileType = sourcecode.swift; name = SendFeedbackVC.swift; path = controller/Landing/SendFeedbackVC.swift; sourceTree = "<group>"; };
		F17619D722DD1201008B6759 /* ChangePasswordViewController.swift */ = {isa = PBXFileReference; fileEncoding = 4; lastKnownFileType = sourcecode.swift; name = ChangePasswordViewController.swift; path = controller/UserProfile/ChangePasswordViewController.swift; sourceTree = "<group>"; };
		F17619D822DD1201008B6759 /* UserProfileViewController.swift */ = {isa = PBXFileReference; fileEncoding = 4; lastKnownFileType = sourcecode.swift; name = UserProfileViewController.swift; path = controller/UserProfile/UserProfileViewController.swift; sourceTree = "<group>"; };
		F17619D922DD1201008B6759 /* VerificationViewController.swift */ = {isa = PBXFileReference; fileEncoding = 4; lastKnownFileType = sourcecode.swift; name = VerificationViewController.swift; path = controller/UserProfile/VerificationViewController.swift; sourceTree = "<group>"; };
		F17619DD22DD122D008B6759 /* DonateViewController.swift */ = {isa = PBXFileReference; fileEncoding = 4; lastKnownFileType = sourcecode.swift; name = DonateViewController.swift; path = controller/Donate/DonateViewController.swift; sourceTree = "<group>"; };
		F17619DF22DD1391008B6759 /* GetCouponViewController.swift */ = {isa = PBXFileReference; fileEncoding = 4; lastKnownFileType = sourcecode.swift; name = GetCouponViewController.swift; path = Controller/RestaurantDetails/GetCouponViewController.swift; sourceTree = "<group>"; };
		F17619E122DD13B3008B6759 /* RestaurantDetailsViewController.swift */ = {isa = PBXFileReference; fileEncoding = 4; lastKnownFileType = sourcecode.swift; name = RestaurantDetailsViewController.swift; path = Controller/RestaurantDetails/RestaurantDetailsViewController.swift; sourceTree = "<group>"; };
		F17619E322DD1411008B6759 /* RoundedButton.swift */ = {isa = PBXFileReference; fileEncoding = 4; lastKnownFileType = sourcecode.swift; name = RoundedButton.swift; path = Extension/RoundedButton.swift; sourceTree = "<group>"; };
		F17619E422DD1411008B6759 /* RoundedImageView.swift */ = {isa = PBXFileReference; fileEncoding = 4; lastKnownFileType = sourcecode.swift; name = RoundedImageView.swift; path = Extension/RoundedImageView.swift; sourceTree = "<group>"; };
		F17619E722DD14AB008B6759 /* RecievedViewController.swift */ = {isa = PBXFileReference; fileEncoding = 4; lastKnownFileType = sourcecode.swift; name = RecievedViewController.swift; path = Controller/CouponsReceived/RecievedViewController.swift; sourceTree = "<group>"; };
		F17619E922DD14BC008B6759 /* CouponsDonatedVC.swift */ = {isa = PBXFileReference; fileEncoding = 4; lastKnownFileType = sourcecode.swift; name = CouponsDonatedVC.swift; path = Controller/CouponsDonated/CouponsDonatedVC.swift; sourceTree = "<group>"; };
		F17619EB22DD14E3008B6759 /* GenerationNewPasswordViewController.swift */ = {isa = PBXFileReference; fileEncoding = 4; lastKnownFileType = sourcecode.swift; name = GenerationNewPasswordViewController.swift; path = Controller/RegisterLoginScreen/GenerationNewPasswordViewController.swift; sourceTree = "<group>"; };
		F17619EC22DD14E3008B6759 /* RegisterandLoginViewController.swift */ = {isa = PBXFileReference; fileEncoding = 4; lastKnownFileType = sourcecode.swift; name = RegisterandLoginViewController.swift; path = Controller/RegisterLoginScreen/RegisterandLoginViewController.swift; sourceTree = "<group>"; };
		F17619ED22DD14E3008B6759 /* ResetPasswordViewController.swift */ = {isa = PBXFileReference; fileEncoding = 4; lastKnownFileType = sourcecode.swift; name = ResetPasswordViewController.swift; path = Controller/RegisterLoginScreen/ResetPasswordViewController.swift; sourceTree = "<group>"; };
		F17619F122DD1568008B6759 /* FeedbackSuccess.xib */ = {isa = PBXFileReference; fileEncoding = 4; lastKnownFileType = file.xib; name = FeedbackSuccess.xib; path = View/Landing/FeedbackSuccess.xib; sourceTree = "<group>"; };
		F17619F222DD1568008B6759 /* FeedbackSuccessView.swift */ = {isa = PBXFileReference; fileEncoding = 4; lastKnownFileType = sourcecode.swift; name = FeedbackSuccessView.swift; path = View/Landing/FeedbackSuccessView.swift; sourceTree = "<group>"; };
		F17619F322DD1568008B6759 /* Landing.storyboard */ = {isa = PBXFileReference; fileEncoding = 4; lastKnownFileType = file.storyboard; name = Landing.storyboard; path = View/Landing/Landing.storyboard; sourceTree = "<group>"; };
		F17619F722DD169B008B6759 /* RestaurantCell.swift */ = {isa = PBXFileReference; fileEncoding = 4; lastKnownFileType = sourcecode.swift; name = RestaurantCell.swift; path = View/RestaurantList/RestaurantCell.swift; sourceTree = "<group>"; };
		F17619F922DD1754008B6759 /* RegisterAndLogin.storyboard */ = {isa = PBXFileReference; fileEncoding = 4; lastKnownFileType = file.storyboard; name = RegisterAndLogin.storyboard; path = View/RegisterLoginScreen/RegisterAndLogin.storyboard; sourceTree = "<group>"; };
		F17619FA22DD1754008B6759 /* ResetPassword.storyboard */ = {isa = PBXFileReference; fileEncoding = 4; lastKnownFileType = file.storyboard; name = ResetPassword.storyboard; path = View/RegisterLoginScreen/ResetPassword.storyboard; sourceTree = "<group>"; };
		F17619FB22DD1754008B6759 /* SignInView.swift */ = {isa = PBXFileReference; fileEncoding = 4; lastKnownFileType = sourcecode.swift; name = SignInView.swift; path = View/RegisterLoginScreen/SignInView.swift; sourceTree = "<group>"; };
		F17619FC22DD1754008B6759 /* SignUpView.swift */ = {isa = PBXFileReference; fileEncoding = 4; lastKnownFileType = sourcecode.swift; name = SignUpView.swift; path = View/RegisterLoginScreen/SignUpView.swift; sourceTree = "<group>"; };
		F1761A0122DD17B5008B6759 /* UserProfile.storyboard */ = {isa = PBXFileReference; fileEncoding = 4; lastKnownFileType = file.storyboard; name = UserProfile.storyboard; path = View/UserProfile/UserProfile.storyboard; sourceTree = "<group>"; };
		F1761A0322DD17E0008B6759 /* Donate.storyboard */ = {isa = PBXFileReference; fileEncoding = 4; lastKnownFileType = file.storyboard; name = Donate.storyboard; path = View/Donate/Donate.storyboard; sourceTree = "<group>"; };
		F1761A0722DD18DF008B6759 /* ATableViewCell.swift */ = {isa = PBXFileReference; fileEncoding = 4; lastKnownFileType = sourcecode.swift; name = ATableViewCell.swift; path = View/CouponsDonated/ATableViewCell.swift; sourceTree = "<group>"; };
		F1761A0822DD18DF008B6759 /* ATableViewCell.xib */ = {isa = PBXFileReference; fileEncoding = 4; lastKnownFileType = file.xib; name = ATableViewCell.xib; path = View/CouponsDonated/ATableViewCell.xib; sourceTree = "<group>"; };
		F1761A0922DD18DF008B6759 /* CouponsDonated.storyboard */ = {isa = PBXFileReference; fileEncoding = 4; lastKnownFileType = file.storyboard; name = CouponsDonated.storyboard; path = View/CouponsDonated/CouponsDonated.storyboard; sourceTree = "<group>"; };
		F1761A0A22DD18DF008B6759 /* ReservedViewCell.swift */ = {isa = PBXFileReference; fileEncoding = 4; lastKnownFileType = sourcecode.swift; name = ReservedViewCell.swift; path = View/CouponsDonated/ReservedViewCell.swift; sourceTree = "<group>"; };
		F1761A0B22DD18DF008B6759 /* ReservedViewCell.xib */ = {isa = PBXFileReference; fileEncoding = 4; lastKnownFileType = file.xib; name = ReservedViewCell.xib; path = View/CouponsDonated/ReservedViewCell.xib; sourceTree = "<group>"; };
		F1761A0C22DD18DF008B6759 /* UsedViewCell.swift */ = {isa = PBXFileReference; fileEncoding = 4; lastKnownFileType = sourcecode.swift; name = UsedViewCell.swift; path = View/CouponsDonated/UsedViewCell.swift; sourceTree = "<group>"; };
		F1761A0D22DD18DF008B6759 /* UsedViewCell.xib */ = {isa = PBXFileReference; fileEncoding = 4; lastKnownFileType = file.xib; name = UsedViewCell.xib; path = View/CouponsDonated/UsedViewCell.xib; sourceTree = "<group>"; };
		F1761A1522DD1933008B6759 /* MealCell.swift */ = {isa = PBXFileReference; fileEncoding = 4; lastKnownFileType = sourcecode.swift; name = MealCell.swift; path = View/RestaurantDetails/MealCell.swift; sourceTree = "<group>"; };
		F1761A1622DD1933008B6759 /* RestaurantDetailsCell.swift */ = {isa = PBXFileReference; fileEncoding = 4; lastKnownFileType = sourcecode.swift; name = RestaurantDetailsCell.swift; path = View/RestaurantDetails/RestaurantDetailsCell.swift; sourceTree = "<group>"; };
		F1761A1722DD1933008B6759 /* RestaurantInfo.storyboard */ = {isa = PBXFileReference; fileEncoding = 4; lastKnownFileType = file.storyboard; name = RestaurantInfo.storyboard; path = View/RestaurantDetails/RestaurantInfo.storyboard; sourceTree = "<group>"; };
		F1761A1B22DD19C9008B6759 /* DesignableFile.swift */ = {isa = PBXFileReference; fileEncoding = 4; lastKnownFileType = sourcecode.swift; name = DesignableFile.swift; path = Extension/DesignableFile.swift; sourceTree = "<group>"; };
		F1761A1D22DD19EA008B6759 /* CopounsRecieved.storyboard */ = {isa = PBXFileReference; fileEncoding = 4; lastKnownFileType = file.storyboard; name = CopounsRecieved.storyboard; path = View/CouponsReceived/CopounsRecieved.storyboard; sourceTree = "<group>"; };
		F1761A1E22DD19EA008B6759 /* CouponCollectionViewCell.swift */ = {isa = PBXFileReference; fileEncoding = 4; lastKnownFileType = sourcecode.swift; name = CouponCollectionViewCell.swift; path = View/CouponsReceived/CouponCollectionViewCell.swift; sourceTree = "<group>"; };
		F1761A1F22DD19EA008B6759 /* CouponCollectionViewCell.xib */ = {isa = PBXFileReference; fileEncoding = 4; lastKnownFileType = file.xib; name = CouponCollectionViewCell.xib; path = View/CouponsReceived/CouponCollectionViewCell.xib; sourceTree = "<group>"; };
		F1761A2722DD1B12008B6759 /* RestaurantsList.storyboard */ = {isa = PBXFileReference; fileEncoding = 4; lastKnownFileType = file.storyboard; name = RestaurantsList.storyboard; path = View/RestaurantList/RestaurantsList.storyboard; sourceTree = "<group>"; };
		F17C3FD0229D3850005A449E /* CoreLocation.framework */ = {isa = PBXFileReference; lastKnownFileType = wrapper.framework; name = CoreLocation.framework; path = System/Library/Frameworks/CoreLocation.framework; sourceTree = SDKROOT; };
/* End PBXFileReference section */

/* Begin PBXFrameworksBuildPhase section */
		E2029CE122836B6C007BA6A1 /* Frameworks */ = {
			isa = PBXFrameworksBuildPhase;
			buildActionMask = 2147483647;
			files = (
				F17C3FD1229D3850005A449E /* CoreLocation.framework in Frameworks */,
				C7EE519B2AC1E41C3A64F79D /* Pods_Et3am.framework in Frameworks */,
			);
			runOnlyForDeploymentPostprocessing = 0;
		};
		E2029CF822836B6E007BA6A1 /* Frameworks */ = {
			isa = PBXFrameworksBuildPhase;
			buildActionMask = 2147483647;
			files = (
				8F97F34A28B2889B14749CDF /* Pods_Et3amTests.framework in Frameworks */,
			);
			runOnlyForDeploymentPostprocessing = 0;
		};
		E2029D0322836B6E007BA6A1 /* Frameworks */ = {
			isa = PBXFrameworksBuildPhase;
			buildActionMask = 2147483647;
			files = (
				B7D38E57E8811864E2E01BFA /* Pods_Et3amUITests.framework in Frameworks */,
			);
			runOnlyForDeploymentPostprocessing = 0;
		};
/* End PBXFrameworksBuildPhase section */

/* Begin PBXGroup section */
		211644A7228C490C009AA2BB /* NetworkLayer */ = {
			isa = PBXGroup;
			children = (
				F17619BD22DD107F008B6759 /* CouponDao.swift */,
				F17619BE22DD107F008B6759 /* Et3amAPI.swift */,
				F17619BF22DD107F008B6759 /* InquiryLayer.swift */,
				F17619C022DD107F008B6759 /* RestaurantDao.swift */,
				F17619C122DD107F008B6759 /* UserDao.swift */,
				F17619C222DD107F008B6759 /* UserHelper.swift */,
				F17619BB22DD0F77008B6759 /* ImageAPI.swift */,
			);
			name = NetworkLayer;
			sourceTree = "<group>";
		};
		2117FBE0229D48B80099DE05 /* Extension */ = {
			isa = PBXGroup;
			children = (
				F1761A1B22DD19C9008B6759 /* DesignableFile.swift */,
				F17619E322DD1411008B6759 /* RoundedButton.swift */,
				F17619E422DD1411008B6759 /* RoundedImageView.swift */,
				F17619C922DD10B6008B6759 /* UILabel.swift */,
				F17619CA22DD10B6008B6759 /* UIView.swift */,
				F17619CB22DD10B6008B6759 /* UIViewController.swift */,
				E25C3FBD22CB6404004DB1E0 /* UIColor.swift */,
			);
			name = Extension;
			sourceTree = "<group>";
		};
		44B6F25BBA14F8E184940AFD /* Pods */ = {
			isa = PBXGroup;
			children = (
				D0408BBCF587B0F4830C0B02 /* Pods-Et3am.debug.xcconfig */,
				594CCC07588F84D16ABEFC13 /* Pods-Et3am.release.xcconfig */,
				9BE64D471C0E7CBFCB70569C /* Pods-Et3amTests.debug.xcconfig */,
				CA559F458049617FA7D4534A /* Pods-Et3amTests.release.xcconfig */,
				2964356AE08F41DE5941CC48 /* Pods-Et3amUITests.debug.xcconfig */,
				C96F7DDC362390058818DD45 /* Pods-Et3amUITests.release.xcconfig */,
			);
			path = Pods;
			sourceTree = "<group>";
		};
		72E0C1BC5518452B36546A4B /* Frameworks */ = {
			isa = PBXGroup;
			children = (
				F17C3FD0229D3850005A449E /* CoreLocation.framework */,
				693E598950506D287CF64D8D /* Pods_Et3am.framework */,
				5B2B04E14B268BE19AA18B5F /* Pods_Et3amTests.framework */,
				03C870E401F2CB162131A79B /* Pods_Et3amUITests.framework */,
			);
			name = Frameworks;
			sourceTree = "<group>";
		};
		A24FE2AB2287691B00E7C03A /* Pojo */ = {
			isa = PBXGroup;
			children = (
				F17619A922DD0F5F008B6759 /* Admin.swift */,
				F17619AA22DD0F5F008B6759 /* Coupon.swift */,
				F17619AB22DD0F5F008B6759 /* Fakka.swift */,
				F17619AC22DD0F5F008B6759 /* Meal.swift */,
				F17619AD22DD0F5F008B6759 /* ReservedCoupon.swift */,
				F17619AE22DD0F5F008B6759 /* Restaurant.swift */,
				F17619AF22DD0F5F008B6759 /* UsedCoupon.swift */,
				F17619B022DD0F5F008B6759 /* User.swift */,
				F17619B122DD0F5F008B6759 /* UserSummary.swift */,
			);
			name = Pojo;
			sourceTree = "<group>";
		};
		E2029CDB22836B6C007BA6A1 = {
			isa = PBXGroup;
			children = (
				E2029CE622836B6D007BA6A1 /* Et3am */,
				E2029CFE22836B6E007BA6A1 /* Et3amTests */,
				E2029D0922836B6E007BA6A1 /* Et3amUITests */,
				E2029CE522836B6D007BA6A1 /* Products */,
				44B6F25BBA14F8E184940AFD /* Pods */,
				72E0C1BC5518452B36546A4B /* Frameworks */,
			);
			sourceTree = "<group>";
		};
		E2029CE522836B6D007BA6A1 /* Products */ = {
			isa = PBXGroup;
			children = (
				E2029CE422836B6D007BA6A1 /* Et3am.app */,
				E2029CFB22836B6E007BA6A1 /* Et3amTests.xctest */,
				E2029D0622836B6E007BA6A1 /* Et3amUITests.xctest */,
			);
			name = Products;
			sourceTree = "<group>";
		};
		E2029CE622836B6D007BA6A1 /* Et3am */ = {
			isa = PBXGroup;
			children = (
				F176199322DCEE8D008B6759 /* View */,
				E2029D192283750C007BA6A1 /* Model */,
				E2029D1822837503007BA6A1 /* Controller */,
				E27E3B42228C877200BF5DC2 /* SupportingFiles */,
			);
			path = Et3am;
			sourceTree = "<group>";
		};
		E2029CFE22836B6E007BA6A1 /* Et3amTests */ = {
			isa = PBXGroup;
			children = (
				E2029CFF22836B6E007BA6A1 /* Et3amTests.swift */,
				E2029D0122836B6E007BA6A1 /* Info.plist */,
			);
			path = Et3amTests;
			sourceTree = "<group>";
		};
		E2029D0922836B6E007BA6A1 /* Et3amUITests */ = {
			isa = PBXGroup;
			children = (
				E2029D0A22836B6E007BA6A1 /* Et3amUITests.swift */,
				E2029D0C22836B6E007BA6A1 /* Info.plist */,
			);
			path = Et3amUITests;
			sourceTree = "<group>";
		};
		E2029D1822837503007BA6A1 /* Controller */ = {
			isa = PBXGroup;
			children = (
				E210689722BEC64400A9AD4F /* Landing */,
				E21DAF9E229BEA1000129F7D /* RestaurantList */,
				E2680028229AB8A2003EF0CC /* RegisterLoginScreen */,
				E20E07272299DEB300FEC852 /* UserProfile */,
				E268002A229AB939003EF0CC /* Donate */,
				E2680029229AB8FC003EF0CC /* CouponsReceived */,
				E20EF90B229B410D0093970D /* CouponsDonated */,
				E20EF90A229B40F50093970D /* RestaurantDetails */,
			);
			name = Controller;
			sourceTree = "<group>";
		};
		E2029D192283750C007BA6A1 /* Model */ = {
			isa = PBXGroup;
			children = (
				211644A7228C490C009AA2BB /* NetworkLayer */,
				A24FE2AB2287691B00E7C03A /* Pojo */,
			);
			name = Model;
			sourceTree = "<group>";
		};
		E20E07272299DEB300FEC852 /* UserProfile */ = {
			isa = PBXGroup;
			children = (
				F17619D722DD1201008B6759 /* ChangePasswordViewController.swift */,
				F17619D822DD1201008B6759 /* UserProfileViewController.swift */,
				F17619D922DD1201008B6759 /* VerificationViewController.swift */,
			);
			name = UserProfile;
			sourceTree = "<group>";
		};
		E20EF90A229B40F50093970D /* RestaurantDetails */ = {
			isa = PBXGroup;
			children = (
				F17619E122DD13B3008B6759 /* RestaurantDetailsViewController.swift */,
				F17619DF22DD1391008B6759 /* GetCouponViewController.swift */,
			);
			name = RestaurantDetails;
			sourceTree = "<group>";
		};
		E20EF90B229B410D0093970D /* CouponsDonated */ = {
			isa = PBXGroup;
			children = (
				F17619E922DD14BC008B6759 /* CouponsDonatedVC.swift */,
			);
			name = CouponsDonated;
			sourceTree = "<group>";
		};
		E210689722BEC64400A9AD4F /* Landing */ = {
			isa = PBXGroup;
			children = (
				F17619D322DD1145008B6759 /* LandingViewController.swift */,
				F17619D422DD1145008B6759 /* SendFeedbackVC.swift */,
			);
			name = Landing;
			sourceTree = "<group>";
		};
		E21DAF9E229BEA1000129F7D /* RestaurantList */ = {
			isa = PBXGroup;
			children = (
				F17619CF22DD1126008B6759 /* ExtensionRestaurantListVC.swift */,
				F17619D022DD1126008B6759 /* RestaurantsListVC.swift */,
			);
			name = RestaurantList;
			sourceTree = "<group>";
		};
		E21DAF9F229BEBFE00129F7D /* LaunchScreen */ = {
			isa = PBXGroup;
			children = (
				E2029CF322836B6D007BA6A1 /* LaunchScreen.storyboard */,
			);
			name = LaunchScreen;
			sourceTree = "<group>";
		};
		E2680028229AB8A2003EF0CC /* RegisterLoginScreen */ = {
			isa = PBXGroup;
			children = (
				F17619EB22DD14E3008B6759 /* GenerationNewPasswordViewController.swift */,
				F17619EC22DD14E3008B6759 /* RegisterandLoginViewController.swift */,
				F17619ED22DD14E3008B6759 /* ResetPasswordViewController.swift */,
			);
			name = RegisterLoginScreen;
			sourceTree = "<group>";
		};
		E2680029229AB8FC003EF0CC /* CouponsReceived */ = {
			isa = PBXGroup;
			children = (
				F17619E722DD14AB008B6759 /* RecievedViewController.swift */,
			);
			name = CouponsReceived;
			sourceTree = "<group>";
		};
		E268002A229AB939003EF0CC /* Donate */ = {
			isa = PBXGroup;
			children = (
				F17619DD22DD122D008B6759 /* DonateViewController.swift */,
			);
			name = Donate;
			sourceTree = "<group>";
		};
		E27E3B42228C877200BF5DC2 /* SupportingFiles */ = {
			isa = PBXGroup;
			children = (
				F176199E22DCF62B008B6759 /* AppDelegate.swift */,
				F176199C22DCF0E0008B6759 /* Helper.swift */,
				F17619A522DCF673008B6759 /* Et3am.xcdatamodeld */,
				F17619A222DCF657008B6759 /* Info.plist */,
				F17619A422DCF673008B6759 /* Assets.xcassets */,
			);
			name = SupportingFiles;
			sourceTree = "<group>";
		};
		F176199322DCEE8D008B6759 /* View */ = {
			isa = PBXGroup;
			children = (
				F176199B22DCF047008B6759 /* Landing */,
				E21DAF9F229BEBFE00129F7D /* LaunchScreen */,
				F176199A22DCF018008B6759 /* RestaurantList */,
				F176199922DCEFCD008B6759 /* RegisterLoginScreen */,
				F176199822DCEFAD008B6759 /* UserProfile */,
				F176199722DCEF99008B6759 /* Donate */,
				F176199622DCEF4B008B6759 /* CouponsReceived */,
				F176199522DCEF10008B6759 /* CouponsDonated */,
				F176199422DCEEE8008B6759 /* RestaurantDetails */,
				2117FBE0229D48B80099DE05 /* Extension */,
			);
			name = View;
			sourceTree = "<group>";
		};
		F176199422DCEEE8008B6759 /* RestaurantDetails */ = {
			isa = PBXGroup;
			children = (
				F1761A1522DD1933008B6759 /* MealCell.swift */,
				F1761A1622DD1933008B6759 /* RestaurantDetailsCell.swift */,
				F1761A1722DD1933008B6759 /* RestaurantInfo.storyboard */,
			);
			name = RestaurantDetails;
			sourceTree = "<group>";
		};
		F176199522DCEF10008B6759 /* CouponsDonated */ = {
			isa = PBXGroup;
			children = (
				F1761A0722DD18DF008B6759 /* ATableViewCell.swift */,
				F1761A0822DD18DF008B6759 /* ATableViewCell.xib */,
				F1761A0922DD18DF008B6759 /* CouponsDonated.storyboard */,
				F1761A0A22DD18DF008B6759 /* ReservedViewCell.swift */,
				F1761A0B22DD18DF008B6759 /* ReservedViewCell.xib */,
				F1761A0C22DD18DF008B6759 /* UsedViewCell.swift */,
				F1761A0D22DD18DF008B6759 /* UsedViewCell.xib */,
			);
			name = CouponsDonated;
			sourceTree = "<group>";
		};
		F176199622DCEF4B008B6759 /* CouponsReceived */ = {
			isa = PBXGroup;
			children = (
				F1761A1D22DD19EA008B6759 /* CopounsRecieved.storyboard */,
				F1761A1E22DD19EA008B6759 /* CouponCollectionViewCell.swift */,
				F1761A1F22DD19EA008B6759 /* CouponCollectionViewCell.xib */,
			);
			name = CouponsReceived;
			sourceTree = "<group>";
		};
		F176199722DCEF99008B6759 /* Donate */ = {
			isa = PBXGroup;
			children = (
				F1761A0322DD17E0008B6759 /* Donate.storyboard */,
			);
			name = Donate;
			sourceTree = "<group>";
		};
		F176199822DCEFAD008B6759 /* UserProfile */ = {
			isa = PBXGroup;
			children = (
				F1761A0122DD17B5008B6759 /* UserProfile.storyboard */,
			);
			name = UserProfile;
			sourceTree = "<group>";
		};
		F176199922DCEFCD008B6759 /* RegisterLoginScreen */ = {
			isa = PBXGroup;
			children = (
				F17619F922DD1754008B6759 /* RegisterAndLogin.storyboard */,
				F17619FA22DD1754008B6759 /* ResetPassword.storyboard */,
				F17619FB22DD1754008B6759 /* SignInView.swift */,
				F17619FC22DD1754008B6759 /* SignUpView.swift */,
			);
			name = RegisterLoginScreen;
			sourceTree = "<group>";
		};
		F176199A22DCF018008B6759 /* RestaurantList */ = {
			isa = PBXGroup;
			children = (
				F1761A2722DD1B12008B6759 /* RestaurantsList.storyboard */,
				F17619F722DD169B008B6759 /* RestaurantCell.swift */,
			);
			name = RestaurantList;
			sourceTree = "<group>";
		};
		F176199B22DCF047008B6759 /* Landing */ = {
			isa = PBXGroup;
			children = (
				F17619F122DD1568008B6759 /* FeedbackSuccess.xib */,
				F17619F222DD1568008B6759 /* FeedbackSuccessView.swift */,
				F17619F322DD1568008B6759 /* Landing.storyboard */,
			);
			name = Landing;
			sourceTree = "<group>";
		};
/* End PBXGroup section */

/* Begin PBXNativeTarget section */
		E2029CE322836B6C007BA6A1 /* Et3am */ = {
			isa = PBXNativeTarget;
			buildConfigurationList = E2029D0F22836B6E007BA6A1 /* Build configuration list for PBXNativeTarget "Et3am" */;
			buildPhases = (
				CCD4544D7EB00341533FF775 /* [CP] Check Pods Manifest.lock */,
				E2029CE022836B6C007BA6A1 /* Sources */,
				E2029CE122836B6C007BA6A1 /* Frameworks */,
				E2029CE222836B6C007BA6A1 /* Resources */,
				4E5DA03AD8B9AA5376169EFD /* [CP] Embed Pods Frameworks */,
			);
			buildRules = (
			);
			dependencies = (
			);
			name = Et3am;
			productName = Et3am;
			productReference = E2029CE422836B6D007BA6A1 /* Et3am.app */;
			productType = "com.apple.product-type.application";
		};
		E2029CFA22836B6E007BA6A1 /* Et3amTests */ = {
			isa = PBXNativeTarget;
			buildConfigurationList = E2029D1222836B6E007BA6A1 /* Build configuration list for PBXNativeTarget "Et3amTests" */;
			buildPhases = (
				08EFEECFDC2C3A719387B4E6 /* [CP] Check Pods Manifest.lock */,
				E2029CF722836B6E007BA6A1 /* Sources */,
				E2029CF822836B6E007BA6A1 /* Frameworks */,
				E2029CF922836B6E007BA6A1 /* Resources */,
			);
			buildRules = (
			);
			dependencies = (
				E2029CFD22836B6E007BA6A1 /* PBXTargetDependency */,
			);
			name = Et3amTests;
			productName = Et3amTests;
			productReference = E2029CFB22836B6E007BA6A1 /* Et3amTests.xctest */;
			productType = "com.apple.product-type.bundle.unit-test";
		};
		E2029D0522836B6E007BA6A1 /* Et3amUITests */ = {
			isa = PBXNativeTarget;
			buildConfigurationList = E2029D1522836B6E007BA6A1 /* Build configuration list for PBXNativeTarget "Et3amUITests" */;
			buildPhases = (
				D24F746CF0FC37C63CF4AF03 /* [CP] Check Pods Manifest.lock */,
				E2029D0222836B6E007BA6A1 /* Sources */,
				E2029D0322836B6E007BA6A1 /* Frameworks */,
				E2029D0422836B6E007BA6A1 /* Resources */,
			);
			buildRules = (
			);
			dependencies = (
				E2029D0822836B6E007BA6A1 /* PBXTargetDependency */,
			);
			name = Et3amUITests;
			productName = Et3amUITests;
			productReference = E2029D0622836B6E007BA6A1 /* Et3amUITests.xctest */;
			productType = "com.apple.product-type.bundle.ui-testing";
		};
/* End PBXNativeTarget section */

/* Begin PBXProject section */
		E2029CDC22836B6C007BA6A1 /* Project object */ = {
			isa = PBXProject;
			attributes = {
				LastSwiftUpdateCheck = 0820;
				LastUpgradeCheck = 0820;
				ORGANIZATIONNAME = "Ahmed M. Hassan";
				TargetAttributes = {
					E2029CE322836B6C007BA6A1 = {
						CreatedOnToolsVersion = 8.2.1;
						DevelopmentTeam = JUUZV79G5F;
						ProvisioningStyle = Automatic;
					};
					E2029CFA22836B6E007BA6A1 = {
						CreatedOnToolsVersion = 8.2.1;
						ProvisioningStyle = Automatic;
						TestTargetID = E2029CE322836B6C007BA6A1;
					};
					E2029D0522836B6E007BA6A1 = {
						CreatedOnToolsVersion = 8.2.1;
						ProvisioningStyle = Automatic;
						TestTargetID = E2029CE322836B6C007BA6A1;
					};
				};
			};
			buildConfigurationList = E2029CDF22836B6C007BA6A1 /* Build configuration list for PBXProject "Et3am" */;
			compatibilityVersion = "Xcode 3.2";
			developmentRegion = English;
			hasScannedForEncodings = 0;
			knownRegions = (
				en,
				Base,
			);
			mainGroup = E2029CDB22836B6C007BA6A1;
			productRefGroup = E2029CE522836B6D007BA6A1 /* Products */;
			projectDirPath = "";
			projectRoot = "";
			targets = (
				E2029CE322836B6C007BA6A1 /* Et3am */,
				E2029CFA22836B6E007BA6A1 /* Et3amTests */,
				E2029D0522836B6E007BA6A1 /* Et3amUITests */,
			);
		};
/* End PBXProject section */

/* Begin PBXResourcesBuildPhase section */
		E2029CE222836B6C007BA6A1 /* Resources */ = {
			isa = PBXResourcesBuildPhase;
			buildActionMask = 2147483647;
			files = (
				F1761A1222DD18DF008B6759 /* ReservedViewCell.xib in Resources */,
				F1761A2822DD1B12008B6759 /* RestaurantsList.storyboard in Resources */,
				E2029CF522836B6D007BA6A1 /* LaunchScreen.storyboard in Resources */,
				F1761A1422DD18DF008B6759 /* UsedViewCell.xib in Resources */,
				F17619F622DD1568008B6759 /* Landing.storyboard in Resources */,
				F1761A0F22DD18DF008B6759 /* ATableViewCell.xib in Resources */,
				F1761A0222DD17B5008B6759 /* UserProfile.storyboard in Resources */,
				F1761A2422DD19EA008B6759 /* CouponCollectionViewCell.xib in Resources */,
				F17619F422DD1568008B6759 /* FeedbackSuccess.xib in Resources */,
				F1761A1A22DD1933008B6759 /* RestaurantInfo.storyboard in Resources */,
				F1761A0522DD17E0008B6759 /* Donate.storyboard in Resources */,
				F17619A322DCF657008B6759 /* Info.plist in Resources */,
				F17619FE22DD1754008B6759 /* ResetPassword.storyboard in Resources */,
				F1761A2222DD19EA008B6759 /* CopounsRecieved.storyboard in Resources */,
				F17619FD22DD1754008B6759 /* RegisterAndLogin.storyboard in Resources */,
				F17619A722DCF673008B6759 /* Assets.xcassets in Resources */,
				F1761A1022DD18DF008B6759 /* CouponsDonated.storyboard in Resources */,
			);
			runOnlyForDeploymentPostprocessing = 0;
		};
		E2029CF922836B6E007BA6A1 /* Resources */ = {
			isa = PBXResourcesBuildPhase;
			buildActionMask = 2147483647;
			files = (
			);
			runOnlyForDeploymentPostprocessing = 0;
		};
		E2029D0422836B6E007BA6A1 /* Resources */ = {
			isa = PBXResourcesBuildPhase;
			buildActionMask = 2147483647;
			files = (
			);
			runOnlyForDeploymentPostprocessing = 0;
		};
/* End PBXResourcesBuildPhase section */

/* Begin PBXShellScriptBuildPhase section */
		08EFEECFDC2C3A719387B4E6 /* [CP] Check Pods Manifest.lock */ = {
			isa = PBXShellScriptBuildPhase;
			buildActionMask = 2147483647;
			files = (
			);
			inputPaths = (
				"${PODS_PODFILE_DIR_PATH}/Podfile.lock",
				"${PODS_ROOT}/Manifest.lock",
			);
			name = "[CP] Check Pods Manifest.lock";
			outputPaths = (
				"$(DERIVED_FILE_DIR)/Pods-Et3amTests-checkManifestLockResult.txt",
			);
			runOnlyForDeploymentPostprocessing = 0;
			shellPath = /bin/sh;
			shellScript = "diff \"${PODS_PODFILE_DIR_PATH}/Podfile.lock\" \"${PODS_ROOT}/Manifest.lock\" > /dev/null\nif [ $? != 0 ] ; then\n    # print error to STDERR\n    echo \"error: The sandbox is not in sync with the Podfile.lock. Run 'pod install' or update your CocoaPods installation.\" >&2\n    exit 1\nfi\n# This output is used by Xcode 'outputs' to avoid re-running this script phase.\necho \"SUCCESS\" > \"${SCRIPT_OUTPUT_FILE_0}\"\n";
			showEnvVarsInLog = 0;
		};
		4E5DA03AD8B9AA5376169EFD /* [CP] Embed Pods Frameworks */ = {
			isa = PBXShellScriptBuildPhase;
			buildActionMask = 2147483647;
			files = (
			);
			inputPaths = (
				"${PODS_ROOT}/Target Support Files/Pods-Et3am/Pods-Et3am-frameworks.sh",
				"${BUILT_PRODUCTS_DIR}/Alamofire/Alamofire.framework",
				"${BUILT_PRODUCTS_DIR}/ChameleonFramework/ChameleonFramework.framework",
				"${BUILT_PRODUCTS_DIR}/PullToRefreshKit/PullToRefreshKit.framework",
				"${BUILT_PRODUCTS_DIR}/SDWebImage/SDWebImage.framework",
				"${BUILT_PRODUCTS_DIR}/SVProgressHUD/SVProgressHUD.framework",
				"${BUILT_PRODUCTS_DIR}/SwiftyJSON/SwiftyJSON.framework",
			);
			name = "[CP] Embed Pods Frameworks";
			outputPaths = (
				"${TARGET_BUILD_DIR}/${FRAMEWORKS_FOLDER_PATH}/Alamofire.framework",
				"${TARGET_BUILD_DIR}/${FRAMEWORKS_FOLDER_PATH}/ChameleonFramework.framework",
				"${TARGET_BUILD_DIR}/${FRAMEWORKS_FOLDER_PATH}/PullToRefreshKit.framework",
				"${TARGET_BUILD_DIR}/${FRAMEWORKS_FOLDER_PATH}/SDWebImage.framework",
				"${TARGET_BUILD_DIR}/${FRAMEWORKS_FOLDER_PATH}/SVProgressHUD.framework",
				"${TARGET_BUILD_DIR}/${FRAMEWORKS_FOLDER_PATH}/SwiftyJSON.framework",
			);
			runOnlyForDeploymentPostprocessing = 0;
			shellPath = /bin/sh;
			shellScript = "\"${PODS_ROOT}/Target Support Files/Pods-Et3am/Pods-Et3am-frameworks.sh\"\n";
			showEnvVarsInLog = 0;
		};
		CCD4544D7EB00341533FF775 /* [CP] Check Pods Manifest.lock */ = {
			isa = PBXShellScriptBuildPhase;
			buildActionMask = 2147483647;
			files = (
			);
			inputPaths = (
				"${PODS_PODFILE_DIR_PATH}/Podfile.lock",
				"${PODS_ROOT}/Manifest.lock",
			);
			name = "[CP] Check Pods Manifest.lock";
			outputPaths = (
				"$(DERIVED_FILE_DIR)/Pods-Et3am-checkManifestLockResult.txt",
			);
			runOnlyForDeploymentPostprocessing = 0;
			shellPath = /bin/sh;
			shellScript = "diff \"${PODS_PODFILE_DIR_PATH}/Podfile.lock\" \"${PODS_ROOT}/Manifest.lock\" > /dev/null\nif [ $? != 0 ] ; then\n    # print error to STDERR\n    echo \"error: The sandbox is not in sync with the Podfile.lock. Run 'pod install' or update your CocoaPods installation.\" >&2\n    exit 1\nfi\n# This output is used by Xcode 'outputs' to avoid re-running this script phase.\necho \"SUCCESS\" > \"${SCRIPT_OUTPUT_FILE_0}\"\n";
			showEnvVarsInLog = 0;
		};
		D24F746CF0FC37C63CF4AF03 /* [CP] Check Pods Manifest.lock */ = {
			isa = PBXShellScriptBuildPhase;
			buildActionMask = 2147483647;
			files = (
			);
			inputPaths = (
				"${PODS_PODFILE_DIR_PATH}/Podfile.lock",
				"${PODS_ROOT}/Manifest.lock",
			);
			name = "[CP] Check Pods Manifest.lock";
			outputPaths = (
				"$(DERIVED_FILE_DIR)/Pods-Et3amUITests-checkManifestLockResult.txt",
			);
			runOnlyForDeploymentPostprocessing = 0;
			shellPath = /bin/sh;
			shellScript = "diff \"${PODS_PODFILE_DIR_PATH}/Podfile.lock\" \"${PODS_ROOT}/Manifest.lock\" > /dev/null\nif [ $? != 0 ] ; then\n    # print error to STDERR\n    echo \"error: The sandbox is not in sync with the Podfile.lock. Run 'pod install' or update your CocoaPods installation.\" >&2\n    exit 1\nfi\n# This output is used by Xcode 'outputs' to avoid re-running this script phase.\necho \"SUCCESS\" > \"${SCRIPT_OUTPUT_FILE_0}\"\n";
			showEnvVarsInLog = 0;
		};
/* End PBXShellScriptBuildPhase section */

/* Begin PBXSourcesBuildPhase section */
		E2029CE022836B6C007BA6A1 /* Sources */ = {
			isa = PBXSourcesBuildPhase;
			buildActionMask = 2147483647;
			files = (
				F1761A1C22DD19C9008B6759 /* DesignableFile.swift in Sources */,
				F17619E822DD14AB008B6759 /* RecievedViewController.swift in Sources */,
				F1761A0E22DD18DF008B6759 /* ATableViewCell.swift in Sources */,
				F17619B722DD0F5F008B6759 /* Restaurant.swift in Sources */,
				F1761A1822DD1933008B6759 /* MealCell.swift in Sources */,
				F17619DE22DD122D008B6759 /* DonateViewController.swift in Sources */,
				F17619D122DD1126008B6759 /* ExtensionRestaurantListVC.swift in Sources */,
				F176199D22DCF0E0008B6759 /* Helper.swift in Sources */,
				F17619D622DD1145008B6759 /* SendFeedbackVC.swift in Sources */,
				F1761A1322DD18DF008B6759 /* UsedViewCell.swift in Sources */,
				F17619FF22DD1754008B6759 /* SignInView.swift in Sources */,
				F17619F822DD169B008B6759 /* RestaurantCell.swift in Sources */,
				F1761A0022DD1754008B6759 /* SignUpView.swift in Sources */,
				F17619CD22DD10B6008B6759 /* UIView.swift in Sources */,
				F1761A1922DD1933008B6759 /* RestaurantDetailsCell.swift in Sources */,
				F17619E222DD13B3008B6759 /* RestaurantDetailsViewController.swift in Sources */,
				F1761A2322DD19EA008B6759 /* CouponCollectionViewCell.swift in Sources */,
				F17619CE22DD10B6008B6759 /* UIViewController.swift in Sources */,
				F17619E022DD1391008B6759 /* GetCouponViewController.swift in Sources */,
				F17619B522DD0F5F008B6759 /* Meal.swift in Sources */,
				F17619B222DD0F5F008B6759 /* Admin.swift in Sources */,
				F17619DA22DD1201008B6759 /* ChangePasswordViewController.swift in Sources */,
				F17619B622DD0F5F008B6759 /* ReservedCoupon.swift in Sources */,
				F17619BC22DD0F77008B6759 /* ImageAPI.swift in Sources */,
				F17619D522DD1145008B6759 /* LandingViewController.swift in Sources */,
				F17619C622DD107F008B6759 /* RestaurantDao.swift in Sources */,
				F17619EA22DD14BC008B6759 /* CouponsDonatedVC.swift in Sources */,
				F17619C322DD107F008B6759 /* CouponDao.swift in Sources */,
				F17619BA22DD0F5F008B6759 /* UserSummary.swift in Sources */,
				F17619DB22DD1201008B6759 /* UserProfileViewController.swift in Sources */,
				F17619DC22DD1201008B6759 /* VerificationViewController.swift in Sources */,
				E25C3FBE22CB6405004DB1E0 /* UIColor.swift in Sources */,
				F17619C422DD107F008B6759 /* Et3amAPI.swift in Sources */,
				F17619E522DD1411008B6759 /* RoundedButton.swift in Sources */,
				F17619C522DD107F008B6759 /* InquiryLayer.swift in Sources */,
				F17619CC22DD10B6008B6759 /* UILabel.swift in Sources */,
				F17619B422DD0F5F008B6759 /* Fakka.swift in Sources */,
				F17619C722DD107F008B6759 /* UserDao.swift in Sources */,
				F17619E622DD1411008B6759 /* RoundedImageView.swift in Sources */,
				F17619B822DD0F5F008B6759 /* UsedCoupon.swift in Sources */,
				F17619C822DD107F008B6759 /* UserHelper.swift in Sources */,
				F17619F022DD14E3008B6759 /* ResetPasswordViewController.swift in Sources */,
				F17619F522DD1568008B6759 /* FeedbackSuccessView.swift in Sources */,
				F176199F22DCF62B008B6759 /* AppDelegate.swift in Sources */,
				F17619EF22DD14E3008B6759 /* RegisterandLoginViewController.swift in Sources */,
				F1761A1122DD18DF008B6759 /* ReservedViewCell.swift in Sources */,
				F17619A822DCF673008B6759 /* Et3am.xcdatamodeld in Sources */,
				F17619B322DD0F5F008B6759 /* Coupon.swift in Sources */,
				F17619EE22DD14E3008B6759 /* GenerationNewPasswordViewController.swift in Sources */,
				F17619B922DD0F5F008B6759 /* User.swift in Sources */,
				F17619D222DD1126008B6759 /* RestaurantsListVC.swift in Sources */,
			);
			runOnlyForDeploymentPostprocessing = 0;
		};
		E2029CF722836B6E007BA6A1 /* Sources */ = {
			isa = PBXSourcesBuildPhase;
			buildActionMask = 2147483647;
			files = (
				E2029D0022836B6E007BA6A1 /* Et3amTests.swift in Sources */,
			);
			runOnlyForDeploymentPostprocessing = 0;
		};
		E2029D0222836B6E007BA6A1 /* Sources */ = {
			isa = PBXSourcesBuildPhase;
			buildActionMask = 2147483647;
			files = (
				E2029D0B22836B6E007BA6A1 /* Et3amUITests.swift in Sources */,
			);
			runOnlyForDeploymentPostprocessing = 0;
		};
/* End PBXSourcesBuildPhase section */

/* Begin PBXTargetDependency section */
		E2029CFD22836B6E007BA6A1 /* PBXTargetDependency */ = {
			isa = PBXTargetDependency;
			target = E2029CE322836B6C007BA6A1 /* Et3am */;
			targetProxy = E2029CFC22836B6E007BA6A1 /* PBXContainerItemProxy */;
		};
		E2029D0822836B6E007BA6A1 /* PBXTargetDependency */ = {
			isa = PBXTargetDependency;
			target = E2029CE322836B6C007BA6A1 /* Et3am */;
			targetProxy = E2029D0722836B6E007BA6A1 /* PBXContainerItemProxy */;
		};
/* End PBXTargetDependency section */

/* Begin PBXVariantGroup section */
		E2029CF322836B6D007BA6A1 /* LaunchScreen.storyboard */ = {
			isa = PBXVariantGroup;
			children = (
				E2029CF422836B6D007BA6A1 /* Base */,
			);
			name = LaunchScreen.storyboard;
			sourceTree = "<group>";
		};
/* End PBXVariantGroup section */

/* Begin XCBuildConfiguration section */
		E2029D0D22836B6E007BA6A1 /* Debug */ = {
			isa = XCBuildConfiguration;
			buildSettings = {
				ALWAYS_SEARCH_USER_PATHS = NO;
				CLANG_ANALYZER_NONNULL = YES;
				CLANG_CXX_LANGUAGE_STANDARD = "gnu++0x";
				CLANG_CXX_LIBRARY = "libc++";
				CLANG_ENABLE_MODULES = YES;
				CLANG_ENABLE_OBJC_ARC = YES;
				CLANG_WARN_BOOL_CONVERSION = YES;
				CLANG_WARN_CONSTANT_CONVERSION = YES;
				CLANG_WARN_DIRECT_OBJC_ISA_USAGE = YES_ERROR;
				CLANG_WARN_DOCUMENTATION_COMMENTS = YES;
				CLANG_WARN_EMPTY_BODY = YES;
				CLANG_WARN_ENUM_CONVERSION = YES;
				CLANG_WARN_INFINITE_RECURSION = YES;
				CLANG_WARN_INT_CONVERSION = YES;
				CLANG_WARN_OBJC_ROOT_CLASS = YES_ERROR;
				CLANG_WARN_SUSPICIOUS_MOVE = YES;
				CLANG_WARN_UNREACHABLE_CODE = YES;
				CLANG_WARN__DUPLICATE_METHOD_MATCH = YES;
				"CODE_SIGN_IDENTITY[sdk=iphoneos*]" = "iPhone Developer";
				COPY_PHASE_STRIP = NO;
				DEBUG_INFORMATION_FORMAT = dwarf;
				ENABLE_STRICT_OBJC_MSGSEND = YES;
				ENABLE_TESTABILITY = YES;
				GCC_C_LANGUAGE_STANDARD = gnu99;
				GCC_DYNAMIC_NO_PIC = NO;
				GCC_NO_COMMON_BLOCKS = YES;
				GCC_OPTIMIZATION_LEVEL = 0;
				GCC_PREPROCESSOR_DEFINITIONS = (
					"DEBUG=1",
					"$(inherited)",
				);
				GCC_WARN_64_TO_32_BIT_CONVERSION = YES;
				GCC_WARN_ABOUT_RETURN_TYPE = YES_ERROR;
				GCC_WARN_UNDECLARED_SELECTOR = YES;
				GCC_WARN_UNINITIALIZED_AUTOS = YES_AGGRESSIVE;
				GCC_WARN_UNUSED_FUNCTION = YES;
				GCC_WARN_UNUSED_VARIABLE = YES;
				IPHONEOS_DEPLOYMENT_TARGET = 10.2;
				MTL_ENABLE_DEBUG_INFO = YES;
				ONLY_ACTIVE_ARCH = YES;
				SDKROOT = iphoneos;
				SWIFT_ACTIVE_COMPILATION_CONDITIONS = DEBUG;
				SWIFT_OPTIMIZATION_LEVEL = "-Onone";
				TARGETED_DEVICE_FAMILY = "1,2";
			};
			name = Debug;
		};
		E2029D0E22836B6E007BA6A1 /* Release */ = {
			isa = XCBuildConfiguration;
			buildSettings = {
				ALWAYS_SEARCH_USER_PATHS = NO;
				CLANG_ANALYZER_NONNULL = YES;
				CLANG_CXX_LANGUAGE_STANDARD = "gnu++0x";
				CLANG_CXX_LIBRARY = "libc++";
				CLANG_ENABLE_MODULES = YES;
				CLANG_ENABLE_OBJC_ARC = YES;
				CLANG_WARN_BOOL_CONVERSION = YES;
				CLANG_WARN_CONSTANT_CONVERSION = YES;
				CLANG_WARN_DIRECT_OBJC_ISA_USAGE = YES_ERROR;
				CLANG_WARN_DOCUMENTATION_COMMENTS = YES;
				CLANG_WARN_EMPTY_BODY = YES;
				CLANG_WARN_ENUM_CONVERSION = YES;
				CLANG_WARN_INFINITE_RECURSION = YES;
				CLANG_WARN_INT_CONVERSION = YES;
				CLANG_WARN_OBJC_ROOT_CLASS = YES_ERROR;
				CLANG_WARN_SUSPICIOUS_MOVE = YES;
				CLANG_WARN_UNREACHABLE_CODE = YES;
				CLANG_WARN__DUPLICATE_METHOD_MATCH = YES;
				"CODE_SIGN_IDENTITY[sdk=iphoneos*]" = "iPhone Developer";
				COPY_PHASE_STRIP = NO;
				DEBUG_INFORMATION_FORMAT = "dwarf-with-dsym";
				ENABLE_NS_ASSERTIONS = NO;
				ENABLE_STRICT_OBJC_MSGSEND = YES;
				GCC_C_LANGUAGE_STANDARD = gnu99;
				GCC_NO_COMMON_BLOCKS = YES;
				GCC_WARN_64_TO_32_BIT_CONVERSION = YES;
				GCC_WARN_ABOUT_RETURN_TYPE = YES_ERROR;
				GCC_WARN_UNDECLARED_SELECTOR = YES;
				GCC_WARN_UNINITIALIZED_AUTOS = YES_AGGRESSIVE;
				GCC_WARN_UNUSED_FUNCTION = YES;
				GCC_WARN_UNUSED_VARIABLE = YES;
				IPHONEOS_DEPLOYMENT_TARGET = 10.2;
				MTL_ENABLE_DEBUG_INFO = NO;
				SDKROOT = iphoneos;
				SWIFT_OPTIMIZATION_LEVEL = "-Owholemodule";
				TARGETED_DEVICE_FAMILY = "1,2";
				VALIDATE_PRODUCT = YES;
			};
			name = Release;
		};
		E2029D1022836B6E007BA6A1 /* Debug */ = {
			isa = XCBuildConfiguration;
			baseConfigurationReference = D0408BBCF587B0F4830C0B02 /* Pods-Et3am.debug.xcconfig */;
			buildSettings = {
				ASSETCATALOG_COMPILER_APPICON_NAME = AppIcon;
				DEVELOPMENT_TEAM = JUUZV79G5F;
				FRAMEWORK_SEARCH_PATHS = (
					"$(inherited)",
					"$(PROJECT_DIR)",
				);
				INFOPLIST_FILE = Et3am/SupportingFiles/Info.plist;
				LD_RUNPATH_SEARCH_PATHS = "$(inherited) @executable_path/Frameworks";
				PRODUCT_BUNDLE_IDENTIFIER = eg.com.iti.Et3am;
				PRODUCT_NAME = "$(TARGET_NAME)";
				SWIFT_VERSION = 3.0;
				TARGETED_DEVICE_FAMILY = 1;
			};
			name = Debug;
		};
		E2029D1122836B6E007BA6A1 /* Release */ = {
			isa = XCBuildConfiguration;
			baseConfigurationReference = 594CCC07588F84D16ABEFC13 /* Pods-Et3am.release.xcconfig */;
			buildSettings = {
				ASSETCATALOG_COMPILER_APPICON_NAME = AppIcon;
				DEVELOPMENT_TEAM = JUUZV79G5F;
				FRAMEWORK_SEARCH_PATHS = (
					"$(inherited)",
					"$(PROJECT_DIR)",
				);
				INFOPLIST_FILE = Et3am/SupportingFiles/Info.plist;
				LD_RUNPATH_SEARCH_PATHS = "$(inherited) @executable_path/Frameworks";
				PRODUCT_BUNDLE_IDENTIFIER = eg.com.iti.Et3am;
				PRODUCT_NAME = "$(TARGET_NAME)";
				SWIFT_VERSION = 3.0;
				TARGETED_DEVICE_FAMILY = 1;
			};
			name = Release;
		};
		E2029D1322836B6E007BA6A1 /* Debug */ = {
			isa = XCBuildConfiguration;
			baseConfigurationReference = 9BE64D471C0E7CBFCB70569C /* Pods-Et3amTests.debug.xcconfig */;
			buildSettings = {
				ALWAYS_EMBED_SWIFT_STANDARD_LIBRARIES = YES;
				BUNDLE_LOADER = "$(TEST_HOST)";
				INFOPLIST_FILE = Et3amTests/Info.plist;
				LD_RUNPATH_SEARCH_PATHS = "$(inherited) @executable_path/Frameworks @loader_path/Frameworks";
				PRODUCT_BUNDLE_IDENTIFIER = eg.com.iti.Et3amTests;
				PRODUCT_NAME = "$(TARGET_NAME)";
				SWIFT_VERSION = 3.0;
				TEST_HOST = "$(BUILT_PRODUCTS_DIR)/Et3am.app/Et3am";
			};
			name = Debug;
		};
		E2029D1422836B6E007BA6A1 /* Release */ = {
			isa = XCBuildConfiguration;
			baseConfigurationReference = CA559F458049617FA7D4534A /* Pods-Et3amTests.release.xcconfig */;
			buildSettings = {
				ALWAYS_EMBED_SWIFT_STANDARD_LIBRARIES = YES;
				BUNDLE_LOADER = "$(TEST_HOST)";
				INFOPLIST_FILE = Et3amTests/Info.plist;
				LD_RUNPATH_SEARCH_PATHS = "$(inherited) @executable_path/Frameworks @loader_path/Frameworks";
				PRODUCT_BUNDLE_IDENTIFIER = eg.com.iti.Et3amTests;
				PRODUCT_NAME = "$(TARGET_NAME)";
				SWIFT_VERSION = 3.0;
				TEST_HOST = "$(BUILT_PRODUCTS_DIR)/Et3am.app/Et3am";
			};
			name = Release;
		};
		E2029D1622836B6E007BA6A1 /* Debug */ = {
			isa = XCBuildConfiguration;
			baseConfigurationReference = 2964356AE08F41DE5941CC48 /* Pods-Et3amUITests.debug.xcconfig */;
			buildSettings = {
				ALWAYS_EMBED_SWIFT_STANDARD_LIBRARIES = YES;
				INFOPLIST_FILE = Et3amUITests/Info.plist;
				LD_RUNPATH_SEARCH_PATHS = "$(inherited) @executable_path/Frameworks @loader_path/Frameworks";
				PRODUCT_BUNDLE_IDENTIFIER = eg.com.iti.Et3amUITests;
				PRODUCT_NAME = "$(TARGET_NAME)";
				SWIFT_VERSION = 3.0;
				TEST_TARGET_NAME = Et3am;
			};
			name = Debug;
		};
		E2029D1722836B6E007BA6A1 /* Release */ = {
			isa = XCBuildConfiguration;
			baseConfigurationReference = C96F7DDC362390058818DD45 /* Pods-Et3amUITests.release.xcconfig */;
			buildSettings = {
				ALWAYS_EMBED_SWIFT_STANDARD_LIBRARIES = YES;
				INFOPLIST_FILE = Et3amUITests/Info.plist;
				LD_RUNPATH_SEARCH_PATHS = "$(inherited) @executable_path/Frameworks @loader_path/Frameworks";
				PRODUCT_BUNDLE_IDENTIFIER = eg.com.iti.Et3amUITests;
				PRODUCT_NAME = "$(TARGET_NAME)";
				SWIFT_VERSION = 3.0;
				TEST_TARGET_NAME = Et3am;
			};
			name = Release;
		};
/* End XCBuildConfiguration section */

/* Begin XCConfigurationList section */
		E2029CDF22836B6C007BA6A1 /* Build configuration list for PBXProject "Et3am" */ = {
			isa = XCConfigurationList;
			buildConfigurations = (
				E2029D0D22836B6E007BA6A1 /* Debug */,
				E2029D0E22836B6E007BA6A1 /* Release */,
			);
			defaultConfigurationIsVisible = 0;
			defaultConfigurationName = Release;
		};
		E2029D0F22836B6E007BA6A1 /* Build configuration list for PBXNativeTarget "Et3am" */ = {
			isa = XCConfigurationList;
			buildConfigurations = (
				E2029D1022836B6E007BA6A1 /* Debug */,
				E2029D1122836B6E007BA6A1 /* Release */,
			);
			defaultConfigurationIsVisible = 0;
			defaultConfigurationName = Release;
		};
		E2029D1222836B6E007BA6A1 /* Build configuration list for PBXNativeTarget "Et3amTests" */ = {
			isa = XCConfigurationList;
			buildConfigurations = (
				E2029D1322836B6E007BA6A1 /* Debug */,
				E2029D1422836B6E007BA6A1 /* Release */,
			);
			defaultConfigurationIsVisible = 0;
			defaultConfigurationName = Release;
		};
		E2029D1522836B6E007BA6A1 /* Build configuration list for PBXNativeTarget "Et3amUITests" */ = {
			isa = XCConfigurationList;
			buildConfigurations = (
				E2029D1622836B6E007BA6A1 /* Debug */,
				E2029D1722836B6E007BA6A1 /* Release */,
			);
			defaultConfigurationIsVisible = 0;
			defaultConfigurationName = Release;
		};
/* End XCConfigurationList section */

/* Begin XCVersionGroup section */
		F17619A522DCF673008B6759 /* Et3am.xcdatamodeld */ = {
			isa = XCVersionGroup;
			children = (
				F17619A622DCF673008B6759 /* Et3am.xcdatamodel */,
			);
			currentVersion = F17619A622DCF673008B6759 /* Et3am.xcdatamodel */;
			name = Et3am.xcdatamodeld;
			path = SupportingFiles/Et3am.xcdatamodeld;
			sourceTree = "<group>";
			versionGroupType = wrapper.xcdatamodel;
		};
/* End XCVersionGroup section */
	};
	rootObject = E2029CDC22836B6C007BA6A1 /* Project object */;
}
