// !$*UTF8*$!
{
	archiveVersion = 1;
	classes = {
	};
	objectVersion = 46;
	objects = {

/* Begin PBXBuildFile section */
		210B4D81228B5341002EB218 /* RegisterandLoginViewController.swift in Sources */ = {isa = PBXBuildFile; fileRef = 210B4D80228B5341002EB218 /* RegisterandLoginViewController.swift */; };
		210B4D83228B5406002EB218 /* signInView.swift in Sources */ = {isa = PBXBuildFile; fileRef = 210B4D82228B5406002EB218 /* signInView.swift */; };
		210B4D85228B541C002EB218 /* signUpView.swift in Sources */ = {isa = PBXBuildFile; fileRef = 210B4D84228B541C002EB218 /* signUpView.swift */; };
		210B4D87228B560B002EB218 /* RegisterAndLogin.storyboard in Resources */ = {isa = PBXBuildFile; fileRef = 210B4D86228B560B002EB218 /* RegisterAndLogin.storyboard */; };
		21110BC7228843DF00D982E5 /* CopounsRecieved.storyboard in Resources */ = {isa = PBXBuildFile; fileRef = 21110BC6228843DF00D982E5 /* CopounsRecieved.storyboard */; };
		21110BC92288442F00D982E5 /* RestaurantInfo.storyboard in Resources */ = {isa = PBXBuildFile; fileRef = 21110BC82288442F00D982E5 /* RestaurantInfo.storyboard */; };
		21110BCB2288444500D982E5 /* CouponsDonated.storyboard in Resources */ = {isa = PBXBuildFile; fileRef = 21110BCA2288444500D982E5 /* CouponsDonated.storyboard */; };
		211378A52284F0C70056E5C7 /* AllCouponTableViewController.swift in Sources */ = {isa = PBXBuildFile; fileRef = 211378A42284F0C70056E5C7 /* AllCouponTableViewController.swift */; };
		211378A72284F16A0056E5C7 /* AllCouponTableViewCell.swift in Sources */ = {isa = PBXBuildFile; fileRef = 211378A62284F16A0056E5C7 /* AllCouponTableViewCell.swift */; };
		211378A9228623AC0056E5C7 /* UnpublishCouponTableViewController.swift in Sources */ = {isa = PBXBuildFile; fileRef = 211378A8228623AA0056E5C7 /* UnpublishCouponTableViewController.swift */; };
		211378AD228626D70056E5C7 /* UnpublishCouponTableViewCell.swift in Sources */ = {isa = PBXBuildFile; fileRef = 211378AC228626D70056E5C7 /* UnpublishCouponTableViewCell.swift */; };
		E2029CE822836B6D007BA6A1 /* AppDelegate.swift in Sources */ = {isa = PBXBuildFile; fileRef = E2029CE722836B6D007BA6A1 /* AppDelegate.swift */; };
		E2029CED22836B6D007BA6A1 /* Main.storyboard in Resources */ = {isa = PBXBuildFile; fileRef = E2029CEB22836B6D007BA6A1 /* Main.storyboard */; };
		E2029CF022836B6D007BA6A1 /* Et3am.xcdatamodeld in Sources */ = {isa = PBXBuildFile; fileRef = E2029CEE22836B6D007BA6A1 /* Et3am.xcdatamodeld */; };
		E2029CF222836B6D007BA6A1 /* Assets.xcassets in Resources */ = {isa = PBXBuildFile; fileRef = E2029CF122836B6D007BA6A1 /* Assets.xcassets */; };
		E2029CF522836B6D007BA6A1 /* LaunchScreen.storyboard in Resources */ = {isa = PBXBuildFile; fileRef = E2029CF322836B6D007BA6A1 /* LaunchScreen.storyboard */; };
		E2029D0022836B6E007BA6A1 /* Et3amTests.swift in Sources */ = {isa = PBXBuildFile; fileRef = E2029CFF22836B6E007BA6A1 /* Et3amTests.swift */; };
		E2029D0B22836B6E007BA6A1 /* Et3amUITests.swift in Sources */ = {isa = PBXBuildFile; fileRef = E2029D0A22836B6E007BA6A1 /* Et3amUITests.swift */; };
		E2512CC42285DAD900D8E0F7 /* Donate.storyboard in Resources */ = {isa = PBXBuildFile; fileRef = E2512CC12285DAD900D8E0F7 /* Donate.storyboard */; };
		E2512CC62285DAD900D8E0F7 /* UserProfile.storyboard in Resources */ = {isa = PBXBuildFile; fileRef = E2512CC32285DAD900D8E0F7 /* UserProfile.storyboard */; };
		E2F11B9D2288D49D0031ABCC /* Admin.swift in Sources */ = {isa = PBXBuildFile; fileRef = E2F11B972288D49C0031ABCC /* Admin.swift */; };
		E2F11B9E2288D49D0031ABCC /* Coupon.swift in Sources */ = {isa = PBXBuildFile; fileRef = E2F11B982288D49C0031ABCC /* Coupon.swift */; };
		E2F11B9F2288D49D0031ABCC /* Fakka.swift in Sources */ = {isa = PBXBuildFile; fileRef = E2F11B992288D49C0031ABCC /* Fakka.swift */; };
		E2F11BA02288D49D0031ABCC /* Meal.swift in Sources */ = {isa = PBXBuildFile; fileRef = E2F11B9A2288D49C0031ABCC /* Meal.swift */; };
		E2F11BA12288D49D0031ABCC /* Restaurant.swift in Sources */ = {isa = PBXBuildFile; fileRef = E2F11B9B2288D49C0031ABCC /* Restaurant.swift */; };
		E2F11BA22288D49D0031ABCC /* User.swift in Sources */ = {isa = PBXBuildFile; fileRef = E2F11B9C2288D49D0031ABCC /* User.swift */; };
		E2F11BA72288E5A50031ABCC /* CopounsRecievedViewController.swift in Sources */ = {isa = PBXBuildFile; fileRef = E2F11BA32288E5A50031ABCC /* CopounsRecievedViewController.swift */; };
		E2F11BA82288E5A50031ABCC /* CouponRecievedTableViewCell.swift in Sources */ = {isa = PBXBuildFile; fileRef = E2F11BA42288E5A50031ABCC /* CouponRecievedTableViewCell.swift */; };
		E2F11BA92288E5A50031ABCC /* DonateViewController.swift in Sources */ = {isa = PBXBuildFile; fileRef = E2F11BA52288E5A50031ABCC /* DonateViewController.swift */; };
/* End PBXBuildFile section */

/* Begin PBXContainerItemProxy section */
		E2029CFC22836B6E007BA6A1 /* PBXContainerItemProxy */ = {
			isa = PBXContainerItemProxy;
			containerPortal = E2029CDC22836B6C007BA6A1 /* Project object */;
			proxyType = 1;
			remoteGlobalIDString = E2029CE322836B6C007BA6A1;
			remoteInfo = Et3am;
		};
		E2029D0722836B6E007BA6A1 /* PBXContainerItemProxy */ = {
			isa = PBXContainerItemProxy;
			containerPortal = E2029CDC22836B6C007BA6A1 /* Project object */;
			proxyType = 1;
			remoteGlobalIDString = E2029CE322836B6C007BA6A1;
			remoteInfo = Et3am;
		};
/* End PBXContainerItemProxy section */

/* Begin PBXFileReference section */
		210B4D80228B5341002EB218 /* RegisterandLoginViewController.swift */ = {isa = PBXFileReference; fileEncoding = 4; lastKnownFileType = sourcecode.swift; path = RegisterandLoginViewController.swift; sourceTree = "<group>"; };
		210B4D82228B5406002EB218 /* signInView.swift */ = {isa = PBXFileReference; fileEncoding = 4; lastKnownFileType = sourcecode.swift; path = signInView.swift; sourceTree = "<group>"; };
		210B4D84228B541C002EB218 /* signUpView.swift */ = {isa = PBXFileReference; fileEncoding = 4; lastKnownFileType = sourcecode.swift; path = signUpView.swift; sourceTree = "<group>"; };
		210B4D86228B560B002EB218 /* RegisterAndLogin.storyboard */ = {isa = PBXFileReference; fileEncoding = 4; lastKnownFileType = file.storyboard; path = RegisterAndLogin.storyboard; sourceTree = "<group>"; };
		21110BC6228843DF00D982E5 /* CopounsRecieved.storyboard */ = {isa = PBXFileReference; fileEncoding = 4; lastKnownFileType = file.storyboard; name = CopounsRecieved.storyboard; path = view/CopounsRecieved.storyboard; sourceTree = "<group>"; };
		21110BC82288442F00D982E5 /* RestaurantInfo.storyboard */ = {isa = PBXFileReference; fileEncoding = 4; lastKnownFileType = file.storyboard; name = RestaurantInfo.storyboard; path = view/RestaurantInfo.storyboard; sourceTree = "<group>"; };
		21110BCA2288444500D982E5 /* CouponsDonated.storyboard */ = {isa = PBXFileReference; fileEncoding = 4; lastKnownFileType = file.storyboard; name = CouponsDonated.storyboard; path = view/CouponsDonated.storyboard; sourceTree = "<group>"; };
		211378A42284F0C70056E5C7 /* AllCouponTableViewController.swift */ = {isa = PBXFileReference; fileEncoding = 4; lastKnownFileType = sourcecode.swift; name = AllCouponTableViewController.swift; path = controller/AllCouponTableViewController.swift; sourceTree = "<group>"; };
		211378A62284F16A0056E5C7 /* AllCouponTableViewCell.swift */ = {isa = PBXFileReference; fileEncoding = 4; lastKnownFileType = sourcecode.swift; name = AllCouponTableViewCell.swift; path = controller/AllCouponTableViewCell.swift; sourceTree = "<group>"; };
		211378A8228623AA0056E5C7 /* UnpublishCouponTableViewController.swift */ = {isa = PBXFileReference; fileEncoding = 4; lastKnownFileType = sourcecode.swift; name = UnpublishCouponTableViewController.swift; path = controller/UnpublishCouponTableViewController.swift; sourceTree = "<group>"; };
		211378AC228626D70056E5C7 /* UnpublishCouponTableViewCell.swift */ = {isa = PBXFileReference; fileEncoding = 4; lastKnownFileType = sourcecode.swift; name = UnpublishCouponTableViewCell.swift; path = controller/UnpublishCouponTableViewCell.swift; sourceTree = "<group>"; };
		E2029CE422836B6D007BA6A1 /* Et3am.app */ = {isa = PBXFileReference; explicitFileType = wrapper.application; includeInIndex = 0; path = Et3am.app; sourceTree = BUILT_PRODUCTS_DIR; };
		E2029CE722836B6D007BA6A1 /* AppDelegate.swift */ = {isa = PBXFileReference; lastKnownFileType = sourcecode.swift; path = AppDelegate.swift; sourceTree = "<group>"; };
		E2029CEC22836B6D007BA6A1 /* Base */ = {isa = PBXFileReference; lastKnownFileType = file.storyboard; name = Base; path = Base.lproj/Main.storyboard; sourceTree = "<group>"; };
		E2029CEF22836B6D007BA6A1 /* Et3am.xcdatamodel */ = {isa = PBXFileReference; lastKnownFileType = wrapper.xcdatamodel; path = Et3am.xcdatamodel; sourceTree = "<group>"; };
		E2029CF122836B6D007BA6A1 /* Assets.xcassets */ = {isa = PBXFileReference; lastKnownFileType = folder.assetcatalog; path = Assets.xcassets; sourceTree = "<group>"; };
		E2029CF422836B6D007BA6A1 /* Base */ = {isa = PBXFileReference; lastKnownFileType = file.storyboard; name = Base; path = Base.lproj/LaunchScreen.storyboard; sourceTree = "<group>"; };
		E2029CF622836B6D007BA6A1 /* Info.plist */ = {isa = PBXFileReference; lastKnownFileType = text.plist.xml; path = Info.plist; sourceTree = "<group>"; };
		E2029CFB22836B6E007BA6A1 /* Et3amTests.xctest */ = {isa = PBXFileReference; explicitFileType = wrapper.cfbundle; includeInIndex = 0; path = Et3amTests.xctest; sourceTree = BUILT_PRODUCTS_DIR; };
		E2029CFF22836B6E007BA6A1 /* Et3amTests.swift */ = {isa = PBXFileReference; lastKnownFileType = sourcecode.swift; path = Et3amTests.swift; sourceTree = "<group>"; };
		E2029D0122836B6E007BA6A1 /* Info.plist */ = {isa = PBXFileReference; lastKnownFileType = text.plist.xml; path = Info.plist; sourceTree = "<group>"; };
		E2029D0622836B6E007BA6A1 /* Et3amUITests.xctest */ = {isa = PBXFileReference; explicitFileType = wrapper.cfbundle; includeInIndex = 0; path = Et3amUITests.xctest; sourceTree = BUILT_PRODUCTS_DIR; };
		E2029D0A22836B6E007BA6A1 /* Et3amUITests.swift */ = {isa = PBXFileReference; lastKnownFileType = sourcecode.swift; path = Et3amUITests.swift; sourceTree = "<group>"; };
		E2029D0C22836B6E007BA6A1 /* Info.plist */ = {isa = PBXFileReference; lastKnownFileType = text.plist.xml; path = Info.plist; sourceTree = "<group>"; };
		E2512CC12285DAD900D8E0F7 /* Donate.storyboard */ = {isa = PBXFileReference; fileEncoding = 4; lastKnownFileType = file.storyboard; name = Donate.storyboard; path = view/Donate.storyboard; sourceTree = "<group>"; };
		E2512CC32285DAD900D8E0F7 /* UserProfile.storyboard */ = {isa = PBXFileReference; fileEncoding = 4; lastKnownFileType = file.storyboard; name = UserProfile.storyboard; path = view/UserProfile.storyboard; sourceTree = "<group>"; };
		E2F11B972288D49C0031ABCC /* Admin.swift */ = {isa = PBXFileReference; fileEncoding = 4; lastKnownFileType = sourcecode.swift; name = Admin.swift; path = model/Admin.swift; sourceTree = "<group>"; };
		E2F11B982288D49C0031ABCC /* Coupon.swift */ = {isa = PBXFileReference; fileEncoding = 4; lastKnownFileType = sourcecode.swift; name = Coupon.swift; path = model/Coupon.swift; sourceTree = "<group>"; };
		E2F11B992288D49C0031ABCC /* Fakka.swift */ = {isa = PBXFileReference; fileEncoding = 4; lastKnownFileType = sourcecode.swift; name = Fakka.swift; path = model/Fakka.swift; sourceTree = "<group>"; };
		E2F11B9A2288D49C0031ABCC /* Meal.swift */ = {isa = PBXFileReference; fileEncoding = 4; lastKnownFileType = sourcecode.swift; name = Meal.swift; path = model/Meal.swift; sourceTree = "<group>"; };
		E2F11B9B2288D49C0031ABCC /* Restaurant.swift */ = {isa = PBXFileReference; fileEncoding = 4; lastKnownFileType = sourcecode.swift; name = Restaurant.swift; path = model/Restaurant.swift; sourceTree = "<group>"; };
		E2F11B9C2288D49D0031ABCC /* User.swift */ = {isa = PBXFileReference; fileEncoding = 4; lastKnownFileType = sourcecode.swift; name = User.swift; path = model/User.swift; sourceTree = "<group>"; };
		E2F11BA32288E5A50031ABCC /* CopounsRecievedViewController.swift */ = {isa = PBXFileReference; fileEncoding = 4; lastKnownFileType = sourcecode.swift; name = CopounsRecievedViewController.swift; path = controller/CopounsRecievedViewController.swift; sourceTree = "<group>"; };
		E2F11BA42288E5A50031ABCC /* CouponRecievedTableViewCell.swift */ = {isa = PBXFileReference; fileEncoding = 4; lastKnownFileType = sourcecode.swift; name = CouponRecievedTableViewCell.swift; path = controller/CouponRecievedTableViewCell.swift; sourceTree = "<group>"; };
		E2F11BA52288E5A50031ABCC /* DonateViewController.swift */ = {isa = PBXFileReference; fileEncoding = 4; lastKnownFileType = sourcecode.swift; name = DonateViewController.swift; path = controller/DonateViewController.swift; sourceTree = "<group>"; };
/* End PBXFileReference section */

/* Begin PBXFrameworksBuildPhase section */
		E2029CE122836B6C007BA6A1 /* Frameworks */ = {
			isa = PBXFrameworksBuildPhase;
			buildActionMask = 2147483647;
			files = (
			);
			runOnlyForDeploymentPostprocessing = 0;
		};
		E2029CF822836B6E007BA6A1 /* Frameworks */ = {
			isa = PBXFrameworksBuildPhase;
			buildActionMask = 2147483647;
			files = (
			);
			runOnlyForDeploymentPostprocessing = 0;
		};
		E2029D0322836B6E007BA6A1 /* Frameworks */ = {
			isa = PBXFrameworksBuildPhase;
			buildActionMask = 2147483647;
			files = (
			);
			runOnlyForDeploymentPostprocessing = 0;
		};
/* End PBXFrameworksBuildPhase section */

/* Begin PBXGroup section */
		A24FE2AB2287691B00E7C03A /* pojos */ = {
			isa = PBXGroup;
			children = (
				E2F11B972288D49C0031ABCC /* Admin.swift */,
				E2F11B982288D49C0031ABCC /* Coupon.swift */,
				E2F11B992288D49C0031ABCC /* Fakka.swift */,
				E2F11B9A2288D49C0031ABCC /* Meal.swift */,
				E2F11B9B2288D49C0031ABCC /* Restaurant.swift */,
				E2F11B9C2288D49D0031ABCC /* User.swift */,
			);
			name = pojos;
			sourceTree = "<group>";
		};
		E2029CDB22836B6C007BA6A1 = {
			isa = PBXGroup;
			children = (
				E2029CE622836B6D007BA6A1 /* Et3am */,
				E2029CFE22836B6E007BA6A1 /* Et3amTests */,
				E2029D0922836B6E007BA6A1 /* Et3amUITests */,
				E2029CE522836B6D007BA6A1 /* Products */,
			);
			sourceTree = "<group>";
		};
		E2029CE522836B6D007BA6A1 /* Products */ = {
			isa = PBXGroup;
			children = (
				E2029CE422836B6D007BA6A1 /* Et3am.app */,
				E2029CFB22836B6E007BA6A1 /* Et3amTests.xctest */,
				E2029D0622836B6E007BA6A1 /* Et3amUITests.xctest */,
			);
			name = Products;
			sourceTree = "<group>";
		};
		E2029CE622836B6D007BA6A1 /* Et3am */ = {
			isa = PBXGroup;
			children = (
				E2029D192283750C007BA6A1 /* model */,
				E2029D1822837503007BA6A1 /* controller */,
				E2029CE722836B6D007BA6A1 /* AppDelegate.swift */,
				E2029D1A2283751A007BA6A1 /* view */,
				E2029CF122836B6D007BA6A1 /* Assets.xcassets */,
				E2029CEE22836B6D007BA6A1 /* Et3am.xcdatamodeld */,
				E2029CF622836B6D007BA6A1 /* Info.plist */,
			);
			path = Et3am;
			sourceTree = "<group>";
		};
		E2029CFE22836B6E007BA6A1 /* Et3amTests */ = {
			isa = PBXGroup;
			children = (
				E2029CFF22836B6E007BA6A1 /* Et3amTests.swift */,
				E2029D0122836B6E007BA6A1 /* Info.plist */,
			);
			path = Et3amTests;
			sourceTree = "<group>";
		};
		E2029D0922836B6E007BA6A1 /* Et3amUITests */ = {
			isa = PBXGroup;
			children = (
				E2029D0A22836B6E007BA6A1 /* Et3amUITests.swift */,
				E2029D0C22836B6E007BA6A1 /* Info.plist */,
			);
			path = Et3amUITests;
			sourceTree = "<group>";
		};
		E2029D1822837503007BA6A1 /* controller */ = {
			isa = PBXGroup;
			children = (
				E2F11BA32288E5A50031ABCC /* CopounsRecievedViewController.swift */,
				E2F11BA42288E5A50031ABCC /* CouponRecievedTableViewCell.swift */,
				E2F11BA52288E5A50031ABCC /* DonateViewController.swift */,
				211378A8228623AA0056E5C7 /* UnpublishCouponTableViewController.swift */,
				211378A42284F0C70056E5C7 /* AllCouponTableViewController.swift */,
				211378A62284F16A0056E5C7 /* AllCouponTableViewCell.swift */,
				211378AC228626D70056E5C7 /* UnpublishCouponTableViewCell.swift */,
				210B4D80228B5341002EB218 /* RegisterandLoginViewController.swift */,
				210B4D82228B5406002EB218 /* signInView.swift */,
				210B4D84228B541C002EB218 /* signUpView.swift */,
			);
			name = controller;
			sourceTree = "<group>";
		};
		E2029D192283750C007BA6A1 /* model */ = {
			isa = PBXGroup;
			children = (
				A24FE2AB2287691B00E7C03A /* pojos */,
			);
			name = model;
			sourceTree = "<group>";
		};
		E2029D1A2283751A007BA6A1 /* view */ = {
			isa = PBXGroup;
			children = (
				21110BCA2288444500D982E5 /* CouponsDonated.storyboard */,
				21110BC82288442F00D982E5 /* RestaurantInfo.storyboard */,
				21110BC6228843DF00D982E5 /* CopounsRecieved.storyboard */,
				E2512CC12285DAD900D8E0F7 /* Donate.storyboard */,
				E2512CC32285DAD900D8E0F7 /* UserProfile.storyboard */,
				E2029CEB22836B6D007BA6A1 /* Main.storyboard */,
				E2029CF322836B6D007BA6A1 /* LaunchScreen.storyboard */,
				210B4D86228B560B002EB218 /* RegisterAndLogin.storyboard */,
			);
			name = view;
			sourceTree = "<group>";
		};
/* End PBXGroup section */

/* Begin PBXNativeTarget section */
		E2029CE322836B6C007BA6A1 /* Et3am */ = {
			isa = PBXNativeTarget;
			buildConfigurationList = E2029D0F22836B6E007BA6A1 /* Build configuration list for PBXNativeTarget "Et3am" */;
			buildPhases = (
				E2029CE022836B6C007BA6A1 /* Sources */,
				E2029CE122836B6C007BA6A1 /* Frameworks */,
				E2029CE222836B6C007BA6A1 /* Resources */,
			);
			buildRules = (
			);
			dependencies = (
			);
			name = Et3am;
			productName = Et3am;
			productReference = E2029CE422836B6D007BA6A1 /* Et3am.app */;
			productType = "com.apple.product-type.application";
		};
		E2029CFA22836B6E007BA6A1 /* Et3amTests */ = {
			isa = PBXNativeTarget;
			buildConfigurationList = E2029D1222836B6E007BA6A1 /* Build configuration list for PBXNativeTarget "Et3amTests" */;
			buildPhases = (
				E2029CF722836B6E007BA6A1 /* Sources */,
				E2029CF822836B6E007BA6A1 /* Frameworks */,
				E2029CF922836B6E007BA6A1 /* Resources */,
			);
			buildRules = (
			);
			dependencies = (
				E2029CFD22836B6E007BA6A1 /* PBXTargetDependency */,
			);
			name = Et3amTests;
			productName = Et3amTests;
			productReference = E2029CFB22836B6E007BA6A1 /* Et3amTests.xctest */;
			productType = "com.apple.product-type.bundle.unit-test";
		};
		E2029D0522836B6E007BA6A1 /* Et3amUITests */ = {
			isa = PBXNativeTarget;
			buildConfigurationList = E2029D1522836B6E007BA6A1 /* Build configuration list for PBXNativeTarget "Et3amUITests" */;
			buildPhases = (
				E2029D0222836B6E007BA6A1 /* Sources */,
				E2029D0322836B6E007BA6A1 /* Frameworks */,
				E2029D0422836B6E007BA6A1 /* Resources */,
			);
			buildRules = (
			);
			dependencies = (
				E2029D0822836B6E007BA6A1 /* PBXTargetDependency */,
			);
			name = Et3amUITests;
			productName = Et3amUITests;
			productReference = E2029D0622836B6E007BA6A1 /* Et3amUITests.xctest */;
			productType = "com.apple.product-type.bundle.ui-testing";
		};
/* End PBXNativeTarget section */

/* Begin PBXProject section */
		E2029CDC22836B6C007BA6A1 /* Project object */ = {
			isa = PBXProject;
			attributes = {
				LastSwiftUpdateCheck = 0820;
				LastUpgradeCheck = 0820;
				ORGANIZATIONNAME = "Ahmed M. Hassan";
				TargetAttributes = {
					E2029CE322836B6C007BA6A1 = {
						CreatedOnToolsVersion = 8.2.1;
						ProvisioningStyle = Automatic;
					};
					E2029CFA22836B6E007BA6A1 = {
						CreatedOnToolsVersion = 8.2.1;
						ProvisioningStyle = Automatic;
						TestTargetID = E2029CE322836B6C007BA6A1;
					};
					E2029D0522836B6E007BA6A1 = {
						CreatedOnToolsVersion = 8.2.1;
						ProvisioningStyle = Automatic;
						TestTargetID = E2029CE322836B6C007BA6A1;
					};
				};
			};
			buildConfigurationList = E2029CDF22836B6C007BA6A1 /* Build configuration list for PBXProject "Et3am" */;
			compatibilityVersion = "Xcode 3.2";
			developmentRegion = English;
			hasScannedForEncodings = 0;
			knownRegions = (
				en,
				Base,
			);
			mainGroup = E2029CDB22836B6C007BA6A1;
			productRefGroup = E2029CE522836B6D007BA6A1 /* Products */;
			projectDirPath = "";
			projectRoot = "";
			targets = (
				E2029CE322836B6C007BA6A1 /* Et3am */,
				E2029CFA22836B6E007BA6A1 /* Et3amTests */,
				E2029D0522836B6E007BA6A1 /* Et3amUITests */,
			);
		};
/* End PBXProject section */

/* Begin PBXResourcesBuildPhase section */
		E2029CE222836B6C007BA6A1 /* Resources */ = {
			isa = PBXResourcesBuildPhase;
			buildActionMask = 2147483647;
			files = (
				21110BC92288442F00D982E5 /* RestaurantInfo.storyboard in Resources */,
				E2029CF522836B6D007BA6A1 /* LaunchScreen.storyboard in Resources */,
				E2029CF222836B6D007BA6A1 /* Assets.xcassets in Resources */,
				21110BCB2288444500D982E5 /* CouponsDonated.storyboard in Resources */,
				E2029CED22836B6D007BA6A1 /* Main.storyboard in Resources */,
				210B4D87228B560B002EB218 /* RegisterAndLogin.storyboard in Resources */,
				E2512CC62285DAD900D8E0F7 /* UserProfile.storyboard in Resources */,
				E2512CC42285DAD900D8E0F7 /* Donate.storyboard in Resources */,
				21110BC7228843DF00D982E5 /* CopounsRecieved.storyboard in Resources */,
			);
			runOnlyForDeploymentPostprocessing = 0;
		};
		E2029CF922836B6E007BA6A1 /* Resources */ = {
			isa = PBXResourcesBuildPhase;
			buildActionMask = 2147483647;
			files = (
			);
			runOnlyForDeploymentPostprocessing = 0;
		};
		E2029D0422836B6E007BA6A1 /* Resources */ = {
			isa = PBXResourcesBuildPhase;
			buildActionMask = 2147483647;
			files = (
			);
			runOnlyForDeploymentPostprocessing = 0;
		};
/* End PBXResourcesBuildPhase section */

/* Begin PBXSourcesBuildPhase section */
		E2029CE022836B6C007BA6A1 /* Sources */ = {
			isa = PBXSourcesBuildPhase;
			buildActionMask = 2147483647;
			files = (
				E2F11BA22288D49D0031ABCC /* User.swift in Sources */,
				211378A52284F0C70056E5C7 /* AllCouponTableViewController.swift in Sources */,
				211378AD228626D70056E5C7 /* UnpublishCouponTableViewCell.swift in Sources */,
				E2F11B9E2288D49D0031ABCC /* Coupon.swift in Sources */,
				210B4D85228B541C002EB218 /* signUpView.swift in Sources */,
				210B4D83228B5406002EB218 /* signInView.swift in Sources */,
				E2F11BA02288D49D0031ABCC /* Meal.swift in Sources */,
				E2029CF022836B6D007BA6A1 /* Et3am.xcdatamodeld in Sources */,
				211378A72284F16A0056E5C7 /* AllCouponTableViewCell.swift in Sources */,
				211378A9228623AC0056E5C7 /* UnpublishCouponTableViewController.swift in Sources */,
				210B4D81228B5341002EB218 /* RegisterandLoginViewController.swift in Sources */,
				E2F11BA12288D49D0031ABCC /* Restaurant.swift in Sources */,
				E2029CE822836B6D007BA6A1 /* AppDelegate.swift in Sources */,
				E2F11BA72288E5A50031ABCC /* CopounsRecievedViewController.swift in Sources */,
				E2F11B9F2288D49D0031ABCC /* Fakka.swift in Sources */,
				E2F11B9D2288D49D0031ABCC /* Admin.swift in Sources */,
				E2F11BA82288E5A50031ABCC /* CouponRecievedTableViewCell.swift in Sources */,
				E2F11BA92288E5A50031ABCC /* DonateViewController.swift in Sources */,
			);
			runOnlyForDeploymentPostprocessing = 0;
		};
		E2029CF722836B6E007BA6A1 /* Sources */ = {
			isa = PBXSourcesBuildPhase;
			buildActionMask = 2147483647;
			files = (
				E2029D0022836B6E007BA6A1 /* Et3amTests.swift in Sources */,
			);
			runOnlyForDeploymentPostprocessing = 0;
		};
		E2029D0222836B6E007BA6A1 /* Sources */ = {
			isa = PBXSourcesBuildPhase;
			buildActionMask = 2147483647;
			files = (
				E2029D0B22836B6E007BA6A1 /* Et3amUITests.swift in Sources */,
			);
			runOnlyForDeploymentPostprocessing = 0;
		};
/* End PBXSourcesBuildPhase section */

/* Begin PBXTargetDependency section */
		E2029CFD22836B6E007BA6A1 /* PBXTargetDependency */ = {
			isa = PBXTargetDependency;
			target = E2029CE322836B6C007BA6A1 /* Et3am */;
			targetProxy = E2029CFC22836B6E007BA6A1 /* PBXContainerItemProxy */;
		};
		E2029D0822836B6E007BA6A1 /* PBXTargetDependency */ = {
			isa = PBXTargetDependency;
			target = E2029CE322836B6C007BA6A1 /* Et3am */;
			targetProxy = E2029D0722836B6E007BA6A1 /* PBXContainerItemProxy */;
		};
/* End PBXTargetDependency section */

/* Begin PBXVariantGroup section */
		E2029CEB22836B6D007BA6A1 /* Main.storyboard */ = {
			isa = PBXVariantGroup;
			children = (
				E2029CEC22836B6D007BA6A1 /* Base */,
			);
			name = Main.storyboard;
			sourceTree = "<group>";
		};
		E2029CF322836B6D007BA6A1 /* LaunchScreen.storyboard */ = {
			isa = PBXVariantGroup;
			children = (
				E2029CF422836B6D007BA6A1 /* Base */,
			);
			name = LaunchScreen.storyboard;
			sourceTree = "<group>";
		};
/* End PBXVariantGroup section */

/* Begin XCBuildConfiguration section */
		E2029D0D22836B6E007BA6A1 /* Debug */ = {
			isa = XCBuildConfiguration;
			buildSettings = {
				ALWAYS_SEARCH_USER_PATHS = NO;
				CLANG_ANALYZER_NONNULL = YES;
				CLANG_CXX_LANGUAGE_STANDARD = "gnu++0x";
				CLANG_CXX_LIBRARY = "libc++";
				CLANG_ENABLE_MODULES = YES;
				CLANG_ENABLE_OBJC_ARC = YES;
				CLANG_WARN_BOOL_CONVERSION = YES;
				CLANG_WARN_CONSTANT_CONVERSION = YES;
				CLANG_WARN_DIRECT_OBJC_ISA_USAGE = YES_ERROR;
				CLANG_WARN_DOCUMENTATION_COMMENTS = YES;
				CLANG_WARN_EMPTY_BODY = YES;
				CLANG_WARN_ENUM_CONVERSION = YES;
				CLANG_WARN_INFINITE_RECURSION = YES;
				CLANG_WARN_INT_CONVERSION = YES;
				CLANG_WARN_OBJC_ROOT_CLASS = YES_ERROR;
				CLANG_WARN_SUSPICIOUS_MOVE = YES;
				CLANG_WARN_UNREACHABLE_CODE = YES;
				CLANG_WARN__DUPLICATE_METHOD_MATCH = YES;
				"CODE_SIGN_IDENTITY[sdk=iphoneos*]" = "iPhone Developer";
				COPY_PHASE_STRIP = NO;
				DEBUG_INFORMATION_FORMAT = dwarf;
				ENABLE_STRICT_OBJC_MSGSEND = YES;
				ENABLE_TESTABILITY = YES;
				GCC_C_LANGUAGE_STANDARD = gnu99;
				GCC_DYNAMIC_NO_PIC = NO;
				GCC_NO_COMMON_BLOCKS = YES;
				GCC_OPTIMIZATION_LEVEL = 0;
				GCC_PREPROCESSOR_DEFINITIONS = (
					"DEBUG=1",
					"$(inherited)",
				);
				GCC_WARN_64_TO_32_BIT_CONVERSION = YES;
				GCC_WARN_ABOUT_RETURN_TYPE = YES_ERROR;
				GCC_WARN_UNDECLARED_SELECTOR = YES;
				GCC_WARN_UNINITIALIZED_AUTOS = YES_AGGRESSIVE;
				GCC_WARN_UNUSED_FUNCTION = YES;
				GCC_WARN_UNUSED_VARIABLE = YES;
				IPHONEOS_DEPLOYMENT_TARGET = 10.2;
				MTL_ENABLE_DEBUG_INFO = YES;
				ONLY_ACTIVE_ARCH = YES;
				SDKROOT = iphoneos;
				SWIFT_ACTIVE_COMPILATION_CONDITIONS = DEBUG;
				SWIFT_OPTIMIZATION_LEVEL = "-Onone";
				TARGETED_DEVICE_FAMILY = "1,2";
			};
			name = Debug;
		};
		E2029D0E22836B6E007BA6A1 /* Release */ = {
			isa = XCBuildConfiguration;
			buildSettings = {
				ALWAYS_SEARCH_USER_PATHS = NO;
				CLANG_ANALYZER_NONNULL = YES;
				CLANG_CXX_LANGUAGE_STANDARD = "gnu++0x";
				CLANG_CXX_LIBRARY = "libc++";
				CLANG_ENABLE_MODULES = YES;
				CLANG_ENABLE_OBJC_ARC = YES;
				CLANG_WARN_BOOL_CONVERSION = YES;
				CLANG_WARN_CONSTANT_CONVERSION = YES;
				CLANG_WARN_DIRECT_OBJC_ISA_USAGE = YES_ERROR;
				CLANG_WARN_DOCUMENTATION_COMMENTS = YES;
				CLANG_WARN_EMPTY_BODY = YES;
				CLANG_WARN_ENUM_CONVERSION = YES;
				CLANG_WARN_INFINITE_RECURSION = YES;
				CLANG_WARN_INT_CONVERSION = YES;
				CLANG_WARN_OBJC_ROOT_CLASS = YES_ERROR;
				CLANG_WARN_SUSPICIOUS_MOVE = YES;
				CLANG_WARN_UNREACHABLE_CODE = YES;
				CLANG_WARN__DUPLICATE_METHOD_MATCH = YES;
				"CODE_SIGN_IDENTITY[sdk=iphoneos*]" = "iPhone Developer";
				COPY_PHASE_STRIP = NO;
				DEBUG_INFORMATION_FORMAT = "dwarf-with-dsym";
				ENABLE_NS_ASSERTIONS = NO;
				ENABLE_STRICT_OBJC_MSGSEND = YES;
				GCC_C_LANGUAGE_STANDARD = gnu99;
				GCC_NO_COMMON_BLOCKS = YES;
				GCC_WARN_64_TO_32_BIT_CONVERSION = YES;
				GCC_WARN_ABOUT_RETURN_TYPE = YES_ERROR;
				GCC_WARN_UNDECLARED_SELECTOR = YES;
				GCC_WARN_UNINITIALIZED_AUTOS = YES_AGGRESSIVE;
				GCC_WARN_UNUSED_FUNCTION = YES;
				GCC_WARN_UNUSED_VARIABLE = YES;
				IPHONEOS_DEPLOYMENT_TARGET = 10.2;
				MTL_ENABLE_DEBUG_INFO = NO;
				SDKROOT = iphoneos;
				SWIFT_OPTIMIZATION_LEVEL = "-Owholemodule";
				TARGETED_DEVICE_FAMILY = "1,2";
				VALIDATE_PRODUCT = YES;
			};
			name = Release;
		};
		E2029D1022836B6E007BA6A1 /* Debug */ = {
			isa = XCBuildConfiguration;
			buildSettings = {
				ASSETCATALOG_COMPILER_APPICON_NAME = AppIcon;
				INFOPLIST_FILE = Et3am/Info.plist;
				LD_RUNPATH_SEARCH_PATHS = "$(inherited) @executable_path/Frameworks";
				PRODUCT_BUNDLE_IDENTIFIER = eg.com.iti.Et3am;
				PRODUCT_NAME = "$(TARGET_NAME)";
				SWIFT_VERSION = 3.0;
			};
			name = Debug;
		};
		E2029D1122836B6E007BA6A1 /* Release */ = {
			isa = XCBuildConfiguration;
			buildSettings = {
				ASSETCATALOG_COMPILER_APPICON_NAME = AppIcon;
				INFOPLIST_FILE = Et3am/Info.plist;
				LD_RUNPATH_SEARCH_PATHS = "$(inherited) @executable_path/Frameworks";
				PRODUCT_BUNDLE_IDENTIFIER = eg.com.iti.Et3am;
				PRODUCT_NAME = "$(TARGET_NAME)";
				SWIFT_VERSION = 3.0;
			};
			name = Release;
		};
		E2029D1322836B6E007BA6A1 /* Debug */ = {
			isa = XCBuildConfiguration;
			buildSettings = {
				ALWAYS_EMBED_SWIFT_STANDARD_LIBRARIES = YES;
				BUNDLE_LOADER = "$(TEST_HOST)";
				INFOPLIST_FILE = Et3amTests/Info.plist;
				LD_RUNPATH_SEARCH_PATHS = "$(inherited) @executable_path/Frameworks @loader_path/Frameworks";
				PRODUCT_BUNDLE_IDENTIFIER = eg.com.iti.Et3amTests;
				PRODUCT_NAME = "$(TARGET_NAME)";
				SWIFT_VERSION = 3.0;
				TEST_HOST = "$(BUILT_PRODUCTS_DIR)/Et3am.app/Et3am";
			};
			name = Debug;
		};
		E2029D1422836B6E007BA6A1 /* Release */ = {
			isa = XCBuildConfiguration;
			buildSettings = {
				ALWAYS_EMBED_SWIFT_STANDARD_LIBRARIES = YES;
				BUNDLE_LOADER = "$(TEST_HOST)";
				INFOPLIST_FILE = Et3amTests/Info.plist;
				LD_RUNPATH_SEARCH_PATHS = "$(inherited) @executable_path/Frameworks @loader_path/Frameworks";
				PRODUCT_BUNDLE_IDENTIFIER = eg.com.iti.Et3amTests;
				PRODUCT_NAME = "$(TARGET_NAME)";
				SWIFT_VERSION = 3.0;
				TEST_HOST = "$(BUILT_PRODUCTS_DIR)/Et3am.app/Et3am";
			};
			name = Release;
		};
		E2029D1622836B6E007BA6A1 /* Debug */ = {
			isa = XCBuildConfiguration;
			buildSettings = {
				ALWAYS_EMBED_SWIFT_STANDARD_LIBRARIES = YES;
				INFOPLIST_FILE = Et3amUITests/Info.plist;
				LD_RUNPATH_SEARCH_PATHS = "$(inherited) @executable_path/Frameworks @loader_path/Frameworks";
				PRODUCT_BUNDLE_IDENTIFIER = eg.com.iti.Et3amUITests;
				PRODUCT_NAME = "$(TARGET_NAME)";
				SWIFT_VERSION = 3.0;
				TEST_TARGET_NAME = Et3am;
			};
			name = Debug;
		};
		E2029D1722836B6E007BA6A1 /* Release */ = {
			isa = XCBuildConfiguration;
			buildSettings = {
				ALWAYS_EMBED_SWIFT_STANDARD_LIBRARIES = YES;
				INFOPLIST_FILE = Et3amUITests/Info.plist;
				LD_RUNPATH_SEARCH_PATHS = "$(inherited) @executable_path/Frameworks @loader_path/Frameworks";
				PRODUCT_BUNDLE_IDENTIFIER = eg.com.iti.Et3amUITests;
				PRODUCT_NAME = "$(TARGET_NAME)";
				SWIFT_VERSION = 3.0;
				TEST_TARGET_NAME = Et3am;
			};
			name = Release;
		};
/* End XCBuildConfiguration section */

/* Begin XCConfigurationList section */
		E2029CDF22836B6C007BA6A1 /* Build configuration list for PBXProject "Et3am" */ = {
			isa = XCConfigurationList;
			buildConfigurations = (
				E2029D0D22836B6E007BA6A1 /* Debug */,
				E2029D0E22836B6E007BA6A1 /* Release */,
			);
			defaultConfigurationIsVisible = 0;
			defaultConfigurationName = Release;
		};
		E2029D0F22836B6E007BA6A1 /* Build configuration list for PBXNativeTarget "Et3am" */ = {
			isa = XCConfigurationList;
			buildConfigurations = (
				E2029D1022836B6E007BA6A1 /* Debug */,
				E2029D1122836B6E007BA6A1 /* Release */,
			);
			defaultConfigurationIsVisible = 0;
			defaultConfigurationName = Release;
		};
		E2029D1222836B6E007BA6A1 /* Build configuration list for PBXNativeTarget "Et3amTests" */ = {
			isa = XCConfigurationList;
			buildConfigurations = (
				E2029D1322836B6E007BA6A1 /* Debug */,
				E2029D1422836B6E007BA6A1 /* Release */,
			);
			defaultConfigurationIsVisible = 0;
			defaultConfigurationName = Release;
		};
		E2029D1522836B6E007BA6A1 /* Build configuration list for PBXNativeTarget "Et3amUITests" */ = {
			isa = XCConfigurationList;
			buildConfigurations = (
				E2029D1622836B6E007BA6A1 /* Debug */,
				E2029D1722836B6E007BA6A1 /* Release */,
			);
			defaultConfigurationIsVisible = 0;
			defaultConfigurationName = Release;
		};
/* End XCConfigurationList section */

/* Begin XCVersionGroup section */
		E2029CEE22836B6D007BA6A1 /* Et3am.xcdatamodeld */ = {
			isa = XCVersionGroup;
			children = (
				E2029CEF22836B6D007BA6A1 /* Et3am.xcdatamodel */,
			);
			currentVersion = E2029CEF22836B6D007BA6A1 /* Et3am.xcdatamodel */;
			path = Et3am.xcdatamodeld;
			sourceTree = "<group>";
			versionGroupType = wrapper.xcdatamodel;
		};
/* End XCVersionGroup section */
	};
	rootObject = E2029CDC22836B6C007BA6A1 /* Project object */;
}
